// !$*UTF8*$!
{
	archiveVersion = 1;
	classes = {
	};
	objectVersion = 46;
	objects = {

/* Begin PBXBuildFile section */
		5FBCC958147D3B9200D7C64A /* Cocoa.framework in Frameworks */ = {isa = PBXBuildFile; fileRef = 5FBCC957147D3B9200D7C64A /* Cocoa.framework */; };
		5FBCCA3C147D3C7100D7C64A /* ILIO.cpp in Sources */ = {isa = PBXBuildFile; fileRef = 5FBCC96C147D3C7000D7C64A /* ILIO.cpp */; };
		5FBCCA3D147D3C7100D7C64A /* ILIO.h in Headers */ = {isa = PBXBuildFile; fileRef = 5FBCC96D147D3C7000D7C64A /* ILIO.h */; };
		5FBCCA3E147D3C7100D7C64A /* ImageIterator.h in Headers */ = {isa = PBXBuildFile; fileRef = 5FBCC96E147D3C7000D7C64A /* ImageIterator.h */; };
		5FBCCA3F147D3C7100D7C64A /* ImgBmpFile.cpp in Sources */ = {isa = PBXBuildFile; fileRef = 5FBCC96F147D3C7000D7C64A /* ImgBmpFile.cpp */; };
		5FBCCA40147D3C7100D7C64A /* ImgGifFile.cpp in Sources */ = {isa = PBXBuildFile; fileRef = 5FBCC970147D3C7000D7C64A /* ImgGifFile.cpp */; };
		5FBCCA41147D3C7100D7C64A /* ImgGifFile.h in Headers */ = {isa = PBXBuildFile; fileRef = 5FBCC971147D3C7000D7C64A /* ImgGifFile.h */; };
		5FBCCA42147D3C7100D7C64A /* ImgJpegFile.cpp in Sources */ = {isa = PBXBuildFile; fileRef = 5FBCC972147D3C7000D7C64A /* ImgJpegFile.cpp */; };
		5FBCCA43147D3C7100D7C64A /* ImgJpegFile.h in Headers */ = {isa = PBXBuildFile; fileRef = 5FBCC973147D3C7000D7C64A /* ImgJpegFile.h */; };
		5FBCCA44147D3C7100D7C64A /* ImgPngFile.cpp in Sources */ = {isa = PBXBuildFile; fileRef = 5FBCC974147D3C7000D7C64A /* ImgPngFile.cpp */; };
		5FBCCA45147D3C7100D7C64A /* ImgPngFile.h in Headers */ = {isa = PBXBuildFile; fileRef = 5FBCC975147D3C7000D7C64A /* ImgPngFile.h */; };
		5FBCCA46147D3C7100D7C64A /* jcapimin.c in Sources */ = {isa = PBXBuildFile; fileRef = 5FBCC979147D3C7000D7C64A /* jcapimin.c */; };
		5FBCCA47147D3C7100D7C64A /* jcapistd.c in Sources */ = {isa = PBXBuildFile; fileRef = 5FBCC97A147D3C7000D7C64A /* jcapistd.c */; };
		5FBCCA48147D3C7100D7C64A /* jccoefct.c in Sources */ = {isa = PBXBuildFile; fileRef = 5FBCC97B147D3C7000D7C64A /* jccoefct.c */; };
		5FBCCA49147D3C7100D7C64A /* jccolor.c in Sources */ = {isa = PBXBuildFile; fileRef = 5FBCC97C147D3C7000D7C64A /* jccolor.c */; };
		5FBCCA4A147D3C7100D7C64A /* jcdctmgr.c in Sources */ = {isa = PBXBuildFile; fileRef = 5FBCC97D147D3C7000D7C64A /* jcdctmgr.c */; };
		5FBCCA4B147D3C7100D7C64A /* jchuff.c in Sources */ = {isa = PBXBuildFile; fileRef = 5FBCC97E147D3C7000D7C64A /* jchuff.c */; };
		5FBCCA4C147D3C7100D7C64A /* jchuff.h in Headers */ = {isa = PBXBuildFile; fileRef = 5FBCC97F147D3C7000D7C64A /* jchuff.h */; };
		5FBCCA4D147D3C7100D7C64A /* jcinit.c in Sources */ = {isa = PBXBuildFile; fileRef = 5FBCC980147D3C7000D7C64A /* jcinit.c */; };
		5FBCCA4E147D3C7100D7C64A /* jcmainct.c in Sources */ = {isa = PBXBuildFile; fileRef = 5FBCC981147D3C7000D7C64A /* jcmainct.c */; };
		5FBCCA4F147D3C7100D7C64A /* jcmarker.c in Sources */ = {isa = PBXBuildFile; fileRef = 5FBCC982147D3C7000D7C64A /* jcmarker.c */; };
		5FBCCA50147D3C7100D7C64A /* jcmaster.c in Sources */ = {isa = PBXBuildFile; fileRef = 5FBCC983147D3C7000D7C64A /* jcmaster.c */; };
		5FBCCA51147D3C7100D7C64A /* jcomapi.c in Sources */ = {isa = PBXBuildFile; fileRef = 5FBCC984147D3C7000D7C64A /* jcomapi.c */; };
		5FBCCA52147D3C7100D7C64A /* jconfig.h in Headers */ = {isa = PBXBuildFile; fileRef = 5FBCC985147D3C7000D7C64A /* jconfig.h */; };
		5FBCCA53147D3C7100D7C64A /* jcparam.c in Sources */ = {isa = PBXBuildFile; fileRef = 5FBCC986147D3C7000D7C64A /* jcparam.c */; };
		5FBCCA54147D3C7100D7C64A /* jcphuff.c in Sources */ = {isa = PBXBuildFile; fileRef = 5FBCC987147D3C7000D7C64A /* jcphuff.c */; };
		5FBCCA55147D3C7100D7C64A /* jcprepct.c in Sources */ = {isa = PBXBuildFile; fileRef = 5FBCC988147D3C7000D7C64A /* jcprepct.c */; };
		5FBCCA56147D3C7100D7C64A /* jcsample.c in Sources */ = {isa = PBXBuildFile; fileRef = 5FBCC989147D3C7000D7C64A /* jcsample.c */; };
		5FBCCA57147D3C7100D7C64A /* jctrans.c in Sources */ = {isa = PBXBuildFile; fileRef = 5FBCC98A147D3C7000D7C64A /* jctrans.c */; };
		5FBCCA58147D3C7100D7C64A /* jdapimin.c in Sources */ = {isa = PBXBuildFile; fileRef = 5FBCC98B147D3C7000D7C64A /* jdapimin.c */; };
		5FBCCA59147D3C7100D7C64A /* jdapistd.c in Sources */ = {isa = PBXBuildFile; fileRef = 5FBCC98C147D3C7000D7C64A /* jdapistd.c */; };
		5FBCCA5A147D3C7100D7C64A /* jdatadst.c in Sources */ = {isa = PBXBuildFile; fileRef = 5FBCC98D147D3C7000D7C64A /* jdatadst.c */; };
		5FBCCA5B147D3C7100D7C64A /* jdatasrc.c in Sources */ = {isa = PBXBuildFile; fileRef = 5FBCC98E147D3C7000D7C64A /* jdatasrc.c */; };
		5FBCCA5C147D3C7100D7C64A /* jdcoefct.c in Sources */ = {isa = PBXBuildFile; fileRef = 5FBCC98F147D3C7000D7C64A /* jdcoefct.c */; };
		5FBCCA5D147D3C7100D7C64A /* jdcolor.c in Sources */ = {isa = PBXBuildFile; fileRef = 5FBCC990147D3C7000D7C64A /* jdcolor.c */; };
		5FBCCA5E147D3C7100D7C64A /* jdct.h in Headers */ = {isa = PBXBuildFile; fileRef = 5FBCC991147D3C7000D7C64A /* jdct.h */; };
		5FBCCA5F147D3C7100D7C64A /* jddctmgr.c in Sources */ = {isa = PBXBuildFile; fileRef = 5FBCC992147D3C7000D7C64A /* jddctmgr.c */; };
		5FBCCA60147D3C7100D7C64A /* jdhuff.c in Sources */ = {isa = PBXBuildFile; fileRef = 5FBCC993147D3C7000D7C64A /* jdhuff.c */; };
		5FBCCA61147D3C7100D7C64A /* jdhuff.h in Headers */ = {isa = PBXBuildFile; fileRef = 5FBCC994147D3C7000D7C64A /* jdhuff.h */; };
		5FBCCA62147D3C7100D7C64A /* jdinput.c in Sources */ = {isa = PBXBuildFile; fileRef = 5FBCC995147D3C7000D7C64A /* jdinput.c */; };
		5FBCCA63147D3C7100D7C64A /* jdmainct.c in Sources */ = {isa = PBXBuildFile; fileRef = 5FBCC996147D3C7000D7C64A /* jdmainct.c */; };
		5FBCCA64147D3C7100D7C64A /* jdmarker.c in Sources */ = {isa = PBXBuildFile; fileRef = 5FBCC997147D3C7000D7C64A /* jdmarker.c */; };
		5FBCCA65147D3C7100D7C64A /* jdmaster.c in Sources */ = {isa = PBXBuildFile; fileRef = 5FBCC998147D3C7000D7C64A /* jdmaster.c */; };
		5FBCCA66147D3C7100D7C64A /* jdmerge.c in Sources */ = {isa = PBXBuildFile; fileRef = 5FBCC999147D3C7000D7C64A /* jdmerge.c */; };
		5FBCCA67147D3C7100D7C64A /* jdphuff.c in Sources */ = {isa = PBXBuildFile; fileRef = 5FBCC99A147D3C7000D7C64A /* jdphuff.c */; };
		5FBCCA68147D3C7100D7C64A /* jdpostct.c in Sources */ = {isa = PBXBuildFile; fileRef = 5FBCC99B147D3C7000D7C64A /* jdpostct.c */; };
		5FBCCA69147D3C7100D7C64A /* jdsample.c in Sources */ = {isa = PBXBuildFile; fileRef = 5FBCC99C147D3C7000D7C64A /* jdsample.c */; };
		5FBCCA6A147D3C7100D7C64A /* jdtrans.c in Sources */ = {isa = PBXBuildFile; fileRef = 5FBCC99D147D3C7000D7C64A /* jdtrans.c */; };
		5FBCCA6B147D3C7100D7C64A /* jerror.c in Sources */ = {isa = PBXBuildFile; fileRef = 5FBCC99E147D3C7000D7C64A /* jerror.c */; };
		5FBCCA6C147D3C7100D7C64A /* jerror.h in Headers */ = {isa = PBXBuildFile; fileRef = 5FBCC99F147D3C7000D7C64A /* jerror.h */; };
		5FBCCA6D147D3C7100D7C64A /* jfdctflt.c in Sources */ = {isa = PBXBuildFile; fileRef = 5FBCC9A0147D3C7000D7C64A /* jfdctflt.c */; };
		5FBCCA6E147D3C7100D7C64A /* jfdctfst.c in Sources */ = {isa = PBXBuildFile; fileRef = 5FBCC9A1147D3C7000D7C64A /* jfdctfst.c */; };
		5FBCCA6F147D3C7100D7C64A /* jfdctint.c in Sources */ = {isa = PBXBuildFile; fileRef = 5FBCC9A2147D3C7000D7C64A /* jfdctint.c */; };
		5FBCCA70147D3C7100D7C64A /* jidctflt.c in Sources */ = {isa = PBXBuildFile; fileRef = 5FBCC9A3147D3C7000D7C64A /* jidctflt.c */; };
		5FBCCA71147D3C7100D7C64A /* jidctfst.c in Sources */ = {isa = PBXBuildFile; fileRef = 5FBCC9A4147D3C7000D7C64A /* jidctfst.c */; };
		5FBCCA72147D3C7100D7C64A /* jidctint.c in Sources */ = {isa = PBXBuildFile; fileRef = 5FBCC9A5147D3C7000D7C64A /* jidctint.c */; };
		5FBCCA73147D3C7100D7C64A /* jidctred.c in Sources */ = {isa = PBXBuildFile; fileRef = 5FBCC9A6147D3C7000D7C64A /* jidctred.c */; };
		5FBCCA74147D3C7100D7C64A /* jinclude.h in Headers */ = {isa = PBXBuildFile; fileRef = 5FBCC9A7147D3C7000D7C64A /* jinclude.h */; };
		5FBCCA75147D3C7100D7C64A /* jmemmgr.c in Sources */ = {isa = PBXBuildFile; fileRef = 5FBCC9A8147D3C7000D7C64A /* jmemmgr.c */; };
		5FBCCA76147D3C7100D7C64A /* jmemnobs.c in Sources */ = {isa = PBXBuildFile; fileRef = 5FBCC9A9147D3C7000D7C64A /* jmemnobs.c */; };
		5FBCCA77147D3C7100D7C64A /* jmemsys.h in Headers */ = {isa = PBXBuildFile; fileRef = 5FBCC9AA147D3C7000D7C64A /* jmemsys.h */; };
		5FBCCA78147D3C7100D7C64A /* jmorecfg.h in Headers */ = {isa = PBXBuildFile; fileRef = 5FBCC9AB147D3C7000D7C64A /* jmorecfg.h */; };
		5FBCCA79147D3C7100D7C64A /* jpegint.h in Headers */ = {isa = PBXBuildFile; fileRef = 5FBCC9AE147D3C7000D7C64A /* jpegint.h */; };
		5FBCCA7A147D3C7100D7C64A /* jpeglib.h in Headers */ = {isa = PBXBuildFile; fileRef = 5FBCC9AF147D3C7000D7C64A /* jpeglib.h */; };
		5FBCCA7B147D3C7100D7C64A /* jquant1.c in Sources */ = {isa = PBXBuildFile; fileRef = 5FBCC9B0147D3C7000D7C64A /* jquant1.c */; };
		5FBCCA7C147D3C7100D7C64A /* jquant2.c in Sources */ = {isa = PBXBuildFile; fileRef = 5FBCC9B1147D3C7000D7C64A /* jquant2.c */; };
		5FBCCA7D147D3C7100D7C64A /* jutils.c in Sources */ = {isa = PBXBuildFile; fileRef = 5FBCC9B2147D3C7000D7C64A /* jutils.c */; };
		5FBCCA7E147D3C7100D7C64A /* jversion.h in Headers */ = {isa = PBXBuildFile; fileRef = 5FBCC9B3147D3C7000D7C64A /* jversion.h */; };
		5FBCCA96147D3C7100D7C64A /* png.c in Sources */ = {isa = PBXBuildFile; fileRef = 5FBCCA19147D3C7100D7C64A /* png.c */; };
		5FBCCA97147D3C7100D7C64A /* png.h in Headers */ = {isa = PBXBuildFile; fileRef = 5FBCCA1A147D3C7100D7C64A /* png.h */; };
		5FBCCA98147D3C7100D7C64A /* pngconf.h in Headers */ = {isa = PBXBuildFile; fileRef = 5FBCCA1D147D3C7100D7C64A /* pngconf.h */; };
		5FBCCA99147D3C7100D7C64A /* pngdebug.h in Headers */ = {isa = PBXBuildFile; fileRef = 5FBCCA1E147D3C7100D7C64A /* pngdebug.h */; };
		5FBCCA9A147D3C7100D7C64A /* pngerror.c in Sources */ = {isa = PBXBuildFile; fileRef = 5FBCCA1F147D3C7100D7C64A /* pngerror.c */; };
		5FBCCA9B147D3C7100D7C64A /* pngget.c in Sources */ = {isa = PBXBuildFile; fileRef = 5FBCCA20147D3C7100D7C64A /* pngget.c */; };
		5FBCCA9C147D3C7100D7C64A /* pnginfo.h in Headers */ = {isa = PBXBuildFile; fileRef = 5FBCCA21147D3C7100D7C64A /* pnginfo.h */; };
		5FBCCA9D147D3C7100D7C64A /* pnglibconf.h in Headers */ = {isa = PBXBuildFile; fileRef = 5FBCCA22147D3C7100D7C64A /* pnglibconf.h */; };
		5FBCCA9E147D3C7100D7C64A /* pngmem.c in Sources */ = {isa = PBXBuildFile; fileRef = 5FBCCA23147D3C7100D7C64A /* pngmem.c */; };
		5FBCCA9F147D3C7100D7C64A /* pngpread.c in Sources */ = {isa = PBXBuildFile; fileRef = 5FBCCA25147D3C7100D7C64A /* pngpread.c */; };
		5FBCCAA0147D3C7100D7C64A /* pngpriv.h in Headers */ = {isa = PBXBuildFile; fileRef = 5FBCCA26147D3C7100D7C64A /* pngpriv.h */; };
		5FBCCAA1147D3C7100D7C64A /* pngread.c in Sources */ = {isa = PBXBuildFile; fileRef = 5FBCCA27147D3C7100D7C64A /* pngread.c */; };
		5FBCCAA2147D3C7100D7C64A /* pngrio.c in Sources */ = {isa = PBXBuildFile; fileRef = 5FBCCA28147D3C7100D7C64A /* pngrio.c */; };
		5FBCCAA3147D3C7100D7C64A /* pngrtran.c in Sources */ = {isa = PBXBuildFile; fileRef = 5FBCCA29147D3C7100D7C64A /* pngrtran.c */; };
		5FBCCAA4147D3C7100D7C64A /* pngrutil.c in Sources */ = {isa = PBXBuildFile; fileRef = 5FBCCA2A147D3C7100D7C64A /* pngrutil.c */; };
		5FBCCAA5147D3C7100D7C64A /* pngset.c in Sources */ = {isa = PBXBuildFile; fileRef = 5FBCCA2B147D3C7100D7C64A /* pngset.c */; };
		5FBCCAA6147D3C7100D7C64A /* pngstruct.h in Headers */ = {isa = PBXBuildFile; fileRef = 5FBCCA2C147D3C7100D7C64A /* pngstruct.h */; };
		5FBCCAA8147D3C7100D7C64A /* pngtrans.c in Sources */ = {isa = PBXBuildFile; fileRef = 5FBCCA2F147D3C7100D7C64A /* pngtrans.c */; };
		5FBCCAA9147D3C7100D7C64A /* pngvalid.c in Sources */ = {isa = PBXBuildFile; fileRef = 5FBCCA30147D3C7100D7C64A /* pngvalid.c */; };
		5FBCCAAA147D3C7100D7C64A /* pngwio.c in Sources */ = {isa = PBXBuildFile; fileRef = 5FBCCA31147D3C7100D7C64A /* pngwio.c */; };
		5FBCCAAB147D3C7100D7C64A /* pngwrite.c in Sources */ = {isa = PBXBuildFile; fileRef = 5FBCCA32147D3C7100D7C64A /* pngwrite.c */; };
		5FBCCAAC147D3C7100D7C64A /* pngwtran.c in Sources */ = {isa = PBXBuildFile; fileRef = 5FBCCA33147D3C7100D7C64A /* pngwtran.c */; };
		5FBCCAAD147D3C7100D7C64A /* pngwutil.c in Sources */ = {isa = PBXBuildFile; fileRef = 5FBCCA34147D3C7100D7C64A /* pngwutil.c */; };
		5FBCCAAE147D3C7100D7C64A /* RawImageData.cpp in Sources */ = {isa = PBXBuildFile; fileRef = 5FBCCA39147D3C7100D7C64A /* RawImageData.cpp */; };
		5FBCCAAF147D3C7100D7C64A /* RawImageData.h in Headers */ = {isa = PBXBuildFile; fileRef = 5FBCCA3A147D3C7100D7C64A /* RawImageData.h */; };
		5FBCCAB0147D3C7100D7C64A /* StdAfx.h in Headers */ = {isa = PBXBuildFile; fileRef = 5FBCCA3B147D3C7100D7C64A /* StdAfx.h */; };
/* End PBXBuildFile section */

/* Begin PBXFileReference section */
		5FBCC954147D3B9200D7C64A /* libImageLibMac.a */ = {isa = PBXFileReference; explicitFileType = archive.ar; includeInIndex = 0; path = libImageLibMac.a; sourceTree = BUILT_PRODUCTS_DIR; };
		5FBCC957147D3B9200D7C64A /* Cocoa.framework */ = {isa = PBXFileReference; lastKnownFileType = wrapper.framework; name = Cocoa.framework; path = System/Library/Frameworks/Cocoa.framework; sourceTree = SDKROOT; };
		5FBCC95A147D3B9200D7C64A /* AppKit.framework */ = {isa = PBXFileReference; lastKnownFileType = wrapper.framework; name = AppKit.framework; path = System/Library/Frameworks/AppKit.framework; sourceTree = SDKROOT; };
		5FBCC95B147D3B9200D7C64A /* CoreData.framework */ = {isa = PBXFileReference; lastKnownFileType = wrapper.framework; name = CoreData.framework; path = System/Library/Frameworks/CoreData.framework; sourceTree = SDKROOT; };
		5FBCC95C147D3B9200D7C64A /* Foundation.framework */ = {isa = PBXFileReference; lastKnownFileType = wrapper.framework; name = Foundation.framework; path = System/Library/Frameworks/Foundation.framework; sourceTree = SDKROOT; };
		5FBCC96C147D3C7000D7C64A /* ILIO.cpp */ = {isa = PBXFileReference; fileEncoding = 4; lastKnownFileType = sourcecode.cpp.cpp; path = ILIO.cpp; sourceTree = SOURCE_ROOT; };
		5FBCC96D147D3C7000D7C64A /* ILIO.h */ = {isa = PBXFileReference; fileEncoding = 4; lastKnownFileType = sourcecode.c.h; path = ILIO.h; sourceTree = SOURCE_ROOT; };
		5FBCC96E147D3C7000D7C64A /* ImageIterator.h */ = {isa = PBXFileReference; fileEncoding = 4; lastKnownFileType = sourcecode.c.h; path = ImageIterator.h; sourceTree = SOURCE_ROOT; };
		5FBCC96F147D3C7000D7C64A /* ImgBmpFile.cpp */ = {isa = PBXFileReference; fileEncoding = 4; lastKnownFileType = sourcecode.cpp.cpp; path = ImgBmpFile.cpp; sourceTree = SOURCE_ROOT; };
		5FBCC970147D3C7000D7C64A /* ImgGifFile.cpp */ = {isa = PBXFileReference; fileEncoding = 4; lastKnownFileType = sourcecode.cpp.cpp; path = ImgGifFile.cpp; sourceTree = SOURCE_ROOT; };
		5FBCC971147D3C7000D7C64A /* ImgGifFile.h */ = {isa = PBXFileReference; fileEncoding = 4; lastKnownFileType = sourcecode.c.h; path = ImgGifFile.h; sourceTree = SOURCE_ROOT; };
		5FBCC972147D3C7000D7C64A /* ImgJpegFile.cpp */ = {isa = PBXFileReference; fileEncoding = 4; lastKnownFileType = sourcecode.cpp.cpp; path = ImgJpegFile.cpp; sourceTree = SOURCE_ROOT; };
		5FBCC973147D3C7000D7C64A /* ImgJpegFile.h */ = {isa = PBXFileReference; fileEncoding = 4; lastKnownFileType = sourcecode.c.h; path = ImgJpegFile.h; sourceTree = SOURCE_ROOT; };
		5FBCC974147D3C7000D7C64A /* ImgPngFile.cpp */ = {isa = PBXFileReference; fileEncoding = 4; lastKnownFileType = sourcecode.cpp.cpp; path = ImgPngFile.cpp; sourceTree = SOURCE_ROOT; };
		5FBCC975147D3C7000D7C64A /* ImgPngFile.h */ = {isa = PBXFileReference; fileEncoding = 4; lastKnownFileType = sourcecode.c.h; path = ImgPngFile.h; sourceTree = SOURCE_ROOT; };
		5FBCC977147D3C7000D7C64A /* change.log */ = {isa = PBXFileReference; fileEncoding = 4; lastKnownFileType = text; path = change.log; sourceTree = "<group>"; };
		5FBCC978147D3C7000D7C64A /* filelist.txt */ = {isa = PBXFileReference; fileEncoding = 4; lastKnownFileType = text; path = filelist.txt; sourceTree = "<group>"; };
		5FBCC979147D3C7000D7C64A /* jcapimin.c */ = {isa = PBXFileReference; fileEncoding = 4; lastKnownFileType = sourcecode.c.c; path = jcapimin.c; sourceTree = "<group>"; };
		5FBCC97A147D3C7000D7C64A /* jcapistd.c */ = {isa = PBXFileReference; fileEncoding = 4; lastKnownFileType = sourcecode.c.c; path = jcapistd.c; sourceTree = "<group>"; };
		5FBCC97B147D3C7000D7C64A /* jccoefct.c */ = {isa = PBXFileReference; fileEncoding = 4; lastKnownFileType = sourcecode.c.c; path = jccoefct.c; sourceTree = "<group>"; };
		5FBCC97C147D3C7000D7C64A /* jccolor.c */ = {isa = PBXFileReference; fileEncoding = 4; lastKnownFileType = sourcecode.c.c; path = jccolor.c; sourceTree = "<group>"; };
		5FBCC97D147D3C7000D7C64A /* jcdctmgr.c */ = {isa = PBXFileReference; fileEncoding = 4; lastKnownFileType = sourcecode.c.c; path = jcdctmgr.c; sourceTree = "<group>"; };
		5FBCC97E147D3C7000D7C64A /* jchuff.c */ = {isa = PBXFileReference; fileEncoding = 4; lastKnownFileType = sourcecode.c.c; path = jchuff.c; sourceTree = "<group>"; };
		5FBCC97F147D3C7000D7C64A /* jchuff.h */ = {isa = PBXFileReference; fileEncoding = 4; lastKnownFileType = sourcecode.c.h; path = jchuff.h; sourceTree = "<group>"; };
		5FBCC980147D3C7000D7C64A /* jcinit.c */ = {isa = PBXFileReference; fileEncoding = 4; lastKnownFileType = sourcecode.c.c; path = jcinit.c; sourceTree = "<group>"; };
		5FBCC981147D3C7000D7C64A /* jcmainct.c */ = {isa = PBXFileReference; fileEncoding = 4; lastKnownFileType = sourcecode.c.c; path = jcmainct.c; sourceTree = "<group>"; };
		5FBCC982147D3C7000D7C64A /* jcmarker.c */ = {isa = PBXFileReference; fileEncoding = 4; lastKnownFileType = sourcecode.c.c; path = jcmarker.c; sourceTree = "<group>"; };
		5FBCC983147D3C7000D7C64A /* jcmaster.c */ = {isa = PBXFileReference; fileEncoding = 4; lastKnownFileType = sourcecode.c.c; path = jcmaster.c; sourceTree = "<group>"; };
		5FBCC984147D3C7000D7C64A /* jcomapi.c */ = {isa = PBXFileReference; fileEncoding = 4; lastKnownFileType = sourcecode.c.c; path = jcomapi.c; sourceTree = "<group>"; };
		5FBCC985147D3C7000D7C64A /* jconfig.h */ = {isa = PBXFileReference; fileEncoding = 4; lastKnownFileType = sourcecode.c.h; path = jconfig.h; sourceTree = "<group>"; };
		5FBCC986147D3C7000D7C64A /* jcparam.c */ = {isa = PBXFileReference; fileEncoding = 4; lastKnownFileType = sourcecode.c.c; path = jcparam.c; sourceTree = "<group>"; };
		5FBCC987147D3C7000D7C64A /* jcphuff.c */ = {isa = PBXFileReference; fileEncoding = 4; lastKnownFileType = sourcecode.c.c; path = jcphuff.c; sourceTree = "<group>"; };
		5FBCC988147D3C7000D7C64A /* jcprepct.c */ = {isa = PBXFileReference; fileEncoding = 4; lastKnownFileType = sourcecode.c.c; path = jcprepct.c; sourceTree = "<group>"; };
		5FBCC989147D3C7000D7C64A /* jcsample.c */ = {isa = PBXFileReference; fileEncoding = 4; lastKnownFileType = sourcecode.c.c; path = jcsample.c; sourceTree = "<group>"; };
		5FBCC98A147D3C7000D7C64A /* jctrans.c */ = {isa = PBXFileReference; fileEncoding = 4; lastKnownFileType = sourcecode.c.c; path = jctrans.c; sourceTree = "<group>"; };
		5FBCC98B147D3C7000D7C64A /* jdapimin.c */ = {isa = PBXFileReference; fileEncoding = 4; lastKnownFileType = sourcecode.c.c; path = jdapimin.c; sourceTree = "<group>"; };
		5FBCC98C147D3C7000D7C64A /* jdapistd.c */ = {isa = PBXFileReference; fileEncoding = 4; lastKnownFileType = sourcecode.c.c; path = jdapistd.c; sourceTree = "<group>"; };
		5FBCC98D147D3C7000D7C64A /* jdatadst.c */ = {isa = PBXFileReference; fileEncoding = 4; lastKnownFileType = sourcecode.c.c; path = jdatadst.c; sourceTree = "<group>"; };
		5FBCC98E147D3C7000D7C64A /* jdatasrc.c */ = {isa = PBXFileReference; fileEncoding = 4; lastKnownFileType = sourcecode.c.c; path = jdatasrc.c; sourceTree = "<group>"; };
		5FBCC98F147D3C7000D7C64A /* jdcoefct.c */ = {isa = PBXFileReference; fileEncoding = 4; lastKnownFileType = sourcecode.c.c; path = jdcoefct.c; sourceTree = "<group>"; };
		5FBCC990147D3C7000D7C64A /* jdcolor.c */ = {isa = PBXFileReference; fileEncoding = 4; lastKnownFileType = sourcecode.c.c; path = jdcolor.c; sourceTree = "<group>"; };
		5FBCC991147D3C7000D7C64A /* jdct.h */ = {isa = PBXFileReference; fileEncoding = 4; lastKnownFileType = sourcecode.c.h; path = jdct.h; sourceTree = "<group>"; };
		5FBCC992147D3C7000D7C64A /* jddctmgr.c */ = {isa = PBXFileReference; fileEncoding = 4; lastKnownFileType = sourcecode.c.c; path = jddctmgr.c; sourceTree = "<group>"; };
		5FBCC993147D3C7000D7C64A /* jdhuff.c */ = {isa = PBXFileReference; fileEncoding = 4; lastKnownFileType = sourcecode.c.c; path = jdhuff.c; sourceTree = "<group>"; };
		5FBCC994147D3C7000D7C64A /* jdhuff.h */ = {isa = PBXFileReference; fileEncoding = 4; lastKnownFileType = sourcecode.c.h; path = jdhuff.h; sourceTree = "<group>"; };
		5FBCC995147D3C7000D7C64A /* jdinput.c */ = {isa = PBXFileReference; fileEncoding = 4; lastKnownFileType = sourcecode.c.c; path = jdinput.c; sourceTree = "<group>"; };
		5FBCC996147D3C7000D7C64A /* jdmainct.c */ = {isa = PBXFileReference; fileEncoding = 4; lastKnownFileType = sourcecode.c.c; path = jdmainct.c; sourceTree = "<group>"; };
		5FBCC997147D3C7000D7C64A /* jdmarker.c */ = {isa = PBXFileReference; fileEncoding = 4; lastKnownFileType = sourcecode.c.c; path = jdmarker.c; sourceTree = "<group>"; };
		5FBCC998147D3C7000D7C64A /* jdmaster.c */ = {isa = PBXFileReference; fileEncoding = 4; lastKnownFileType = sourcecode.c.c; path = jdmaster.c; sourceTree = "<group>"; };
		5FBCC999147D3C7000D7C64A /* jdmerge.c */ = {isa = PBXFileReference; fileEncoding = 4; lastKnownFileType = sourcecode.c.c; path = jdmerge.c; sourceTree = "<group>"; };
		5FBCC99A147D3C7000D7C64A /* jdphuff.c */ = {isa = PBXFileReference; fileEncoding = 4; lastKnownFileType = sourcecode.c.c; path = jdphuff.c; sourceTree = "<group>"; };
		5FBCC99B147D3C7000D7C64A /* jdpostct.c */ = {isa = PBXFileReference; fileEncoding = 4; lastKnownFileType = sourcecode.c.c; path = jdpostct.c; sourceTree = "<group>"; };
		5FBCC99C147D3C7000D7C64A /* jdsample.c */ = {isa = PBXFileReference; fileEncoding = 4; lastKnownFileType = sourcecode.c.c; path = jdsample.c; sourceTree = "<group>"; };
		5FBCC99D147D3C7000D7C64A /* jdtrans.c */ = {isa = PBXFileReference; fileEncoding = 4; lastKnownFileType = sourcecode.c.c; path = jdtrans.c; sourceTree = "<group>"; };
		5FBCC99E147D3C7000D7C64A /* jerror.c */ = {isa = PBXFileReference; fileEncoding = 4; lastKnownFileType = sourcecode.c.c; path = jerror.c; sourceTree = "<group>"; };
		5FBCC99F147D3C7000D7C64A /* jerror.h */ = {isa = PBXFileReference; fileEncoding = 4; lastKnownFileType = sourcecode.c.h; path = jerror.h; sourceTree = "<group>"; };
		5FBCC9A0147D3C7000D7C64A /* jfdctflt.c */ = {isa = PBXFileReference; fileEncoding = 4; lastKnownFileType = sourcecode.c.c; path = jfdctflt.c; sourceTree = "<group>"; };
		5FBCC9A1147D3C7000D7C64A /* jfdctfst.c */ = {isa = PBXFileReference; fileEncoding = 4; lastKnownFileType = sourcecode.c.c; path = jfdctfst.c; sourceTree = "<group>"; };
		5FBCC9A2147D3C7000D7C64A /* jfdctint.c */ = {isa = PBXFileReference; fileEncoding = 4; lastKnownFileType = sourcecode.c.c; path = jfdctint.c; sourceTree = "<group>"; };
		5FBCC9A3147D3C7000D7C64A /* jidctflt.c */ = {isa = PBXFileReference; fileEncoding = 4; lastKnownFileType = sourcecode.c.c; path = jidctflt.c; sourceTree = "<group>"; };
		5FBCC9A4147D3C7000D7C64A /* jidctfst.c */ = {isa = PBXFileReference; fileEncoding = 4; lastKnownFileType = sourcecode.c.c; path = jidctfst.c; sourceTree = "<group>"; };
		5FBCC9A5147D3C7000D7C64A /* jidctint.c */ = {isa = PBXFileReference; fileEncoding = 4; lastKnownFileType = sourcecode.c.c; path = jidctint.c; sourceTree = "<group>"; };
		5FBCC9A6147D3C7000D7C64A /* jidctred.c */ = {isa = PBXFileReference; fileEncoding = 4; lastKnownFileType = sourcecode.c.c; path = jidctred.c; sourceTree = "<group>"; };
		5FBCC9A7147D3C7000D7C64A /* jinclude.h */ = {isa = PBXFileReference; fileEncoding = 4; lastKnownFileType = sourcecode.c.h; path = jinclude.h; sourceTree = "<group>"; };
		5FBCC9A8147D3C7000D7C64A /* jmemmgr.c */ = {isa = PBXFileReference; fileEncoding = 4; lastKnownFileType = sourcecode.c.c; path = jmemmgr.c; sourceTree = "<group>"; };
		5FBCC9A9147D3C7000D7C64A /* jmemnobs.c */ = {isa = PBXFileReference; fileEncoding = 4; lastKnownFileType = sourcecode.c.c; path = jmemnobs.c; sourceTree = "<group>"; };
		5FBCC9AA147D3C7000D7C64A /* jmemsys.h */ = {isa = PBXFileReference; fileEncoding = 4; lastKnownFileType = sourcecode.c.h; path = jmemsys.h; sourceTree = "<group>"; };
		5FBCC9AB147D3C7000D7C64A /* jmorecfg.h */ = {isa = PBXFileReference; fileEncoding = 4; lastKnownFileType = sourcecode.c.h; path = jmorecfg.h; sourceTree = "<group>"; };
		5FBCC9AE147D3C7000D7C64A /* jpegint.h */ = {isa = PBXFileReference; fileEncoding = 4; lastKnownFileType = sourcecode.c.h; path = jpegint.h; sourceTree = "<group>"; };
		5FBCC9AF147D3C7000D7C64A /* jpeglib.h */ = {isa = PBXFileReference; fileEncoding = 4; lastKnownFileType = sourcecode.c.h; path = jpeglib.h; sourceTree = "<group>"; };
		5FBCC9B0147D3C7000D7C64A /* jquant1.c */ = {isa = PBXFileReference; fileEncoding = 4; lastKnownFileType = sourcecode.c.c; path = jquant1.c; sourceTree = "<group>"; };
		5FBCC9B1147D3C7000D7C64A /* jquant2.c */ = {isa = PBXFileReference; fileEncoding = 4; lastKnownFileType = sourcecode.c.c; path = jquant2.c; sourceTree = "<group>"; };
		5FBCC9B2147D3C7000D7C64A /* jutils.c */ = {isa = PBXFileReference; fileEncoding = 4; lastKnownFileType = sourcecode.c.c; path = jutils.c; sourceTree = "<group>"; };
		5FBCC9B3147D3C7000D7C64A /* jversion.h */ = {isa = PBXFileReference; fileEncoding = 4; lastKnownFileType = sourcecode.c.h; path = jversion.h; sourceTree = "<group>"; };
		5FBCC9B6147D3C7100D7C64A /* Readme.txt */ = {isa = PBXFileReference; fileEncoding = 4; lastKnownFileType = text; path = Readme.txt; sourceTree = "<group>"; };
		5FBCCA19147D3C7100D7C64A /* png.c */ = {isa = PBXFileReference; fileEncoding = 4; lastKnownFileType = sourcecode.c.c; path = png.c; sourceTree = "<group>"; };
		5FBCCA1A147D3C7100D7C64A /* png.h */ = {isa = PBXFileReference; fileEncoding = 4; lastKnownFileType = sourcecode.c.h; path = png.h; sourceTree = "<group>"; };
		5FBCCA1D147D3C7100D7C64A /* pngconf.h */ = {isa = PBXFileReference; fileEncoding = 4; lastKnownFileType = sourcecode.c.h; path = pngconf.h; sourceTree = "<group>"; };
		5FBCCA1E147D3C7100D7C64A /* pngdebug.h */ = {isa = PBXFileReference; fileEncoding = 4; lastKnownFileType = sourcecode.c.h; path = pngdebug.h; sourceTree = "<group>"; };
		5FBCCA1F147D3C7100D7C64A /* pngerror.c */ = {isa = PBXFileReference; fileEncoding = 4; lastKnownFileType = sourcecode.c.c; path = pngerror.c; sourceTree = "<group>"; };
		5FBCCA20147D3C7100D7C64A /* pngget.c */ = {isa = PBXFileReference; fileEncoding = 4; lastKnownFileType = sourcecode.c.c; path = pngget.c; sourceTree = "<group>"; };
		5FBCCA21147D3C7100D7C64A /* pnginfo.h */ = {isa = PBXFileReference; fileEncoding = 4; lastKnownFileType = sourcecode.c.h; path = pnginfo.h; sourceTree = "<group>"; };
		5FBCCA22147D3C7100D7C64A /* pnglibconf.h */ = {isa = PBXFileReference; fileEncoding = 4; lastKnownFileType = sourcecode.c.h; path = pnglibconf.h; sourceTree = "<group>"; };
		5FBCCA23147D3C7100D7C64A /* pngmem.c */ = {isa = PBXFileReference; fileEncoding = 4; lastKnownFileType = sourcecode.c.c; path = pngmem.c; sourceTree = "<group>"; };
		5FBCCA24147D3C7100D7C64A /* pngnow.png */ = {isa = PBXFileReference; lastKnownFileType = image.png; path = pngnow.png; sourceTree = "<group>"; };
		5FBCCA25147D3C7100D7C64A /* pngpread.c */ = {isa = PBXFileReference; fileEncoding = 4; lastKnownFileType = sourcecode.c.c; path = pngpread.c; sourceTree = "<group>"; };
		5FBCCA26147D3C7100D7C64A /* pngpriv.h */ = {isa = PBXFileReference; fileEncoding = 4; lastKnownFileType = sourcecode.c.h; path = pngpriv.h; sourceTree = "<group>"; };
		5FBCCA27147D3C7100D7C64A /* pngread.c */ = {isa = PBXFileReference; fileEncoding = 4; lastKnownFileType = sourcecode.c.c; path = pngread.c; sourceTree = "<group>"; };
		5FBCCA28147D3C7100D7C64A /* pngrio.c */ = {isa = PBXFileReference; fileEncoding = 4; lastKnownFileType = sourcecode.c.c; path = pngrio.c; sourceTree = "<group>"; };
		5FBCCA29147D3C7100D7C64A /* pngrtran.c */ = {isa = PBXFileReference; fileEncoding = 4; lastKnownFileType = sourcecode.c.c; path = pngrtran.c; sourceTree = "<group>"; };
		5FBCCA2A147D3C7100D7C64A /* pngrutil.c */ = {isa = PBXFileReference; fileEncoding = 4; lastKnownFileType = sourcecode.c.c; path = pngrutil.c; sourceTree = "<group>"; };
		5FBCCA2B147D3C7100D7C64A /* pngset.c */ = {isa = PBXFileReference; fileEncoding = 4; lastKnownFileType = sourcecode.c.c; path = pngset.c; sourceTree = "<group>"; };
		5FBCCA2C147D3C7100D7C64A /* pngstruct.h */ = {isa = PBXFileReference; fileEncoding = 4; lastKnownFileType = sourcecode.c.h; path = pngstruct.h; sourceTree = "<group>"; };
		5FBCCA2F147D3C7100D7C64A /* pngtrans.c */ = {isa = PBXFileReference; fileEncoding = 4; lastKnownFileType = sourcecode.c.c; path = pngtrans.c; sourceTree = "<group>"; };
		5FBCCA30147D3C7100D7C64A /* pngvalid.c */ = {isa = PBXFileReference; fileEncoding = 4; lastKnownFileType = sourcecode.c.c; path = pngvalid.c; sourceTree = "<group>"; };
		5FBCCA31147D3C7100D7C64A /* pngwio.c */ = {isa = PBXFileReference; fileEncoding = 4; lastKnownFileType = sourcecode.c.c; path = pngwio.c; sourceTree = "<group>"; };
		5FBCCA32147D3C7100D7C64A /* pngwrite.c */ = {isa = PBXFileReference; fileEncoding = 4; lastKnownFileType = sourcecode.c.c; path = pngwrite.c; sourceTree = "<group>"; };
		5FBCCA33147D3C7100D7C64A /* pngwtran.c */ = {isa = PBXFileReference; fileEncoding = 4; lastKnownFileType = sourcecode.c.c; path = pngwtran.c; sourceTree = "<group>"; };
		5FBCCA34147D3C7100D7C64A /* pngwutil.c */ = {isa = PBXFileReference; fileEncoding = 4; lastKnownFileType = sourcecode.c.c; path = pngwutil.c; sourceTree = "<group>"; };
		5FBCCA39147D3C7100D7C64A /* RawImageData.cpp */ = {isa = PBXFileReference; fileEncoding = 4; lastKnownFileType = sourcecode.cpp.cpp; path = RawImageData.cpp; sourceTree = SOURCE_ROOT; };
		5FBCCA3A147D3C7100D7C64A /* RawImageData.h */ = {isa = PBXFileReference; fileEncoding = 4; lastKnownFileType = sourcecode.c.h; path = RawImageData.h; sourceTree = SOURCE_ROOT; };
		5FBCCA3B147D3C7100D7C64A /* StdAfx.h */ = {isa = PBXFileReference; fileEncoding = 4; lastKnownFileType = sourcecode.c.h; path = StdAfx.h; sourceTree = SOURCE_ROOT; };
/* End PBXFileReference section */

/* Begin PBXFrameworksBuildPhase section */
		5FBCC951147D3B9200D7C64A /* Frameworks */ = {
			isa = PBXFrameworksBuildPhase;
			buildActionMask = 2147483647;
			files = (
				5FBCC958147D3B9200D7C64A /* Cocoa.framework in Frameworks */,
			);
			runOnlyForDeploymentPostprocessing = 0;
		};
/* End PBXFrameworksBuildPhase section */

/* Begin PBXGroup section */
		5FBCC949147D3B9200D7C64A = {
			isa = PBXGroup;
			children = (
				5FBCC95D147D3B9200D7C64A /* Sources */,
				5FBCC956147D3B9200D7C64A /* Frameworks */,
				5FBCC955147D3B9200D7C64A /* Products */,
			);
			sourceTree = "<group>";
		};
		5FBCC955147D3B9200D7C64A /* Products */ = {
			isa = PBXGroup;
			children = (
				5FBCC954147D3B9200D7C64A /* libImageLibMac.a */,
			);
			name = Products;
			sourceTree = "<group>";
		};
		5FBCC956147D3B9200D7C64A /* Frameworks */ = {
			isa = PBXGroup;
			children = (
				5FBCC957147D3B9200D7C64A /* Cocoa.framework */,
				5FBCC959147D3B9200D7C64A /* Other Frameworks */,
			);
			name = Frameworks;
			sourceTree = "<group>";
		};
		5FBCC959147D3B9200D7C64A /* Other Frameworks */ = {
			isa = PBXGroup;
			children = (
				5FBCC95A147D3B9200D7C64A /* AppKit.framework */,
				5FBCC95B147D3B9200D7C64A /* CoreData.framework */,
				5FBCC95C147D3B9200D7C64A /* Foundation.framework */,
			);
			name = "Other Frameworks";
			sourceTree = "<group>";
		};
		5FBCC95D147D3B9200D7C64A /* Sources */ = {
			isa = PBXGroup;
			children = (
				5FBCC96C147D3C7000D7C64A /* ILIO.cpp */,
				5FBCC96D147D3C7000D7C64A /* ILIO.h */,
				5FBCC96E147D3C7000D7C64A /* ImageIterator.h */,
				5FBCC96F147D3C7000D7C64A /* ImgBmpFile.cpp */,
				5FBCC970147D3C7000D7C64A /* ImgGifFile.cpp */,
				5FBCC971147D3C7000D7C64A /* ImgGifFile.h */,
				5FBCC973147D3C7000D7C64A /* ImgJpegFile.h */,
				5FBCC972147D3C7000D7C64A /* ImgJpegFile.cpp */,
				5FBCC974147D3C7000D7C64A /* ImgPngFile.cpp */,
				5FBCC975147D3C7000D7C64A /* ImgPngFile.h */,
				5FBCC976147D3C7000D7C64A /* jpeg */,
				5FBCC9B7147D3C7100D7C64A /* png */,
				5FBCCA39147D3C7100D7C64A /* RawImageData.cpp */,
				5FBCCA3A147D3C7100D7C64A /* RawImageData.h */,
				5FBCCA3B147D3C7100D7C64A /* StdAfx.h */,
				5FBCC95E147D3B9200D7C64A /* Supporting Files */,
			);
			name = Sources;
			path = ImageLibMac;
			sourceTree = "<group>";
		};
		5FBCC95E147D3B9200D7C64A /* Supporting Files */ = {
			isa = PBXGroup;
			children = (
			);
			name = "Supporting Files";
			sourceTree = "<group>";
		};
		5FBCC976147D3C7000D7C64A /* jpeg */ = {
			isa = PBXGroup;
			children = (
				5FBCC977147D3C7000D7C64A /* change.log */,
				5FBCC978147D3C7000D7C64A /* filelist.txt */,
				5FBCC979147D3C7000D7C64A /* jcapimin.c */,
				5FBCC97A147D3C7000D7C64A /* jcapistd.c */,
				5FBCC97B147D3C7000D7C64A /* jccoefct.c */,
				5FBCC97C147D3C7000D7C64A /* jccolor.c */,
				5FBCC97D147D3C7000D7C64A /* jcdctmgr.c */,
				5FBCC97E147D3C7000D7C64A /* jchuff.c */,
				5FBCC97F147D3C7000D7C64A /* jchuff.h */,
				5FBCC980147D3C7000D7C64A /* jcinit.c */,
				5FBCC981147D3C7000D7C64A /* jcmainct.c */,
				5FBCC982147D3C7000D7C64A /* jcmarker.c */,
				5FBCC983147D3C7000D7C64A /* jcmaster.c */,
				5FBCC984147D3C7000D7C64A /* jcomapi.c */,
				5FBCC985147D3C7000D7C64A /* jconfig.h */,
				5FBCC986147D3C7000D7C64A /* jcparam.c */,
				5FBCC987147D3C7000D7C64A /* jcphuff.c */,
				5FBCC988147D3C7000D7C64A /* jcprepct.c */,
				5FBCC989147D3C7000D7C64A /* jcsample.c */,
				5FBCC98A147D3C7000D7C64A /* jctrans.c */,
				5FBCC98B147D3C7000D7C64A /* jdapimin.c */,
				5FBCC98C147D3C7000D7C64A /* jdapistd.c */,
				5FBCC98D147D3C7000D7C64A /* jdatadst.c */,
				5FBCC98E147D3C7000D7C64A /* jdatasrc.c */,
				5FBCC98F147D3C7000D7C64A /* jdcoefct.c */,
				5FBCC990147D3C7000D7C64A /* jdcolor.c */,
				5FBCC991147D3C7000D7C64A /* jdct.h */,
				5FBCC992147D3C7000D7C64A /* jddctmgr.c */,
				5FBCC993147D3C7000D7C64A /* jdhuff.c */,
				5FBCC994147D3C7000D7C64A /* jdhuff.h */,
				5FBCC995147D3C7000D7C64A /* jdinput.c */,
				5FBCC996147D3C7000D7C64A /* jdmainct.c */,
				5FBCC997147D3C7000D7C64A /* jdmarker.c */,
				5FBCC998147D3C7000D7C64A /* jdmaster.c */,
				5FBCC999147D3C7000D7C64A /* jdmerge.c */,
				5FBCC99A147D3C7000D7C64A /* jdphuff.c */,
				5FBCC99B147D3C7000D7C64A /* jdpostct.c */,
				5FBCC99C147D3C7000D7C64A /* jdsample.c */,
				5FBCC99D147D3C7000D7C64A /* jdtrans.c */,
				5FBCC99E147D3C7000D7C64A /* jerror.c */,
				5FBCC99F147D3C7000D7C64A /* jerror.h */,
				5FBCC9A0147D3C7000D7C64A /* jfdctflt.c */,
				5FBCC9A1147D3C7000D7C64A /* jfdctfst.c */,
				5FBCC9A2147D3C7000D7C64A /* jfdctint.c */,
				5FBCC9A3147D3C7000D7C64A /* jidctflt.c */,
				5FBCC9A4147D3C7000D7C64A /* jidctfst.c */,
				5FBCC9A5147D3C7000D7C64A /* jidctint.c */,
				5FBCC9A6147D3C7000D7C64A /* jidctred.c */,
				5FBCC9A7147D3C7000D7C64A /* jinclude.h */,
				5FBCC9A8147D3C7000D7C64A /* jmemmgr.c */,
				5FBCC9A9147D3C7000D7C64A /* jmemnobs.c */,
				5FBCC9AA147D3C7000D7C64A /* jmemsys.h */,
				5FBCC9AB147D3C7000D7C64A /* jmorecfg.h */,
				5FBCC9AE147D3C7000D7C64A /* jpegint.h */,
				5FBCC9AF147D3C7000D7C64A /* jpeglib.h */,
				5FBCC9B0147D3C7000D7C64A /* jquant1.c */,
				5FBCC9B1147D3C7000D7C64A /* jquant2.c */,
				5FBCC9B2147D3C7000D7C64A /* jutils.c */,
				5FBCC9B3147D3C7000D7C64A /* jversion.h */,
				5FBCC9B6147D3C7100D7C64A /* Readme.txt */,
			);
			path = jpeg;
			sourceTree = SOURCE_ROOT;
		};
		5FBCC9B7147D3C7100D7C64A /* png */ = {
			isa = PBXGroup;
			children = (
				5FBCCA19147D3C7100D7C64A /* png.c */,
				5FBCCA1A147D3C7100D7C64A /* png.h */,
				5FBCCA1D147D3C7100D7C64A /* pngconf.h */,
				5FBCCA1E147D3C7100D7C64A /* pngdebug.h */,
				5FBCCA1F147D3C7100D7C64A /* pngerror.c */,
				5FBCCA20147D3C7100D7C64A /* pngget.c */,
				5FBCCA21147D3C7100D7C64A /* pnginfo.h */,
				5FBCCA22147D3C7100D7C64A /* pnglibconf.h */,
				5FBCCA23147D3C7100D7C64A /* pngmem.c */,
				5FBCCA24147D3C7100D7C64A /* pngnow.png */,
				5FBCCA25147D3C7100D7C64A /* pngpread.c */,
				5FBCCA26147D3C7100D7C64A /* pngpriv.h */,
				5FBCCA27147D3C7100D7C64A /* pngread.c */,
				5FBCCA28147D3C7100D7C64A /* pngrio.c */,
				5FBCCA29147D3C7100D7C64A /* pngrtran.c */,
				5FBCCA2A147D3C7100D7C64A /* pngrutil.c */,
				5FBCCA2B147D3C7100D7C64A /* pngset.c */,
				5FBCCA2C147D3C7100D7C64A /* pngstruct.h */,
				5FBCCA2F147D3C7100D7C64A /* pngtrans.c */,
				5FBCCA30147D3C7100D7C64A /* pngvalid.c */,
				5FBCCA31147D3C7100D7C64A /* pngwio.c */,
				5FBCCA32147D3C7100D7C64A /* pngwrite.c */,
				5FBCCA33147D3C7100D7C64A /* pngwtran.c */,
				5FBCCA34147D3C7100D7C64A /* pngwutil.c */,
			);
			path = png;
			sourceTree = SOURCE_ROOT;
		};
/* End PBXGroup section */

/* Begin PBXHeadersBuildPhase section */
		5FBCC952147D3B9200D7C64A /* Headers */ = {
			isa = PBXHeadersBuildPhase;
			buildActionMask = 2147483647;
			files = (
				5FBCCA3D147D3C7100D7C64A /* ILIO.h in Headers */,
				5FBCCA3E147D3C7100D7C64A /* ImageIterator.h in Headers */,
				5FBCCA41147D3C7100D7C64A /* ImgGifFile.h in Headers */,
				5FBCCA43147D3C7100D7C64A /* ImgJpegFile.h in Headers */,
				5FBCCA45147D3C7100D7C64A /* ImgPngFile.h in Headers */,
				5FBCCA4C147D3C7100D7C64A /* jchuff.h in Headers */,
				5FBCCA52147D3C7100D7C64A /* jconfig.h in Headers */,
				5FBCCA5E147D3C7100D7C64A /* jdct.h in Headers */,
				5FBCCA61147D3C7100D7C64A /* jdhuff.h in Headers */,
				5FBCCA6C147D3C7100D7C64A /* jerror.h in Headers */,
				5FBCCA74147D3C7100D7C64A /* jinclude.h in Headers */,
				5FBCCA77147D3C7100D7C64A /* jmemsys.h in Headers */,
				5FBCCA78147D3C7100D7C64A /* jmorecfg.h in Headers */,
				5FBCCA79147D3C7100D7C64A /* jpegint.h in Headers */,
				5FBCCA7A147D3C7100D7C64A /* jpeglib.h in Headers */,
				5FBCCA7E147D3C7100D7C64A /* jversion.h in Headers */,
				5FBCCA97147D3C7100D7C64A /* png.h in Headers */,
				5FBCCA98147D3C7100D7C64A /* pngconf.h in Headers */,
				5FBCCA99147D3C7100D7C64A /* pngdebug.h in Headers */,
				5FBCCA9C147D3C7100D7C64A /* pnginfo.h in Headers */,
				5FBCCA9D147D3C7100D7C64A /* pnglibconf.h in Headers */,
				5FBCCAA0147D3C7100D7C64A /* pngpriv.h in Headers */,
				5FBCCAA6147D3C7100D7C64A /* pngstruct.h in Headers */,
				5FBCCAAF147D3C7100D7C64A /* RawImageData.h in Headers */,
				5FBCCAB0147D3C7100D7C64A /* StdAfx.h in Headers */,
			);
			runOnlyForDeploymentPostprocessing = 0;
		};
/* End PBXHeadersBuildPhase section */

/* Begin PBXNativeTarget section */
		5FBCC953147D3B9200D7C64A /* ImageLibMac */ = {
			isa = PBXNativeTarget;
			buildConfigurationList = 5FBCC965147D3B9200D7C64A /* Build configuration list for PBXNativeTarget "ImageLibMac" */;
			buildPhases = (
				5FBCC950147D3B9200D7C64A /* Sources */,
				5FBCC951147D3B9200D7C64A /* Frameworks */,
				5FBCC952147D3B9200D7C64A /* Headers */,
			);
			buildRules = (
			);
			dependencies = (
			);
			name = ImageLibMac;
			productName = ImageLibMac;
			productReference = 5FBCC954147D3B9200D7C64A /* libImageLibMac.a */;
			productType = "com.apple.product-type.library.static";
		};
/* End PBXNativeTarget section */

/* Begin PBXProject section */
		5FBCC94B147D3B9200D7C64A /* Project object */ = {
			isa = PBXProject;
			attributes = {
				LastUpgradeCheck = 0500;
			};
			buildConfigurationList = 5FBCC94E147D3B9200D7C64A /* Build configuration list for PBXProject "ImageLibMac" */;
			compatibilityVersion = "Xcode 3.2";
			developmentRegion = English;
			hasScannedForEncodings = 0;
			knownRegions = (
				English,
				en,
			);
			mainGroup = 5FBCC949147D3B9200D7C64A;
			productRefGroup = 5FBCC955147D3B9200D7C64A /* Products */;
			projectDirPath = "";
			projectRoot = "";
			targets = (
				5FBCC953147D3B9200D7C64A /* ImageLibMac */,
			);
		};
/* End PBXProject section */

/* Begin PBXSourcesBuildPhase section */
		5FBCC950147D3B9200D7C64A /* Sources */ = {
			isa = PBXSourcesBuildPhase;
			buildActionMask = 2147483647;
			files = (
				5FBCCA3C147D3C7100D7C64A /* ILIO.cpp in Sources */,
				5FBCCA3F147D3C7100D7C64A /* ImgBmpFile.cpp in Sources */,
				5FBCCA40147D3C7100D7C64A /* ImgGifFile.cpp in Sources */,
				5FBCCA42147D3C7100D7C64A /* ImgJpegFile.cpp in Sources */,
				5FBCCA44147D3C7100D7C64A /* ImgPngFile.cpp in Sources */,
				5FBCCA46147D3C7100D7C64A /* jcapimin.c in Sources */,
				5FBCCA47147D3C7100D7C64A /* jcapistd.c in Sources */,
				5FBCCA48147D3C7100D7C64A /* jccoefct.c in Sources */,
				5FBCCA49147D3C7100D7C64A /* jccolor.c in Sources */,
				5FBCCA4A147D3C7100D7C64A /* jcdctmgr.c in Sources */,
				5FBCCA4B147D3C7100D7C64A /* jchuff.c in Sources */,
				5FBCCA4D147D3C7100D7C64A /* jcinit.c in Sources */,
				5FBCCA4E147D3C7100D7C64A /* jcmainct.c in Sources */,
				5FBCCA4F147D3C7100D7C64A /* jcmarker.c in Sources */,
				5FBCCA50147D3C7100D7C64A /* jcmaster.c in Sources */,
				5FBCCA51147D3C7100D7C64A /* jcomapi.c in Sources */,
				5FBCCA53147D3C7100D7C64A /* jcparam.c in Sources */,
				5FBCCA54147D3C7100D7C64A /* jcphuff.c in Sources */,
				5FBCCA55147D3C7100D7C64A /* jcprepct.c in Sources */,
				5FBCCA56147D3C7100D7C64A /* jcsample.c in Sources */,
				5FBCCA57147D3C7100D7C64A /* jctrans.c in Sources */,
				5FBCCA58147D3C7100D7C64A /* jdapimin.c in Sources */,
				5FBCCA59147D3C7100D7C64A /* jdapistd.c in Sources */,
				5FBCCA5A147D3C7100D7C64A /* jdatadst.c in Sources */,
				5FBCCA5B147D3C7100D7C64A /* jdatasrc.c in Sources */,
				5FBCCA5C147D3C7100D7C64A /* jdcoefct.c in Sources */,
				5FBCCA5D147D3C7100D7C64A /* jdcolor.c in Sources */,
				5FBCCA5F147D3C7100D7C64A /* jddctmgr.c in Sources */,
				5FBCCA60147D3C7100D7C64A /* jdhuff.c in Sources */,
				5FBCCA62147D3C7100D7C64A /* jdinput.c in Sources */,
				5FBCCA63147D3C7100D7C64A /* jdmainct.c in Sources */,
				5FBCCA64147D3C7100D7C64A /* jdmarker.c in Sources */,
				5FBCCA65147D3C7100D7C64A /* jdmaster.c in Sources */,
				5FBCCA66147D3C7100D7C64A /* jdmerge.c in Sources */,
				5FBCCA67147D3C7100D7C64A /* jdphuff.c in Sources */,
				5FBCCA68147D3C7100D7C64A /* jdpostct.c in Sources */,
				5FBCCA69147D3C7100D7C64A /* jdsample.c in Sources */,
				5FBCCA6A147D3C7100D7C64A /* jdtrans.c in Sources */,
				5FBCCA6B147D3C7100D7C64A /* jerror.c in Sources */,
				5FBCCA6D147D3C7100D7C64A /* jfdctflt.c in Sources */,
				5FBCCA6E147D3C7100D7C64A /* jfdctfst.c in Sources */,
				5FBCCA6F147D3C7100D7C64A /* jfdctint.c in Sources */,
				5FBCCA70147D3C7100D7C64A /* jidctflt.c in Sources */,
				5FBCCA71147D3C7100D7C64A /* jidctfst.c in Sources */,
				5FBCCA72147D3C7100D7C64A /* jidctint.c in Sources */,
				5FBCCA73147D3C7100D7C64A /* jidctred.c in Sources */,
				5FBCCA75147D3C7100D7C64A /* jmemmgr.c in Sources */,
				5FBCCA76147D3C7100D7C64A /* jmemnobs.c in Sources */,
				5FBCCA7B147D3C7100D7C64A /* jquant1.c in Sources */,
				5FBCCA7C147D3C7100D7C64A /* jquant2.c in Sources */,
				5FBCCA7D147D3C7100D7C64A /* jutils.c in Sources */,
				5FBCCA96147D3C7100D7C64A /* png.c in Sources */,
				5FBCCA9A147D3C7100D7C64A /* pngerror.c in Sources */,
				5FBCCA9B147D3C7100D7C64A /* pngget.c in Sources */,
				5FBCCA9E147D3C7100D7C64A /* pngmem.c in Sources */,
				5FBCCA9F147D3C7100D7C64A /* pngpread.c in Sources */,
				5FBCCAA1147D3C7100D7C64A /* pngread.c in Sources */,
				5FBCCAA2147D3C7100D7C64A /* pngrio.c in Sources */,
				5FBCCAA3147D3C7100D7C64A /* pngrtran.c in Sources */,
				5FBCCAA4147D3C7100D7C64A /* pngrutil.c in Sources */,
				5FBCCAA5147D3C7100D7C64A /* pngset.c in Sources */,
				5FBCCAA8147D3C7100D7C64A /* pngtrans.c in Sources */,
				5FBCCAA9147D3C7100D7C64A /* pngvalid.c in Sources */,
				5FBCCAAA147D3C7100D7C64A /* pngwio.c in Sources */,
				5FBCCAAB147D3C7100D7C64A /* pngwrite.c in Sources */,
				5FBCCAAC147D3C7100D7C64A /* pngwtran.c in Sources */,
				5FBCCAAD147D3C7100D7C64A /* pngwutil.c in Sources */,
				5FBCCAAE147D3C7100D7C64A /* RawImageData.cpp in Sources */,
			);
			runOnlyForDeploymentPostprocessing = 0;
		};
/* End PBXSourcesBuildPhase section */

/* Begin XCBuildConfiguration section */
		5FBCC963147D3B9200D7C64A /* Debug */ = {
			isa = XCBuildConfiguration;
			buildSettings = {
				ALWAYS_SEARCH_USER_PATHS = NO;
				CLANG_WARN_BOOL_CONVERSION = YES;
				CLANG_WARN_CONSTANT_CONVERSION = YES;
				CLANG_WARN_EMPTY_BODY = YES;
				CLANG_WARN_ENUM_CONVERSION = YES;
				CLANG_WARN_INT_CONVERSION = YES;
				CLANG_WARN__DUPLICATE_METHOD_MATCH = YES;
				COPY_PHASE_STRIP = NO;
				GCC_C_LANGUAGE_STANDARD = gnu99;
				GCC_DYNAMIC_NO_PIC = NO;
				GCC_ENABLE_OBJC_EXCEPTIONS = YES;
				GCC_OPTIMIZATION_LEVEL = 0;
				GCC_PREPROCESSOR_DEFINITIONS = (
					"DEBUG=1",
					"$(inherited)",
				);
				GCC_SYMBOLS_PRIVATE_EXTERN = NO;
				GCC_VERSION = com.apple.compilers.llvm.clang.1_0;
				GCC_WARN_64_TO_32_BIT_CONVERSION = YES;
				GCC_WARN_ABOUT_MISSING_PROTOTYPES = YES;
				GCC_WARN_ABOUT_RETURN_TYPE = YES;
				GCC_WARN_UNDECLARED_SELECTOR = YES;
				GCC_WARN_UNINITIALIZED_AUTOS = YES;
				GCC_WARN_UNUSED_FUNCTION = YES;
				GCC_WARN_UNUSED_VARIABLE = YES;
				MACOSX_DEPLOYMENT_TARGET = 10.7;
				ONLY_ACTIVE_ARCH = YES;
				SDKROOT = macosx;
			};
			name = Debug;
		};
		5FBCC964147D3B9200D7C64A /* Release */ = {
			isa = XCBuildConfiguration;
			buildSettings = {
				ALWAYS_SEARCH_USER_PATHS = NO;
				CLANG_WARN_BOOL_CONVERSION = YES;
				CLANG_WARN_CONSTANT_CONVERSION = YES;
				CLANG_WARN_EMPTY_BODY = YES;
				CLANG_WARN_ENUM_CONVERSION = YES;
				CLANG_WARN_INT_CONVERSION = YES;
				CLANG_WARN__DUPLICATE_METHOD_MATCH = YES;
				COPY_PHASE_STRIP = YES;
				DEBUG_INFORMATION_FORMAT = "dwarf-with-dsym";
				GCC_C_LANGUAGE_STANDARD = gnu99;
				GCC_ENABLE_OBJC_EXCEPTIONS = YES;
				GCC_VERSION = com.apple.compilers.llvm.clang.1_0;
				GCC_WARN_64_TO_32_BIT_CONVERSION = YES;
				GCC_WARN_ABOUT_MISSING_PROTOTYPES = YES;
				GCC_WARN_ABOUT_RETURN_TYPE = YES;
				GCC_WARN_UNDECLARED_SELECTOR = YES;
				GCC_WARN_UNINITIALIZED_AUTOS = YES;
				GCC_WARN_UNUSED_FUNCTION = YES;
				GCC_WARN_UNUSED_VARIABLE = YES;
				MACOSX_DEPLOYMENT_TARGET = 10.7;
				SDKROOT = macosx;
			};
			name = Release;
		};
		5FBCC966147D3B9200D7C64A /* Debug */ = {
			isa = XCBuildConfiguration;
			buildSettings = {
				CLANG_CXX_LANGUAGE_STANDARD = "c++0x";
				CLANG_CXX_LIBRARY = "libc++";
				COMBINE_HIDPI_IMAGES = YES;
				GCC_PRECOMPILE_PREFIX_HEADER = NO;
				GCC_PREFIX_HEADER = "";
				GCC_PREPROCESSOR_DEFINITIONS = (
					_MAC_OS,
					"$(inherited)",
				);
				GCC_PREPROCESSOR_DEFINITIONS_NOT_USED_IN_PRECOMPS = "";
				GCC_WARN_ABOUT_MISSING_PROTOTYPES = NO;
				PRODUCT_NAME = "$(TARGET_NAME)";
			};
			name = Debug;
		};
		5FBCC967147D3B9200D7C64A /* Release */ = {
			isa = XCBuildConfiguration;
			buildSettings = {
				CLANG_CXX_LANGUAGE_STANDARD = "c++0x";
				CLANG_CXX_LIBRARY = "libc++";
				COMBINE_HIDPI_IMAGES = YES;
				GCC_PRECOMPILE_PREFIX_HEADER = NO;
				GCC_PREFIX_HEADER = "";
				GCC_PREPROCESSOR_DEFINITIONS = _MAC_OS;
				GCC_PREPROCESSOR_DEFINITIONS_NOT_USED_IN_PRECOMPS = "";
				GCC_WARN_ABOUT_MISSING_PROTOTYPES = NO;
				PRODUCT_NAME = "$(TARGET_NAME)";
			};
			name = Release;
		};
/* End XCBuildConfiguration section */

/* Begin XCConfigurationList section */
		5FBCC94E147D3B9200D7C64A /* Build configuration list for PBXProject "ImageLibMac" */ = {
			isa = XCConfigurationList;
			buildConfigurations = (
				5FBCC963147D3B9200D7C64A /* Debug */,
				5FBCC964147D3B9200D7C64A /* Release */,
			);
			defaultConfigurationIsVisible = 0;
			defaultConfigurationName = Release;
		};
		5FBCC965147D3B9200D7C64A /* Build configuration list for PBXNativeTarget "ImageLibMac" */ = {
			isa = XCConfigurationList;
			buildConfigurations = (
				5FBCC966147D3B9200D7C64A /* Debug */,
				5FBCC967147D3B9200D7C64A /* Release */,
			);
			defaultConfigurationIsVisible = 0;
			defaultConfigurationName = Release;
		};
/* End XCConfigurationList section */
	};
	rootObject = 5FBCC94B147D3B9200D7C64A /* Project object */;
}
