// !$*UTF8*$!
{
	archiveVersion = 1;
	classes = {
	};
	objectVersion = 46;
	objects = {

/* Begin PBXBuildFile section */
		0EB7113B277D84C1006929F1 /* ID3v2Frame.h in Headers */ = {isa = PBXBuildFile; fileRef = 0EB71129277D84C1006929F1 /* ID3v2Frame.h */; };
		0EB7113C277D84C1006929F1 /* ID3v2Frame.cpp in Sources */ = {isa = PBXBuildFile; fileRef = 0EB7112A277D84C1006929F1 /* ID3v2Frame.cpp */; };
		0EB7113D277D84C1006929F1 /* ID3v2FrameParser.h in Headers */ = {isa = PBXBuildFile; fileRef = 0EB7112B277D84C1006929F1 /* ID3v2FrameParser.h */; };
		0EB7113E277D84C1006929F1 /* ID3v2.h in Headers */ = {isa = PBXBuildFile; fileRef = 0EB7112C277D84C1006929F1 /* ID3v2.h */; };
		0EB71141277D84C1006929F1 /* ID3v2FrameParser.cpp in Sources */ = {isa = PBXBuildFile; fileRef = 0EB71135277D84C1006929F1 /* ID3v2FrameParser.cpp */; };
		0EB71142277D84C1006929F1 /* ID3Helper.h in Headers */ = {isa = PBXBuildFile; fileRef = 0EB71136277D84C1006929F1 /* ID3Helper.h */; };
		0EB71143277D84C1006929F1 /* ID3v2.cpp in Sources */ = {isa = PBXBuildFile; fileRef = 0EB71137277D84C1006929F1 /* ID3v2.cpp */; };
		0EB71144277D84C1006929F1 /* ID3v1.h in Headers */ = {isa = PBXBuildFile; fileRef = 0EB71138277D84C1006929F1 /* ID3v1.h */; };
		0EB71145277D84C1006929F1 /* ID3v1.cpp in Sources */ = {isa = PBXBuildFile; fileRef = 0EB71139277D84C1006929F1 /* ID3v1.cpp */; };
		0EB71146277D84C1006929F1 /* ID3Helper.cpp in Sources */ = {isa = PBXBuildFile; fileRef = 0EB7113A277D84C1006929F1 /* ID3Helper.cpp */; };
		5FB59273154594EA0071B204 /* ID3v2IF.cpp in Sources */ = {isa = PBXBuildFile; fileRef = 5FB59266154594E90071B204 /* ID3v2IF.cpp */; };
		5FB59274154594EA0071B204 /* ID3v2IF.h in Headers */ = {isa = PBXBuildFile; fileRef = 5FB59267154594E90071B204 /* ID3v2IF.h */; };
		5FB59275154594EA0071B204 /* LyricsData.cpp in Sources */ = {isa = PBXBuildFile; fileRef = 5FB59268154594E90071B204 /* LyricsData.cpp */; };
		5FB59276154594EA0071B204 /* LyricsData.h in Headers */ = {isa = PBXBuildFile; fileRef = 5FB59269154594E90071B204 /* LyricsData.h */; };
		5FB59277154594EA0071B204 /* M4aTag.cpp in Sources */ = {isa = PBXBuildFile; fileRef = 5FB5926A154594E90071B204 /* M4aTag.cpp */; };
		5FB59278154594EA0071B204 /* M4aTag.h in Headers */ = {isa = PBXBuildFile; fileRef = 5FB5926B154594E90071B204 /* M4aTag.h */; };
		5FB59279154594EA0071B204 /* MidiTag.cpp in Sources */ = {isa = PBXBuildFile; fileRef = 5FB5926C154594E90071B204 /* MidiTag.cpp */; };
		5FB5927A154594EA0071B204 /* MidiTag.h in Headers */ = {isa = PBXBuildFile; fileRef = 5FB5926D154594E90071B204 /* MidiTag.h */; };
		5FB5927B154594EA0071B204 /* MP3InfoReader.cpp in Sources */ = {isa = PBXBuildFile; fileRef = 5FB5926E154594E90071B204 /* MP3InfoReader.cpp */; };
		5FB5927C154594EA0071B204 /* MP3InfoReader.h in Headers */ = {isa = PBXBuildFile; fileRef = 5FB5926F154594E90071B204 /* MP3InfoReader.h */; };
		5FB5927E154594EA0071B204 /* MediaTags.cpp in Sources */ = {isa = PBXBuildFile; fileRef = 5FB59271154594E90071B204 /* MediaTags.cpp */; };
		5FB5927F154594EA0071B204 /* MediaTags.h in Headers */ = {isa = PBXBuildFile; fileRef = 5FB59272154594E90071B204 /* MediaTags.h */; };
		C05D744F29613F4700294F50 /* MediaTagTypes.cpp in Sources */ = {isa = PBXBuildFile; fileRef = C05D744D29613F4700294F50 /* MediaTagTypes.cpp */; };
		C05D745029613F4700294F50 /* MediaTagTypes.hpp in Headers */ = {isa = PBXBuildFile; fileRef = C05D744E29613F4700294F50 /* MediaTagTypes.hpp */; };
/* End PBXBuildFile section */

/* Begin PBXFileReference section */
		0EB71129277D84C1006929F1 /* ID3v2Frame.h */ = {isa = PBXFileReference; fileEncoding = 4; lastKnownFileType = sourcecode.c.h; path = ID3v2Frame.h; sourceTree = "<group>"; };
		0EB7112A277D84C1006929F1 /* ID3v2Frame.cpp */ = {isa = PBXFileReference; fileEncoding = 4; lastKnownFileType = sourcecode.cpp.cpp; path = ID3v2Frame.cpp; sourceTree = "<group>"; };
		0EB7112B277D84C1006929F1 /* ID3v2FrameParser.h */ = {isa = PBXFileReference; fileEncoding = 4; lastKnownFileType = sourcecode.c.h; path = ID3v2FrameParser.h; sourceTree = "<group>"; };
		0EB7112C277D84C1006929F1 /* ID3v2.h */ = {isa = PBXFileReference; fileEncoding = 4; lastKnownFileType = sourcecode.c.h; path = ID3v2.h; sourceTree = "<group>"; };
		0EB71135277D84C1006929F1 /* ID3v2FrameParser.cpp */ = {isa = PBXFileReference; fileEncoding = 4; lastKnownFileType = sourcecode.cpp.cpp; path = ID3v2FrameParser.cpp; sourceTree = "<group>"; };
		0EB71136277D84C1006929F1 /* ID3Helper.h */ = {isa = PBXFileReference; fileEncoding = 4; lastKnownFileType = sourcecode.c.h; path = ID3Helper.h; sourceTree = "<group>"; };
		0EB71137277D84C1006929F1 /* ID3v2.cpp */ = {isa = PBXFileReference; fileEncoding = 4; lastKnownFileType = sourcecode.cpp.cpp; path = ID3v2.cpp; sourceTree = "<group>"; };
		0EB71138277D84C1006929F1 /* ID3v1.h */ = {isa = PBXFileReference; fileEncoding = 4; lastKnownFileType = sourcecode.c.h; path = ID3v1.h; sourceTree = "<group>"; };
		0EB71139277D84C1006929F1 /* ID3v1.cpp */ = {isa = PBXFileReference; fileEncoding = 4; lastKnownFileType = sourcecode.cpp.cpp; path = ID3v1.cpp; sourceTree = "<group>"; };
		0EB7113A277D84C1006929F1 /* ID3Helper.cpp */ = {isa = PBXFileReference; fileEncoding = 4; lastKnownFileType = sourcecode.cpp.cpp; path = ID3Helper.cpp; sourceTree = "<group>"; };
		5FB5925B154594720071B204 /* libTaglib.a */ = {isa = PBXFileReference; explicitFileType = archive.ar; includeInIndex = 0; path = libTaglib.a; sourceTree = BUILT_PRODUCTS_DIR; };
		5FB59266154594E90071B204 /* ID3v2IF.cpp */ = {isa = PBXFileReference; fileEncoding = 4; lastKnownFileType = sourcecode.cpp.cpp; path = ID3v2IF.cpp; sourceTree = "<group>"; };
		5FB59267154594E90071B204 /* ID3v2IF.h */ = {isa = PBXFileReference; fileEncoding = 4; lastKnownFileType = sourcecode.c.h; path = ID3v2IF.h; sourceTree = "<group>"; };
		5FB59268154594E90071B204 /* LyricsData.cpp */ = {isa = PBXFileReference; fileEncoding = 4; lastKnownFileType = sourcecode.cpp.cpp; path = LyricsData.cpp; sourceTree = "<group>"; };
		5FB59269154594E90071B204 /* LyricsData.h */ = {isa = PBXFileReference; fileEncoding = 4; lastKnownFileType = sourcecode.c.h; path = LyricsData.h; sourceTree = "<group>"; };
		5FB5926A154594E90071B204 /* M4aTag.cpp */ = {isa = PBXFileReference; fileEncoding = 4; lastKnownFileType = sourcecode.cpp.cpp; path = M4aTag.cpp; sourceTree = "<group>"; };
		5FB5926B154594E90071B204 /* M4aTag.h */ = {isa = PBXFileReference; fileEncoding = 4; lastKnownFileType = sourcecode.c.h; path = M4aTag.h; sourceTree = "<group>"; };
		5FB5926C154594E90071B204 /* MidiTag.cpp */ = {isa = PBXFileReference; fileEncoding = 4; lastKnownFileType = sourcecode.cpp.cpp; path = MidiTag.cpp; sourceTree = "<group>"; };
		5FB5926D154594E90071B204 /* MidiTag.h */ = {isa = PBXFileReference; fileEncoding = 4; lastKnownFileType = sourcecode.c.h; path = MidiTag.h; sourceTree = "<group>"; };
		5FB5926E154594E90071B204 /* MP3InfoReader.cpp */ = {isa = PBXFileReference; fileEncoding = 4; lastKnownFileType = sourcecode.cpp.cpp; path = MP3InfoReader.cpp; sourceTree = "<group>"; };
		5FB5926F154594E90071B204 /* MP3InfoReader.h */ = {isa = PBXFileReference; fileEncoding = 4; lastKnownFileType = sourcecode.c.h; path = MP3InfoReader.h; sourceTree = "<group>"; };
		5FB59271154594E90071B204 /* MediaTags.cpp */ = {isa = PBXFileReference; fileEncoding = 4; lastKnownFileType = sourcecode.cpp.cpp; path = MediaTags.cpp; sourceTree = "<group>"; };
		5FB59272154594E90071B204 /* MediaTags.h */ = {isa = PBXFileReference; fileEncoding = 4; lastKnownFileType = sourcecode.c.h; path = MediaTags.h; sourceTree = "<group>"; };
		C05D744D29613F4700294F50 /* MediaTagTypes.cpp */ = {isa = PBXFileReference; lastKnownFileType = sourcecode.cpp.cpp; path = MediaTagTypes.cpp; sourceTree = "<group>"; };
		C05D744E29613F4700294F50 /* MediaTagTypes.hpp */ = {isa = PBXFileReference; lastKnownFileType = sourcecode.cpp.h; path = MediaTagTypes.hpp; sourceTree = "<group>"; };
/* End PBXFileReference section */

/* Begin PBXFrameworksBuildPhase section */
		5FB59258154594720071B204 /* Frameworks */ = {
			isa = PBXFrameworksBuildPhase;
			buildActionMask = 2147483647;
			files = (
			);
			runOnlyForDeploymentPostprocessing = 0;
		};
/* End PBXFrameworksBuildPhase section */

/* Begin PBXGroup section */
		0EB71128277D84C1006929F1 /* ID3 */ = {
			isa = PBXGroup;
			children = (
				0EB71129277D84C1006929F1 /* ID3v2Frame.h */,
				0EB7112A277D84C1006929F1 /* ID3v2Frame.cpp */,
				0EB7112B277D84C1006929F1 /* ID3v2FrameParser.h */,
				0EB7112C277D84C1006929F1 /* ID3v2.h */,
				0EB71135277D84C1006929F1 /* ID3v2FrameParser.cpp */,
				0EB71136277D84C1006929F1 /* ID3Helper.h */,
				0EB71137277D84C1006929F1 /* ID3v2.cpp */,
				0EB71138277D84C1006929F1 /* ID3v1.h */,
				0EB71139277D84C1006929F1 /* ID3v1.cpp */,
				0EB7113A277D84C1006929F1 /* ID3Helper.cpp */,
			);
			path = ID3;
			sourceTree = "<group>";
		};
		5FB59250154594710071B204 = {
			isa = PBXGroup;
			children = (
				5FB59262154594860071B204 /* Source */,
				5FB5925C154594720071B204 /* Products */,
			);
			sourceTree = "<group>";
		};
		5FB5925C154594720071B204 /* Products */ = {
			isa = PBXGroup;
			children = (
				5FB5925B154594720071B204 /* libTaglib.a */,
			);
			name = Products;
			sourceTree = "<group>";
		};
		5FB59262154594860071B204 /* Source */ = {
			isa = PBXGroup;
			children = (
				0EB71128277D84C1006929F1 /* ID3 */,
				5FB59266154594E90071B204 /* ID3v2IF.cpp */,
				5FB59267154594E90071B204 /* ID3v2IF.h */,
				5FB59268154594E90071B204 /* LyricsData.cpp */,
				5FB59269154594E90071B204 /* LyricsData.h */,
				5FB5926A154594E90071B204 /* M4aTag.cpp */,
				5FB5926B154594E90071B204 /* M4aTag.h */,
				5FB5926C154594E90071B204 /* MidiTag.cpp */,
				5FB5926D154594E90071B204 /* MidiTag.h */,
				5FB5926E154594E90071B204 /* MP3InfoReader.cpp */,
				5FB5926F154594E90071B204 /* MP3InfoReader.h */,
				5FB59271154594E90071B204 /* MediaTags.cpp */,
				5FB59272154594E90071B204 /* MediaTags.h */,
				C05D744D29613F4700294F50 /* MediaTagTypes.cpp */,
				C05D744E29613F4700294F50 /* MediaTagTypes.hpp */,
			);
			name = Source;
			sourceTree = "<group>";
		};
/* End PBXGroup section */

/* Begin PBXHeadersBuildPhase section */
		5FB59259154594720071B204 /* Headers */ = {
			isa = PBXHeadersBuildPhase;
			buildActionMask = 2147483647;
			files = (
				0EB71144277D84C1006929F1 /* ID3v1.h in Headers */,
				0EB7113D277D84C1006929F1 /* ID3v2FrameParser.h in Headers */,
				5FB59274154594EA0071B204 /* ID3v2IF.h in Headers */,
				5FB59276154594EA0071B204 /* LyricsData.h in Headers */,
				C05D745029613F4700294F50 /* MediaTagTypes.hpp in Headers */,
				0EB71142277D84C1006929F1 /* ID3Helper.h in Headers */,
				0EB7113E277D84C1006929F1 /* ID3v2.h in Headers */,
				5FB59278154594EA0071B204 /* M4aTag.h in Headers */,
				5FB5927A154594EA0071B204 /* MidiTag.h in Headers */,
				0EB7113B277D84C1006929F1 /* ID3v2Frame.h in Headers */,
				5FB5927C154594EA0071B204 /* MP3InfoReader.h in Headers */,
				5FB5927F154594EA0071B204 /* MediaTags.h in Headers */,
			);
			runOnlyForDeploymentPostprocessing = 0;
		};
/* End PBXHeadersBuildPhase section */

/* Begin PBXNativeTarget section */
		5FB5925A154594720071B204 /* Taglib */ = {
			isa = PBXNativeTarget;
			buildConfigurationList = 5FB5925F154594720071B204 /* Build configuration list for PBXNativeTarget "Taglib" */;
			buildPhases = (
				5FB59257154594720071B204 /* Sources */,
				5FB59258154594720071B204 /* Frameworks */,
				5FB59259154594720071B204 /* Headers */,
			);
			buildRules = (
			);
			dependencies = (
			);
			name = Taglib;
			productName = Taglib;
			productReference = 5FB5925B154594720071B204 /* libTaglib.a */;
			productType = "com.apple.product-type.library.static";
		};
/* End PBXNativeTarget section */

/* Begin PBXProject section */
		5FB59252154594710071B204 /* Project object */ = {
			isa = PBXProject;
			attributes = {
				LastUpgradeCheck = 0460;
			};
			buildConfigurationList = 5FB59255154594710071B204 /* Build configuration list for PBXProject "MediaTags" */;
			compatibilityVersion = "Xcode 3.2";
			developmentRegion = English;
			hasScannedForEncodings = 0;
			knownRegions = (
				English,
				en,
			);
			mainGroup = 5FB59250154594710071B204;
			productRefGroup = 5FB5925C154594720071B204 /* Products */;
			projectDirPath = "";
			projectRoot = "";
			targets = (
				5FB5925A154594720071B204 /* Taglib */,
			);
		};
/* End PBXProject section */

/* Begin PBXSourcesBuildPhase section */
		5FB59257154594720071B204 /* Sources */ = {
			isa = PBXSourcesBuildPhase;
			buildActionMask = 2147483647;
			files = (
				0EB71141277D84C1006929F1 /* ID3v2FrameParser.cpp in Sources */,
				0EB71146277D84C1006929F1 /* ID3Helper.cpp in Sources */,
				0EB71143277D84C1006929F1 /* ID3v2.cpp in Sources */,
				5FB59273154594EA0071B204 /* ID3v2IF.cpp in Sources */,
				5FB59275154594EA0071B204 /* LyricsData.cpp in Sources */,
				5FB59277154594EA0071B204 /* M4aTag.cpp in Sources */,
				5FB59279154594EA0071B204 /* MidiTag.cpp in Sources */,
				C05D744F29613F4700294F50 /* MediaTagTypes.cpp in Sources */,
				0EB7113C277D84C1006929F1 /* ID3v2Frame.cpp in Sources */,
				5FB5927B154594EA0071B204 /* MP3InfoReader.cpp in Sources */,
				5FB5927E154594EA0071B204 /* MediaTags.cpp in Sources */,
				0EB71145277D84C1006929F1 /* ID3v1.cpp in Sources */,
			);
			runOnlyForDeploymentPostprocessing = 0;
		};
/* End PBXSourcesBuildPhase section */

/* Begin XCBuildConfiguration section */
		5FB5925D154594720071B204 /* Debug */ = {
			isa = XCBuildConfiguration;
			buildSettings = {
				ALWAYS_SEARCH_USER_PATHS = NO;
				ARCHS = "$(ARCHS_STANDARD_64_BIT)";
				CLANG_CXX_LANGUAGE_STANDARD = "c++0x";
				CLANG_CXX_LIBRARY = "libc++";
				CLANG_WARN_CONSTANT_CONVERSION = YES;
				CLANG_WARN_ENUM_CONVERSION = YES;
				CLANG_WARN_INT_CONVERSION = YES;
				CLANG_WARN__DUPLICATE_METHOD_MATCH = YES;
				COPY_PHASE_STRIP = NO;
				GCC_C_LANGUAGE_STANDARD = gnu99;
				GCC_DYNAMIC_NO_PIC = NO;
				GCC_ENABLE_OBJC_EXCEPTIONS = YES;
				GCC_OPTIMIZATION_LEVEL = 0;
				GCC_PREPROCESSOR_DEFINITIONS = (
					_MAC_OS,
					"DEBUG=1",
					"$(inherited)",
				);
				GCC_SYMBOLS_PRIVATE_EXTERN = NO;
				GCC_VERSION = com.apple.compilers.llvm.clang.1_0;
				GCC_WARN_64_TO_32_BIT_CONVERSION = YES;
				GCC_WARN_ABOUT_MISSING_PROTOTYPES = NO;
				GCC_WARN_ABOUT_RETURN_TYPE = YES;
				GCC_WARN_UNINITIALIZED_AUTOS = YES;
				GCC_WARN_UNUSED_VARIABLE = YES;
				MACOSX_DEPLOYMENT_TARGET = 10.7;
				ONLY_ACTIVE_ARCH = YES;
				SDKROOT = macosx;
			};
			name = Debug;
		};
		5FB5925E154594720071B204 /* Release */ = {
			isa = XCBuildConfiguration;
			buildSettings = {
				ALWAYS_SEARCH_USER_PATHS = NO;
				ARCHS = "$(ARCHS_STANDARD_64_BIT)";
				CLANG_CXX_LANGUAGE_STANDARD = "c++0x";
				CLANG_CXX_LIBRARY = "libc++";
				CLANG_WARN_CONSTANT_CONVERSION = YES;
				CLANG_WARN_ENUM_CONVERSION = YES;
				CLANG_WARN_INT_CONVERSION = YES;
				CLANG_WARN__DUPLICATE_METHOD_MATCH = YES;
				COPY_PHASE_STRIP = YES;
				DEBUG_INFORMATION_FORMAT = "dwarf-with-dsym";
				GCC_C_LANGUAGE_STANDARD = gnu99;
				GCC_ENABLE_OBJC_EXCEPTIONS = YES;
				GCC_PREPROCESSOR_DEFINITIONS = _MAC_OS;
				GCC_VERSION = com.apple.compilers.llvm.clang.1_0;
				GCC_WARN_64_TO_32_BIT_CONVERSION = YES;
				GCC_WARN_ABOUT_MISSING_PROTOTYPES = NO;
				GCC_WARN_ABOUT_RETURN_TYPE = YES;
				GCC_WARN_UNINITIALIZED_AUTOS = YES;
				GCC_WARN_UNUSED_VARIABLE = YES;
				MACOSX_DEPLOYMENT_TARGET = 10.7;
				SDKROOT = macosx;
			};
			name = Release;
		};
		5FB59260154594720071B204 /* Debug */ = {
			isa = XCBuildConfiguration;
			buildSettings = {
				COMBINE_HIDPI_IMAGES = YES;
				EXECUTABLE_PREFIX = lib;
				GCC_PREPROCESSOR_DEFINITIONS = (
					"DEBUG=1",
					"$(inherited)",
				);
				PRODUCT_NAME = "$(TARGET_NAME)";
			};
			name = Debug;
		};
		5FB59261154594720071B204 /* Release */ = {
			isa = XCBuildConfiguration;
			buildSettings = {
				COMBINE_HIDPI_IMAGES = YES;
				EXECUTABLE_PREFIX = lib;
				GCC_PREPROCESSOR_DEFINITIONS = _MAC_OS;
				PRODUCT_NAME = "$(TARGET_NAME)";
			};
			name = Release;
		};
/* End XCBuildConfiguration section */

/* Begin XCConfigurationList section */
		5FB59255154594710071B204 /* Build configuration list for PBXProject "MediaTags" */ = {
			isa = XCConfigurationList;
			buildConfigurations = (
				5FB5925D154594720071B204 /* Debug */,
				5FB5925E154594720071B204 /* Release */,
			);
			defaultConfigurationIsVisible = 0;
			defaultConfigurationName = Release;
		};
		5FB5925F154594720071B204 /* Build configuration list for PBXNativeTarget "Taglib" */ = {
			isa = XCConfigurationList;
			buildConfigurations = (
				5FB59260154594720071B204 /* Debug */,
				5FB59261154594720071B204 /* Release */,
			);
			defaultConfigurationIsVisible = 0;
			defaultConfigurationName = Release;
		};
/* End XCConfigurationList section */
	};
	rootObject = 5FB59252154594710071B204 /* Project object */;
}
