
Microsoft Visual Studio Solution File, Format Version 9.00
# Visual Studio 2005
Project("{8BC9CEB8-8B4A-11D0-8D11-00A0C91BC942}") = "MDFlac", "MDFlac.vcproj", "{6BA5EC73-01D7-4DA0-937E-D67A03F0395B}"
	ProjectSection(ProjectDependencies) = postProject
		{4CEFBC84-C215-11DB-8314-0800200C9A66} = {4CEFBC84-C215-11DB-8314-0800200C9A66}
		{4CEFBC88-C215-11DB-8314-0800200C9A66} = {4CEFBC88-C215-11DB-8314-0800200C9A66}
		{CEF9924B-FD3B-4FCE-B54B-68EC523B5D29} = {CEF9924B-FD3B-4FCE-B54B-68EC523B5D29}
	EndProjectSection
EndProject
Project("{8BC9CEB8-8B4A-11D0-8D11-00A0C91BC942}") = "base", "..\..\base\base.vcproj", "{CEF9924B-FD3B-4FCE-B54B-68EC523B5D29}"
EndProject
Project("{8BC9CEB8-8B4A-11D0-8D11-00A0C91BC942}") = "libFLAC_static", "..\flac\src\libFLAC\libFLAC_static.vcproj", "{4CEFBC84-C215-11DB-8314-0800200C9A66}"
EndProject
Project("{8BC9CEB8-8B4A-11D0-8D11-00A0C91BC942}") = "plugin_common_static", "..\flac\src\plugin_common\plugin_common_static.vcproj", "{4CEFBC88-C215-11DB-8314-0800200C9A66}"
EndProject
Global
	GlobalSection(SolutionConfigurationPlatforms) = preSolution
		Debug|Win32 = Debug|Win32
		Release|Win32 = Release|Win32
		Unicode Debug|Win32 = Unicode Debug|Win32
		Unicode Release|Win32 = Unicode Release|Win32
	EndGlobalSection
	GlobalSection(ProjectConfigurationPlatforms) = postSolution
		{6BA5EC73-01D7-4DA0-937E-D67A03F0395B}.Debug|Win32.ActiveCfg = Debug|Win32
		{6BA5EC73-01D7-4DA0-937E-D67A03F0395B}.Debug|Win32.Build.0 = Debug|Win32
		{6BA5EC73-01D7-4DA0-937E-D67A03F0395B}.Release|Win32.ActiveCfg = Release|Win32
		{6BA5EC73-01D7-4DA0-937E-D67A03F0395B}.Release|Win32.Build.0 = Release|Win32
		{6BA5EC73-01D7-4DA0-937E-D67A03F0395B}.Unicode Debug|Win32.ActiveCfg = Debug|Win32
		{6BA5EC73-01D7-4DA0-937E-D67A03F0395B}.Unicode Debug|Win32.Build.0 = Debug|Win32
		{6BA5EC73-01D7-4DA0-937E-D67A03F0395B}.Unicode Release|Win32.ActiveCfg = Release|Win32
		{6BA5EC73-01D7-4DA0-937E-D67A03F0395B}.Unicode Release|Win32.Build.0 = Release|Win32
		{CEF9924B-FD3B-4FCE-B54B-68EC523B5D29}.Debug|Win32.ActiveCfg = Debug|Win32
		{CEF9924B-FD3B-4FCE-B54B-68EC523B5D29}.Debug|Win32.Build.0 = Debug|Win32
		{CEF9924B-FD3B-4FCE-B54B-68EC523B5D29}.Release|Win32.ActiveCfg = Release|Win32
		{CEF9924B-FD3B-4FCE-B54B-68EC523B5D29}.Release|Win32.Build.0 = Release|Win32
		{CEF9924B-FD3B-4FCE-B54B-68EC523B5D29}.Unicode Debug|Win32.ActiveCfg = Unicode Debug|Win32
		{CEF9924B-FD3B-4FCE-B54B-68EC523B5D29}.Unicode Debug|Win32.Build.0 = Unicode Debug|Win32
		{CEF9924B-FD3B-4FCE-B54B-68EC523B5D29}.Unicode Release|Win32.ActiveCfg = Unicode Release|Win32
		{CEF9924B-FD3B-4FCE-B54B-68EC523B5D29}.Unicode Release|Win32.Build.0 = Unicode Release|Win32
		{4CEFBC84-C215-11DB-8314-0800200C9A66}.Debug|Win32.ActiveCfg = Debug|Win32
		{4CEFBC84-C215-11DB-8314-0800200C9A66}.Debug|Win32.Build.0 = Debug|Win32
		{4CEFBC84-C215-11DB-8314-0800200C9A66}.Release|Win32.ActiveCfg = Release|Win32
		{4CEFBC84-C215-11DB-8314-0800200C9A66}.Release|Win32.Build.0 = Release|Win32
		{4CEFBC84-C215-11DB-8314-0800200C9A66}.Unicode Debug|Win32.ActiveCfg = Debug|Win32
		{4CEFBC84-C215-11DB-8314-0800200C9A66}.Unicode Debug|Win32.Build.0 = Debug|Win32
		{4CEFBC84-C215-11DB-8314-0800200C9A66}.Unicode Release|Win32.ActiveCfg = Release|Win32
		{4CEFBC84-C215-11DB-8314-0800200C9A66}.Unicode Release|Win32.Build.0 = Release|Win32
		{4CEFBC88-C215-11DB-8314-0800200C9A66}.Debug|Win32.ActiveCfg = Debug|Win32
		{4CEFBC88-C215-11DB-8314-0800200C9A66}.Debug|Win32.Build.0 = Debug|Win32
		{4CEFBC88-C215-11DB-8314-0800200C9A66}.Release|Win32.ActiveCfg = Release|Win32
		{4CEFBC88-C215-11DB-8314-0800200C9A66}.Release|Win32.Build.0 = Release|Win32
		{4CEFBC88-C215-11DB-8314-0800200C9A66}.Unicode Debug|Win32.ActiveCfg = Debug|Win32
		{4CEFBC88-C215-11DB-8314-0800200C9A66}.Unicode Debug|Win32.Build.0 = Debug|Win32
		{4CEFBC88-C215-11DB-8314-0800200C9A66}.Unicode Release|Win32.ActiveCfg = Release|Win32
		{4CEFBC88-C215-11DB-8314-0800200C9A66}.Unicode Release|Win32.Build.0 = Release|Win32
	EndGlobalSection
	GlobalSection(SolutionProperties) = preSolution
		HideSolutionNode = FALSE
	EndGlobalSection
EndGlobal
