// !$*UTF8*$!
{
	archiveVersion = 1;
	classes = {
	};
	objectVersion = 46;
	objects = {

/* Begin PBXBuildFile section */
		5F2BD4B6148D04DA003E7F5C /* MLProtocol.cpp in Sources */ = {isa = PBXBuildFile; fileRef = 5F2BD4B5148D04DA003E7F5C /* MLProtocol.cpp */; };
		5FBCCCE814851A0000D7C64A /* Cocoa.framework in Frameworks */ = {isa = PBXBuildFile; fileRef = 5FBCCCE714851A0000D7C64A /* Cocoa.framework */; };
		5FBCCD0B14851A5D00D7C64A /* HttpClient.cpp in Sources */ = {isa = PBXBuildFile; fileRef = 5FBCCCFC14851A5D00D7C64A /* HttpClient.cpp */; };
		5FBCCD0C14851A5D00D7C64A /* HttpClient.h in Headers */ = {isa = PBXBuildFile; fileRef = 5FBCCCFD14851A5D00D7C64A /* HttpClient.h */; };
		5FBCCD0D14851A5D00D7C64A /* HttpProtocol.cpp in Sources */ = {isa = PBXBuildFile; fileRef = 5FBCCCFE14851A5D00D7C64A /* HttpProtocol.cpp */; };
		5FBCCD0E14851A5D00D7C64A /* HttpProtocol.h in Headers */ = {isa = PBXBuildFile; fileRef = 5FBCCCFF14851A5D00D7C64A /* HttpProtocol.h */; };
		5FBCCD0F14851A5D00D7C64A /* MLProtocol.h in Headers */ = {isa = PBXBuildFile; fileRef = 5FBCCD0014851A5D00D7C64A /* MLProtocol.h */; };
		5FBCCD1214851A5D00D7C64A /* MLUtils.cpp in Sources */ = {isa = PBXBuildFile; fileRef = 5FBCCD0314851A5D00D7C64A /* MLUtils.cpp */; };
		5FBCCD1314851A5D00D7C64A /* MLUtils.h in Headers */ = {isa = PBXBuildFile; fileRef = 5FBCCD0414851A5D00D7C64A /* MLUtils.h */; };
		5FBCCD1414851A5D00D7C64A /* NetSDK.cpp in Sources */ = {isa = PBXBuildFile; fileRef = 5FBCCD0514851A5D00D7C64A /* NetSDK.cpp */; };
		5FBCCD1514851A5D00D7C64A /* NetSDK.h in Headers */ = {isa = PBXBuildFile; fileRef = 5FBCCD0614851A5D00D7C64A /* NetSDK.h */; };
		5FBCCD1814851A5D00D7C64A /* sockadapt.h in Headers */ = {isa = PBXBuildFile; fileRef = 5FBCCD0914851A5D00D7C64A /* sockadapt.h */; };
		5FDF9A7118B6F33600ACB5D9 /* ClientCom.cpp in Sources */ = {isa = PBXBuildFile; fileRef = 5FDF9A6F18B6F33600ACB5D9 /* ClientCom.cpp */; };
		5FDF9A7218B6F33600ACB5D9 /* ClientCom.h in Headers */ = {isa = PBXBuildFile; fileRef = 5FDF9A7018B6F33600ACB5D9 /* ClientCom.h */; };
/* End PBXBuildFile section */

/* Begin PBXFileReference section */
		5F2BD4B5148D04DA003E7F5C /* MLProtocol.cpp */ = {isa = PBXFileReference; fileEncoding = 4; lastKnownFileType = sourcecode.cpp.cpp; path = MLProtocol.cpp; sourceTree = SOURCE_ROOT; };
		5FBCCCE414851A0000D7C64A /* libMLProtocolMac.a */ = {isa = PBXFileReference; explicitFileType = archive.ar; includeInIndex = 0; path = libMLProtocolMac.a; sourceTree = BUILT_PRODUCTS_DIR; };
		5FBCCCE714851A0000D7C64A /* Cocoa.framework */ = {isa = PBXFileReference; lastKnownFileType = wrapper.framework; name = Cocoa.framework; path = System/Library/Frameworks/Cocoa.framework; sourceTree = SDKROOT; };
		5FBCCCEA14851A0000D7C64A /* AppKit.framework */ = {isa = PBXFileReference; lastKnownFileType = wrapper.framework; name = AppKit.framework; path = System/Library/Frameworks/AppKit.framework; sourceTree = SDKROOT; };
		5FBCCCEB14851A0000D7C64A /* CoreData.framework */ = {isa = PBXFileReference; lastKnownFileType = wrapper.framework; name = CoreData.framework; path = System/Library/Frameworks/CoreData.framework; sourceTree = SDKROOT; };
		5FBCCCEC14851A0000D7C64A /* Foundation.framework */ = {isa = PBXFileReference; lastKnownFileType = wrapper.framework; name = Foundation.framework; path = System/Library/Frameworks/Foundation.framework; sourceTree = SDKROOT; };
		5FBCCCFC14851A5D00D7C64A /* HttpClient.cpp */ = {isa = PBXFileReference; fileEncoding = 4; lastKnownFileType = sourcecode.cpp.cpp; path = HttpClient.cpp; sourceTree = SOURCE_ROOT; };
		5FBCCCFD14851A5D00D7C64A /* HttpClient.h */ = {isa = PBXFileReference; fileEncoding = 4; lastKnownFileType = sourcecode.c.h; path = HttpClient.h; sourceTree = SOURCE_ROOT; };
		5FBCCCFE14851A5D00D7C64A /* HttpProtocol.cpp */ = {isa = PBXFileReference; fileEncoding = 4; lastKnownFileType = sourcecode.cpp.cpp; path = HttpProtocol.cpp; sourceTree = SOURCE_ROOT; };
		5FBCCCFF14851A5D00D7C64A /* HttpProtocol.h */ = {isa = PBXFileReference; fileEncoding = 4; lastKnownFileType = sourcecode.c.h; path = HttpProtocol.h; sourceTree = SOURCE_ROOT; };
		5FBCCD0014851A5D00D7C64A /* MLProtocol.h */ = {isa = PBXFileReference; fileEncoding = 4; lastKnownFileType = sourcecode.c.h; path = MLProtocol.h; sourceTree = SOURCE_ROOT; };
		5FBCCD0314851A5D00D7C64A /* MLUtils.cpp */ = {isa = PBXFileReference; fileEncoding = 4; lastKnownFileType = sourcecode.cpp.cpp; path = MLUtils.cpp; sourceTree = SOURCE_ROOT; };
		5FBCCD0414851A5D00D7C64A /* MLUtils.h */ = {isa = PBXFileReference; fileEncoding = 4; lastKnownFileType = sourcecode.c.h; path = MLUtils.h; sourceTree = SOURCE_ROOT; };
		5FBCCD0514851A5D00D7C64A /* NetSDK.cpp */ = {isa = PBXFileReference; fileEncoding = 4; lastKnownFileType = sourcecode.cpp.cpp; path = NetSDK.cpp; sourceTree = SOURCE_ROOT; };
		5FBCCD0614851A5D00D7C64A /* NetSDK.h */ = {isa = PBXFileReference; fileEncoding = 4; lastKnownFileType = sourcecode.c.h; path = NetSDK.h; sourceTree = SOURCE_ROOT; };
		5FBCCD0914851A5D00D7C64A /* sockadapt.h */ = {isa = PBXFileReference; fileEncoding = 4; lastKnownFileType = sourcecode.c.h; path = sockadapt.h; sourceTree = SOURCE_ROOT; };
		5FDF9A6F18B6F33600ACB5D9 /* ClientCom.cpp */ = {isa = PBXFileReference; fileEncoding = 4; lastKnownFileType = sourcecode.cpp.cpp; path = ClientCom.cpp; sourceTree = SOURCE_ROOT; };
		5FDF9A7018B6F33600ACB5D9 /* ClientCom.h */ = {isa = PBXFileReference; fileEncoding = 4; lastKnownFileType = sourcecode.c.h; path = ClientCom.h; sourceTree = SOURCE_ROOT; };
/* End PBXFileReference section */

/* Begin PBXFrameworksBuildPhase section */
		5FBCCCE114851A0000D7C64A /* Frameworks */ = {
			isa = PBXFrameworksBuildPhase;
			buildActionMask = 2147483647;
			files = (
				5FBCCCE814851A0000D7C64A /* Cocoa.framework in Frameworks */,
			);
			runOnlyForDeploymentPostprocessing = 0;
		};
/* End PBXFrameworksBuildPhase section */

/* Begin PBXGroup section */
		5FBCCCD914851A0000D7C64A = {
			isa = PBXGroup;
			children = (
				5FBCCCED14851A0000D7C64A /* Sources */,
				5FBCCCE614851A0000D7C64A /* Frameworks */,
				5FBCCCE514851A0000D7C64A /* Products */,
			);
			sourceTree = "<group>";
		};
		5FBCCCE514851A0000D7C64A /* Products */ = {
			isa = PBXGroup;
			children = (
				5FBCCCE414851A0000D7C64A /* libMLProtocolMac.a */,
			);
			name = Products;
			sourceTree = "<group>";
		};
		5FBCCCE614851A0000D7C64A /* Frameworks */ = {
			isa = PBXGroup;
			children = (
				5FBCCCE714851A0000D7C64A /* Cocoa.framework */,
				5FBCCCE914851A0000D7C64A /* Other Frameworks */,
			);
			name = Frameworks;
			sourceTree = "<group>";
		};
		5FBCCCE914851A0000D7C64A /* Other Frameworks */ = {
			isa = PBXGroup;
			children = (
				5FBCCCEA14851A0000D7C64A /* AppKit.framework */,
				5FBCCCEB14851A0000D7C64A /* CoreData.framework */,
				5FBCCCEC14851A0000D7C64A /* Foundation.framework */,
			);
			name = "Other Frameworks";
			sourceTree = "<group>";
		};
		5FBCCCED14851A0000D7C64A /* Sources */ = {
			isa = PBXGroup;
			children = (
				5FDF9A6F18B6F33600ACB5D9 /* ClientCom.cpp */,
				5FDF9A7018B6F33600ACB5D9 /* ClientCom.h */,
				5F2BD4B5148D04DA003E7F5C /* MLProtocol.cpp */,
				5FBCCCFC14851A5D00D7C64A /* HttpClient.cpp */,
				5FBCCCFD14851A5D00D7C64A /* HttpClient.h */,
				5FBCCCFE14851A5D00D7C64A /* HttpProtocol.cpp */,
				5FBCCCFF14851A5D00D7C64A /* HttpProtocol.h */,
				5FBCCD0014851A5D00D7C64A /* MLProtocol.h */,
				5FBCCD0314851A5D00D7C64A /* MLUtils.cpp */,
				5FBCCD0414851A5D00D7C64A /* MLUtils.h */,
				5FBCCD0514851A5D00D7C64A /* NetSDK.cpp */,
				5FBCCD0614851A5D00D7C64A /* NetSDK.h */,
				5FBCCD0914851A5D00D7C64A /* sockadapt.h */,
			);
			name = Sources;
			path = MLProtocolMac;
			sourceTree = "<group>";
		};
/* End PBXGroup section */

/* Begin PBXHeadersBuildPhase section */
		5FBCCCE214851A0000D7C64A /* Headers */ = {
			isa = PBXHeadersBuildPhase;
			buildActionMask = 2147483647;
			files = (
				5FBCCD0C14851A5D00D7C64A /* HttpClient.h in Headers */,
				5FBCCD0E14851A5D00D7C64A /* HttpProtocol.h in Headers */,
				5FBCCD0F14851A5D00D7C64A /* MLProtocol.h in Headers */,
				5FBCCD1314851A5D00D7C64A /* MLUtils.h in Headers */,
				5FBCCD1514851A5D00D7C64A /* NetSDK.h in Headers */,
				5FDF9A7218B6F33600ACB5D9 /* ClientCom.h in Headers */,
				5FBCCD1814851A5D00D7C64A /* sockadapt.h in Headers */,
			);
			runOnlyForDeploymentPostprocessing = 0;
		};
/* End PBXHeadersBuildPhase section */

/* Begin PBXNativeTarget section */
		5FBCCCE314851A0000D7C64A /* MLProtocolMac */ = {
			isa = PBXNativeTarget;
			buildConfigurationList = 5FBCCCF514851A0000D7C64A /* Build configuration list for PBXNativeTarget "MLProtocolMac" */;
			buildPhases = (
				5FBCCCE014851A0000D7C64A /* Sources */,
				5FBCCCE114851A0000D7C64A /* Frameworks */,
				5FBCCCE214851A0000D7C64A /* Headers */,
			);
			buildRules = (
			);
			dependencies = (
			);
			name = MLProtocolMac;
			productName = MLProtocolMac;
			productReference = 5FBCCCE414851A0000D7C64A /* libMLProtocolMac.a */;
			productType = "com.apple.product-type.library.static";
		};
/* End PBXNativeTarget section */

/* Begin PBXProject section */
		5FBCCCDB14851A0000D7C64A /* Project object */ = {
			isa = PBXProject;
			attributes = {
				LastUpgradeCheck = 0500;
			};
			buildConfigurationList = 5FBCCCDE14851A0000D7C64A /* Build configuration list for PBXProject "MLProtocol" */;
			compatibilityVersion = "Xcode 3.2";
			developmentRegion = English;
			hasScannedForEncodings = 0;
			knownRegions = (
				English,
				en,
			);
			mainGroup = 5FBCCCD914851A0000D7C64A;
			productRefGroup = 5FBCCCE514851A0000D7C64A /* Products */;
			projectDirPath = "";
			projectRoot = "";
			targets = (
				5FBCCCE314851A0000D7C64A /* MLProtocolMac */,
			);
		};
/* End PBXProject section */

/* Begin PBXSourcesBuildPhase section */
		5FBCCCE014851A0000D7C64A /* Sources */ = {
			isa = PBXSourcesBuildPhase;
			buildActionMask = 2147483647;
			files = (
				5FBCCD0B14851A5D00D7C64A /* HttpClient.cpp in Sources */,
				5FBCCD0D14851A5D00D7C64A /* HttpProtocol.cpp in Sources */,
				5FBCCD1214851A5D00D7C64A /* MLUtils.cpp in Sources */,
				5FBCCD1414851A5D00D7C64A /* NetSDK.cpp in Sources */,
				5F2BD4B6148D04DA003E7F5C /* MLProtocol.cpp in Sources */,
				5FDF9A7118B6F33600ACB5D9 /* ClientCom.cpp in Sources */,
			);
			runOnlyForDeploymentPostprocessing = 0;
		};
/* End PBXSourcesBuildPhase section */

/* Begin XCBuildConfiguration section */
		5FBCCCF314851A0000D7C64A /* Debug */ = {
			isa = XCBuildConfiguration;
			buildSettings = {
				ALWAYS_SEARCH_USER_PATHS = NO;
				CLANG_CXX_LANGUAGE_STANDARD = "c++0x";
				CLANG_CXX_LIBRARY = "libc++";
				CLANG_WARN_BOOL_CONVERSION = YES;
				CLANG_WARN_CONSTANT_CONVERSION = YES;
				CLANG_WARN_EMPTY_BODY = YES;
				CLANG_WARN_ENUM_CONVERSION = YES;
				CLANG_WARN_INT_CONVERSION = YES;
				CLANG_WARN__DUPLICATE_METHOD_MATCH = YES;
				COPY_PHASE_STRIP = NO;
				GCC_C_LANGUAGE_STANDARD = gnu99;
				GCC_DYNAMIC_NO_PIC = NO;
				GCC_ENABLE_OBJC_EXCEPTIONS = YES;
				GCC_OPTIMIZATION_LEVEL = 0;
				GCC_PREPROCESSOR_DEFINITIONS = (
					"DEBUG=1",
					"$(inherited)",
				);
				GCC_SYMBOLS_PRIVATE_EXTERN = NO;
				GCC_VERSION = com.apple.compilers.llvm.clang.1_0;
				GCC_WARN_64_TO_32_BIT_CONVERSION = YES;
				GCC_WARN_ABOUT_MISSING_PROTOTYPES = YES;
				GCC_WARN_ABOUT_RETURN_TYPE = YES;
				GCC_WARN_UNDECLARED_SELECTOR = YES;
				GCC_WARN_UNINITIALIZED_AUTOS = YES;
				GCC_WARN_UNUSED_FUNCTION = YES;
				GCC_WARN_UNUSED_VARIABLE = YES;
				MACOSX_DEPLOYMENT_TARGET = 10.7;
				ONLY_ACTIVE_ARCH = YES;
				SDKROOT = macosx;
			};
			name = Debug;
		};
		5FBCCCF414851A0000D7C64A /* Release */ = {
			isa = XCBuildConfiguration;
			buildSettings = {
				ALWAYS_SEARCH_USER_PATHS = NO;
				CLANG_CXX_LANGUAGE_STANDARD = "c++0x";
				CLANG_CXX_LIBRARY = "libc++";
				CLANG_WARN_BOOL_CONVERSION = YES;
				CLANG_WARN_CONSTANT_CONVERSION = YES;
				CLANG_WARN_EMPTY_BODY = YES;
				CLANG_WARN_ENUM_CONVERSION = YES;
				CLANG_WARN_INT_CONVERSION = YES;
				CLANG_WARN__DUPLICATE_METHOD_MATCH = YES;
				COPY_PHASE_STRIP = YES;
				DEBUG_INFORMATION_FORMAT = "dwarf-with-dsym";
				GCC_C_LANGUAGE_STANDARD = gnu99;
				GCC_ENABLE_OBJC_EXCEPTIONS = YES;
				GCC_VERSION = com.apple.compilers.llvm.clang.1_0;
				GCC_WARN_64_TO_32_BIT_CONVERSION = YES;
				GCC_WARN_ABOUT_MISSING_PROTOTYPES = YES;
				GCC_WARN_ABOUT_RETURN_TYPE = YES;
				GCC_WARN_UNDECLARED_SELECTOR = YES;
				GCC_WARN_UNINITIALIZED_AUTOS = YES;
				GCC_WARN_UNUSED_FUNCTION = YES;
				GCC_WARN_UNUSED_VARIABLE = YES;
				MACOSX_DEPLOYMENT_TARGET = 10.7;
				SDKROOT = macosx;
			};
			name = Release;
		};
		5FBCCCF614851A0000D7C64A /* Debug */ = {
			isa = XCBuildConfiguration;
			buildSettings = {
				COMBINE_HIDPI_IMAGES = YES;
				GCC_PRECOMPILE_PREFIX_HEADER = NO;
				GCC_PREFIX_HEADER = "";
				GCC_PREPROCESSOR_DEFINITIONS = (
					_MAC_OS,
					"$(inherited)",
				);
				GCC_WARN_ABOUT_MISSING_PROTOTYPES = NO;
				PRODUCT_NAME = "$(TARGET_NAME)";
			};
			name = Debug;
		};
		5FBCCCF714851A0000D7C64A /* Release */ = {
			isa = XCBuildConfiguration;
			buildSettings = {
				COMBINE_HIDPI_IMAGES = YES;
				GCC_PRECOMPILE_PREFIX_HEADER = NO;
				GCC_PREFIX_HEADER = "";
				GCC_PREPROCESSOR_DEFINITIONS = _MAC_OS;
				GCC_WARN_ABOUT_MISSING_PROTOTYPES = NO;
				PRODUCT_NAME = "$(TARGET_NAME)";
			};
			name = Release;
		};
/* End XCBuildConfiguration section */

/* Begin XCConfigurationList section */
		5FBCCCDE14851A0000D7C64A /* Build configuration list for PBXProject "MLProtocol" */ = {
			isa = XCConfigurationList;
			buildConfigurations = (
				5FBCCCF314851A0000D7C64A /* Debug */,
				5FBCCCF414851A0000D7C64A /* Release */,
			);
			defaultConfigurationIsVisible = 0;
			defaultConfigurationName = Release;
		};
		5FBCCCF514851A0000D7C64A /* Build configuration list for PBXNativeTarget "MLProtocolMac" */ = {
			isa = XCConfigurationList;
			buildConfigurations = (
				5FBCCCF614851A0000D7C64A /* Debug */,
				5FBCCCF714851A0000D7C64A /* Release */,
			);
			defaultConfigurationIsVisible = 0;
			defaultConfigurationName = Release;
		};
/* End XCConfigurationList section */
	};
	rootObject = 5FBCCCDB14851A0000D7C64A /* Project object */;
}
