
Microsoft Visual Studio Solution File, Format Version 9.00
# Visual Studio 2005
Project("{8BC9CEB8-8B4A-11D0-8D11-00A0C91BC942}") = "SimpleJVM", "SimpleJVM.vcproj", "{7BD4A700-8B79-46AD-BCF6-66D0E292A180}"
	ProjectSection(ProjectDependencies) = postProject
		{CEF9924B-FD3B-4FCE-B54B-68EC523B5D29} = {CEF9924B-FD3B-4FCE-B54B-68EC523B5D29}
		{52C04060-FD92-47AD-AF15-39DDC68EA9FF} = {52C04060-FD92-47AD-AF15-39DDC68EA9FF}
		{4FD91EED-050C-4F41-9D31-AB6B5FE92BBE} = {4FD91EED-050C-4F41-9D31-AB6B5FE92BBE}
	EndProjectSection
EndProject
Project("{8BC9CEB8-8B4A-11D0-8D11-00A0C91BC942}") = "base", "..\base\base.vcproj", "{CEF9924B-FD3B-4FCE-B54B-68EC523B5D29}"
EndProject
Project("{8BC9CEB8-8B4A-11D0-8D11-00A0C91BC942}") = "Utils", "..\Utils\Utils.vcproj", "{4FD91EED-050C-4F41-9D31-AB6B5FE92BBE}"
EndProject
Project("{8BC9CEB8-8B4A-11D0-8D11-00A0C91BC942}") = "cppunit", "..\SDK\cppunit\src\cppunit\cppunit.vcproj", "{52C04060-FD92-47AD-AF15-39DDC68EA9FF}"
EndProject
Global
	GlobalSection(SolutionConfigurationPlatforms) = preSolution
		Debug|Win32 = Debug|Win32
		Release|Win32 = Release|Win32
		Unicode Debug|Win32 = Unicode Debug|Win32
		Unicode Release|Win32 = Unicode Release|Win32
		UNIT_TEST Unicode Debug|Win32 = UNIT_TEST Unicode Debug|Win32
	EndGlobalSection
	GlobalSection(ProjectConfigurationPlatforms) = postSolution
		{7BD4A700-8B79-46AD-BCF6-66D0E292A180}.Debug|Win32.ActiveCfg = Debug|Win32
		{7BD4A700-8B79-46AD-BCF6-66D0E292A180}.Debug|Win32.Build.0 = Debug|Win32
		{7BD4A700-8B79-46AD-BCF6-66D0E292A180}.Release|Win32.ActiveCfg = Release|Win32
		{7BD4A700-8B79-46AD-BCF6-66D0E292A180}.Release|Win32.Build.0 = Release|Win32
		{7BD4A700-8B79-46AD-BCF6-66D0E292A180}.Unicode Debug|Win32.ActiveCfg = Debug|Win32
		{7BD4A700-8B79-46AD-BCF6-66D0E292A180}.Unicode Debug|Win32.Build.0 = Debug|Win32
		{7BD4A700-8B79-46AD-BCF6-66D0E292A180}.Unicode Release|Win32.ActiveCfg = Release|Win32
		{7BD4A700-8B79-46AD-BCF6-66D0E292A180}.Unicode Release|Win32.Build.0 = Release|Win32
		{7BD4A700-8B79-46AD-BCF6-66D0E292A180}.UNIT_TEST Unicode Debug|Win32.ActiveCfg = Debug|Win32
		{7BD4A700-8B79-46AD-BCF6-66D0E292A180}.UNIT_TEST Unicode Debug|Win32.Build.0 = Debug|Win32
		{CEF9924B-FD3B-4FCE-B54B-68EC523B5D29}.Debug|Win32.ActiveCfg = Debug|Win32
		{CEF9924B-FD3B-4FCE-B54B-68EC523B5D29}.Debug|Win32.Build.0 = Debug|Win32
		{CEF9924B-FD3B-4FCE-B54B-68EC523B5D29}.Release|Win32.ActiveCfg = Release|Win32
		{CEF9924B-FD3B-4FCE-B54B-68EC523B5D29}.Release|Win32.Build.0 = Release|Win32
		{CEF9924B-FD3B-4FCE-B54B-68EC523B5D29}.Unicode Debug|Win32.ActiveCfg = Unicode Debug|Win32
		{CEF9924B-FD3B-4FCE-B54B-68EC523B5D29}.Unicode Debug|Win32.Build.0 = Unicode Debug|Win32
		{CEF9924B-FD3B-4FCE-B54B-68EC523B5D29}.Unicode Release|Win32.ActiveCfg = Unicode Release|Win32
		{CEF9924B-FD3B-4FCE-B54B-68EC523B5D29}.Unicode Release|Win32.Build.0 = Unicode Release|Win32
		{CEF9924B-FD3B-4FCE-B54B-68EC523B5D29}.UNIT_TEST Unicode Debug|Win32.ActiveCfg = UNIT_TEST Unicode Debug|Win32
		{CEF9924B-FD3B-4FCE-B54B-68EC523B5D29}.UNIT_TEST Unicode Debug|Win32.Build.0 = UNIT_TEST Unicode Debug|Win32
		{4FD91EED-050C-4F41-9D31-AB6B5FE92BBE}.Debug|Win32.ActiveCfg = Debug|Win32
		{4FD91EED-050C-4F41-9D31-AB6B5FE92BBE}.Debug|Win32.Build.0 = Debug|Win32
		{4FD91EED-050C-4F41-9D31-AB6B5FE92BBE}.Release|Win32.ActiveCfg = Release|Win32
		{4FD91EED-050C-4F41-9D31-AB6B5FE92BBE}.Release|Win32.Build.0 = Release|Win32
		{4FD91EED-050C-4F41-9D31-AB6B5FE92BBE}.Unicode Debug|Win32.ActiveCfg = Unicode Debug|Win32
		{4FD91EED-050C-4F41-9D31-AB6B5FE92BBE}.Unicode Debug|Win32.Build.0 = Unicode Debug|Win32
		{4FD91EED-050C-4F41-9D31-AB6B5FE92BBE}.Unicode Release|Win32.ActiveCfg = Unicode Release|Win32
		{4FD91EED-050C-4F41-9D31-AB6B5FE92BBE}.Unicode Release|Win32.Build.0 = Unicode Release|Win32
		{4FD91EED-050C-4F41-9D31-AB6B5FE92BBE}.UNIT_TEST Unicode Debug|Win32.ActiveCfg = UNIT_TEST Unicode Debug|Win32
		{4FD91EED-050C-4F41-9D31-AB6B5FE92BBE}.UNIT_TEST Unicode Debug|Win32.Build.0 = UNIT_TEST Unicode Debug|Win32
		{52C04060-FD92-47AD-AF15-39DDC68EA9FF}.Debug|Win32.ActiveCfg = Debug|Win32
		{52C04060-FD92-47AD-AF15-39DDC68EA9FF}.Debug|Win32.Build.0 = Debug|Win32
		{52C04060-FD92-47AD-AF15-39DDC68EA9FF}.Release|Win32.ActiveCfg = Release|Win32
		{52C04060-FD92-47AD-AF15-39DDC68EA9FF}.Release|Win32.Build.0 = Release|Win32
		{52C04060-FD92-47AD-AF15-39DDC68EA9FF}.Unicode Debug|Win32.ActiveCfg = Debug|Win32
		{52C04060-FD92-47AD-AF15-39DDC68EA9FF}.Unicode Debug|Win32.Build.0 = Debug|Win32
		{52C04060-FD92-47AD-AF15-39DDC68EA9FF}.Unicode Release|Win32.ActiveCfg = Release|Win32
		{52C04060-FD92-47AD-AF15-39DDC68EA9FF}.Unicode Release|Win32.Build.0 = Release|Win32
		{52C04060-FD92-47AD-AF15-39DDC68EA9FF}.UNIT_TEST Unicode Debug|Win32.ActiveCfg = Debug|Win32
		{52C04060-FD92-47AD-AF15-39DDC68EA9FF}.UNIT_TEST Unicode Debug|Win32.Build.0 = Debug|Win32
	EndGlobalSection
	GlobalSection(SolutionProperties) = preSolution
		HideSolutionNode = FALSE
	EndGlobalSection
EndGlobal
