// !$*UTF8*$!
{
	archiveVersion = 1;
	classes = {
	};
	objectVersion = 46;
	objects = {

/* Begin PBXBuildFile section */
		5FBCCD3214851B5300D7C64A /* Cocoa.framework in Frameworks */ = {isa = PBXBuildFile; fileRef = 5FBCCD3114851B5300D7C64A /* Cocoa.framework */; };
		5FBCCD6714851BE700D7C64A /* HelperFun.cpp in Sources */ = {isa = PBXBuildFile; fileRef = 5FBCCD4614851BE700D7C64A /* HelperFun.cpp */; };
		5FBCCD6814851BE700D7C64A /* HelperFun.h in Headers */ = {isa = PBXBuildFile; fileRef = 5FBCCD4714851BE700D7C64A /* HelperFun.h */; };
		5FBCCD6914851BE700D7C64A /* LrcParser.cpp in Sources */ = {isa = PBXBuildFile; fileRef = 5FBCCD4814851BE700D7C64A /* LrcParser.cpp */; };
		5FBCCD6A14851BE700D7C64A /* LrcParser.h in Headers */ = {isa = PBXBuildFile; fileRef = 5FBCCD4914851BE700D7C64A /* LrcParser.h */; };
		5FBCCD6B14851BE700D7C64A /* LrcParserHelper.h in Headers */ = {isa = PBXBuildFile; fileRef = 5FBCCD4A14851BE700D7C64A /* LrcParserHelper.h */; };
		5FBCCD6C14851BE700D7C64A /* LrcTag.cpp in Sources */ = {isa = PBXBuildFile; fileRef = 5FBCCD4B14851BE700D7C64A /* LrcTag.cpp */; };
		5FBCCD6D14851BE700D7C64A /* LrcTag.h in Headers */ = {isa = PBXBuildFile; fileRef = 5FBCCD4C14851BE700D7C64A /* LrcTag.h */; };
		5FBCCD6E14851BE700D7C64A /* Lyrics3v2.cpp in Sources */ = {isa = PBXBuildFile; fileRef = 5FBCCD4D14851BE700D7C64A /* Lyrics3v2.cpp */; };
		5FBCCD6F14851BE700D7C64A /* Lyrics3v2.h in Headers */ = {isa = PBXBuildFile; fileRef = 5FBCCD4E14851BE700D7C64A /* Lyrics3v2.h */; };
		5FBCCD7014851BE700D7C64A /* LyricsParser.h in Headers */ = {isa = PBXBuildFile; fileRef = 5FBCCD4F14851BE700D7C64A /* LyricsParser.h */; };
		5FBCCD7114851BE700D7C64A /* LyricsSearch.cpp in Sources */ = {isa = PBXBuildFile; fileRef = 5FBCCD5014851BE700D7C64A /* LyricsSearch.cpp */; };
		5FBCCD7214851BE700D7C64A /* LyricsSearch.h in Headers */ = {isa = PBXBuildFile; fileRef = 5FBCCD5114851BE700D7C64A /* LyricsSearch.h */; };
		5FBCCD7314851BE700D7C64A /* LyrScrollActionRecorder.cpp in Sources */ = {isa = PBXBuildFile; fileRef = 5FBCCD5214851BE700D7C64A /* LyrScrollActionRecorder.cpp */; };
		5FBCCD7414851BE700D7C64A /* LyrScrollActionRecorder.h in Headers */ = {isa = PBXBuildFile; fileRef = 5FBCCD5314851BE700D7C64A /* LyrScrollActionRecorder.h */; };
		5FBCCD7514851BE700D7C64A /* LyrTimeStamp.cpp in Sources */ = {isa = PBXBuildFile; fileRef = 5FBCCD5414851BE700D7C64A /* LyrTimeStamp.cpp */; };
		5FBCCD7614851BE700D7C64A /* LyrTimeStamp.h in Headers */ = {isa = PBXBuildFile; fileRef = 5FBCCD5514851BE700D7C64A /* LyrTimeStamp.h */; };
		5FBCCD7714851BE700D7C64A /* MLData.cpp in Sources */ = {isa = PBXBuildFile; fileRef = 5FBCCD5614851BE700D7C64A /* MLData.cpp */; };
		5FBCCD7814851BE700D7C64A /* MLData.h in Headers */ = {isa = PBXBuildFile; fileRef = 5FBCCD5714851BE700D7C64A /* MLData.h */; };
		5FBCCD7914851BE700D7C64A /* MLEncrypt.h in Headers */ = {isa = PBXBuildFile; fileRef = 5FBCCD5814851BE700D7C64A /* MLEncrypt.h */; };
		5FBCCD7C14851BE700D7C64A /* MLLib.h in Headers */ = {isa = PBXBuildFile; fileRef = 5FBCCD5B14851BE700D7C64A /* MLLib.h */; };
		5FBCCD8314851BE700D7C64A /* SncParser.cpp in Sources */ = {isa = PBXBuildFile; fileRef = 5FBCCD6214851BE700D7C64A /* SncParser.cpp */; };
		5FBCCD8414851BE700D7C64A /* SncParser.h in Headers */ = {isa = PBXBuildFile; fileRef = 5FBCCD6314851BE700D7C64A /* SncParser.h */; };
		5FBCCD8514851BE700D7C64A /* SrtParser.cpp in Sources */ = {isa = PBXBuildFile; fileRef = 5FBCCD6414851BE700D7C64A /* SrtParser.cpp */; };
		5FBCCD8614851BE700D7C64A /* SrtParser.h in Headers */ = {isa = PBXBuildFile; fileRef = 5FBCCD6514851BE700D7C64A /* SrtParser.h */; };
		5FDF5F991720CE8100F20EB2 /* LyricsKeywordFilter.cpp in Sources */ = {isa = PBXBuildFile; fileRef = 5FDF5F971720CE8100F20EB2 /* LyricsKeywordFilter.cpp */; };
		5FDF5F9A1720CE8100F20EB2 /* LyricsKeywordFilter.h in Headers */ = {isa = PBXBuildFile; fileRef = 5FDF5F981720CE8100F20EB2 /* LyricsKeywordFilter.h */; };
/* End PBXBuildFile section */

/* Begin PBXFileReference section */
		5FBCCD2E14851B5300D7C64A /* libMLLibMac.a */ = {isa = PBXFileReference; explicitFileType = archive.ar; includeInIndex = 0; path = libMLLibMac.a; sourceTree = BUILT_PRODUCTS_DIR; };
		5FBCCD3114851B5300D7C64A /* Cocoa.framework */ = {isa = PBXFileReference; lastKnownFileType = wrapper.framework; name = Cocoa.framework; path = System/Library/Frameworks/Cocoa.framework; sourceTree = SDKROOT; };
		5FBCCD3414851B5300D7C64A /* AppKit.framework */ = {isa = PBXFileReference; lastKnownFileType = wrapper.framework; name = AppKit.framework; path = System/Library/Frameworks/AppKit.framework; sourceTree = SDKROOT; };
		5FBCCD3514851B5300D7C64A /* CoreData.framework */ = {isa = PBXFileReference; lastKnownFileType = wrapper.framework; name = CoreData.framework; path = System/Library/Frameworks/CoreData.framework; sourceTree = SDKROOT; };
		5FBCCD3614851B5300D7C64A /* Foundation.framework */ = {isa = PBXFileReference; lastKnownFileType = wrapper.framework; name = Foundation.framework; path = System/Library/Frameworks/Foundation.framework; sourceTree = SDKROOT; };
		5FBCCD4614851BE700D7C64A /* HelperFun.cpp */ = {isa = PBXFileReference; fileEncoding = 4; lastKnownFileType = sourcecode.cpp.cpp; path = HelperFun.cpp; sourceTree = SOURCE_ROOT; };
		5FBCCD4714851BE700D7C64A /* HelperFun.h */ = {isa = PBXFileReference; fileEncoding = 4; lastKnownFileType = sourcecode.c.h; path = HelperFun.h; sourceTree = SOURCE_ROOT; };
		5FBCCD4814851BE700D7C64A /* LrcParser.cpp */ = {isa = PBXFileReference; fileEncoding = 4; lastKnownFileType = sourcecode.cpp.cpp; path = LrcParser.cpp; sourceTree = SOURCE_ROOT; };
		5FBCCD4914851BE700D7C64A /* LrcParser.h */ = {isa = PBXFileReference; fileEncoding = 4; lastKnownFileType = sourcecode.c.h; path = LrcParser.h; sourceTree = SOURCE_ROOT; };
		5FBCCD4A14851BE700D7C64A /* LrcParserHelper.h */ = {isa = PBXFileReference; fileEncoding = 4; lastKnownFileType = sourcecode.c.h; path = LrcParserHelper.h; sourceTree = SOURCE_ROOT; };
		5FBCCD4B14851BE700D7C64A /* LrcTag.cpp */ = {isa = PBXFileReference; fileEncoding = 4; lastKnownFileType = sourcecode.cpp.cpp; path = LrcTag.cpp; sourceTree = SOURCE_ROOT; };
		5FBCCD4C14851BE700D7C64A /* LrcTag.h */ = {isa = PBXFileReference; fileEncoding = 4; lastKnownFileType = sourcecode.c.h; path = LrcTag.h; sourceTree = SOURCE_ROOT; };
		5FBCCD4D14851BE700D7C64A /* Lyrics3v2.cpp */ = {isa = PBXFileReference; fileEncoding = 4; lastKnownFileType = sourcecode.cpp.cpp; path = Lyrics3v2.cpp; sourceTree = SOURCE_ROOT; };
		5FBCCD4E14851BE700D7C64A /* Lyrics3v2.h */ = {isa = PBXFileReference; fileEncoding = 4; lastKnownFileType = sourcecode.c.h; path = Lyrics3v2.h; sourceTree = SOURCE_ROOT; };
		5FBCCD4F14851BE700D7C64A /* LyricsParser.h */ = {isa = PBXFileReference; fileEncoding = 4; lastKnownFileType = sourcecode.c.h; path = LyricsParser.h; sourceTree = SOURCE_ROOT; };
		5FBCCD5014851BE700D7C64A /* LyricsSearch.cpp */ = {isa = PBXFileReference; fileEncoding = 4; lastKnownFileType = sourcecode.cpp.cpp; path = LyricsSearch.cpp; sourceTree = SOURCE_ROOT; };
		5FBCCD5114851BE700D7C64A /* LyricsSearch.h */ = {isa = PBXFileReference; fileEncoding = 4; lastKnownFileType = sourcecode.c.h; path = LyricsSearch.h; sourceTree = SOURCE_ROOT; };
		5FBCCD5214851BE700D7C64A /* LyrScrollActionRecorder.cpp */ = {isa = PBXFileReference; fileEncoding = 4; lastKnownFileType = sourcecode.cpp.cpp; path = LyrScrollActionRecorder.cpp; sourceTree = SOURCE_ROOT; };
		5FBCCD5314851BE700D7C64A /* LyrScrollActionRecorder.h */ = {isa = PBXFileReference; fileEncoding = 4; lastKnownFileType = sourcecode.c.h; path = LyrScrollActionRecorder.h; sourceTree = SOURCE_ROOT; };
		5FBCCD5414851BE700D7C64A /* LyrTimeStamp.cpp */ = {isa = PBXFileReference; fileEncoding = 4; lastKnownFileType = sourcecode.cpp.cpp; path = LyrTimeStamp.cpp; sourceTree = SOURCE_ROOT; };
		5FBCCD5514851BE700D7C64A /* LyrTimeStamp.h */ = {isa = PBXFileReference; fileEncoding = 4; lastKnownFileType = sourcecode.c.h; path = LyrTimeStamp.h; sourceTree = SOURCE_ROOT; };
		5FBCCD5614851BE700D7C64A /* MLData.cpp */ = {isa = PBXFileReference; fileEncoding = 4; lastKnownFileType = sourcecode.cpp.cpp; path = MLData.cpp; sourceTree = SOURCE_ROOT; };
		5FBCCD5714851BE700D7C64A /* MLData.h */ = {isa = PBXFileReference; fileEncoding = 4; lastKnownFileType = sourcecode.c.h; path = MLData.h; sourceTree = SOURCE_ROOT; };
		5FBCCD5814851BE700D7C64A /* MLEncrypt.h */ = {isa = PBXFileReference; fileEncoding = 4; lastKnownFileType = sourcecode.c.h; path = MLEncrypt.h; sourceTree = SOURCE_ROOT; };
		5FBCCD5B14851BE700D7C64A /* MLLib.h */ = {isa = PBXFileReference; fileEncoding = 4; lastKnownFileType = sourcecode.c.h; path = MLLib.h; sourceTree = SOURCE_ROOT; };
		5FBCCD6214851BE700D7C64A /* SncParser.cpp */ = {isa = PBXFileReference; fileEncoding = 4; lastKnownFileType = sourcecode.cpp.cpp; path = SncParser.cpp; sourceTree = SOURCE_ROOT; };
		5FBCCD6314851BE700D7C64A /* SncParser.h */ = {isa = PBXFileReference; fileEncoding = 4; lastKnownFileType = sourcecode.c.h; path = SncParser.h; sourceTree = SOURCE_ROOT; };
		5FBCCD6414851BE700D7C64A /* SrtParser.cpp */ = {isa = PBXFileReference; fileEncoding = 4; lastKnownFileType = sourcecode.cpp.cpp; path = SrtParser.cpp; sourceTree = SOURCE_ROOT; };
		5FBCCD6514851BE700D7C64A /* SrtParser.h */ = {isa = PBXFileReference; fileEncoding = 4; lastKnownFileType = sourcecode.c.h; path = SrtParser.h; sourceTree = SOURCE_ROOT; };
		5FDF5F971720CE8100F20EB2 /* LyricsKeywordFilter.cpp */ = {isa = PBXFileReference; fileEncoding = 4; lastKnownFileType = sourcecode.cpp.cpp; path = LyricsKeywordFilter.cpp; sourceTree = SOURCE_ROOT; };
		5FDF5F981720CE8100F20EB2 /* LyricsKeywordFilter.h */ = {isa = PBXFileReference; fileEncoding = 4; lastKnownFileType = sourcecode.c.h; path = LyricsKeywordFilter.h; sourceTree = SOURCE_ROOT; };
/* End PBXFileReference section */

/* Begin PBXFrameworksBuildPhase section */
		5FBCCD2B14851B5300D7C64A /* Frameworks */ = {
			isa = PBXFrameworksBuildPhase;
			buildActionMask = 2147483647;
			files = (
				5FBCCD3214851B5300D7C64A /* Cocoa.framework in Frameworks */,
			);
			runOnlyForDeploymentPostprocessing = 0;
		};
/* End PBXFrameworksBuildPhase section */

/* Begin PBXGroup section */
		5FBCCD2314851B5300D7C64A = {
			isa = PBXGroup;
			children = (
				5FBCCD3714851B5300D7C64A /* Source */,
				5FBCCD3014851B5300D7C64A /* Frameworks */,
				5FBCCD2F14851B5300D7C64A /* Products */,
			);
			sourceTree = "<group>";
		};
		5FBCCD2F14851B5300D7C64A /* Products */ = {
			isa = PBXGroup;
			children = (
				5FBCCD2E14851B5300D7C64A /* libMLLibMac.a */,
			);
			name = Products;
			sourceTree = "<group>";
		};
		5FBCCD3014851B5300D7C64A /* Frameworks */ = {
			isa = PBXGroup;
			children = (
				5FBCCD3114851B5300D7C64A /* Cocoa.framework */,
				5FBCCD3314851B5300D7C64A /* Other Frameworks */,
			);
			name = Frameworks;
			sourceTree = "<group>";
		};
		5FBCCD3314851B5300D7C64A /* Other Frameworks */ = {
			isa = PBXGroup;
			children = (
				5FBCCD3414851B5300D7C64A /* AppKit.framework */,
				5FBCCD3514851B5300D7C64A /* CoreData.framework */,
				5FBCCD3614851B5300D7C64A /* Foundation.framework */,
			);
			name = "Other Frameworks";
			sourceTree = "<group>";
		};
		5FBCCD3714851B5300D7C64A /* Source */ = {
			isa = PBXGroup;
			children = (
				5FDF5F971720CE8100F20EB2 /* LyricsKeywordFilter.cpp */,
				5FDF5F981720CE8100F20EB2 /* LyricsKeywordFilter.h */,
				5FBCCD4614851BE700D7C64A /* HelperFun.cpp */,
				5FBCCD4714851BE700D7C64A /* HelperFun.h */,
				5FBCCD4814851BE700D7C64A /* LrcParser.cpp */,
				5FBCCD4914851BE700D7C64A /* LrcParser.h */,
				5FBCCD4A14851BE700D7C64A /* LrcParserHelper.h */,
				5FBCCD4B14851BE700D7C64A /* LrcTag.cpp */,
				5FBCCD4C14851BE700D7C64A /* LrcTag.h */,
				5FBCCD4D14851BE700D7C64A /* Lyrics3v2.cpp */,
				5FBCCD4E14851BE700D7C64A /* Lyrics3v2.h */,
				5FBCCD4F14851BE700D7C64A /* LyricsParser.h */,
				5FBCCD5014851BE700D7C64A /* LyricsSearch.cpp */,
				5FBCCD5114851BE700D7C64A /* LyricsSearch.h */,
				5FBCCD5214851BE700D7C64A /* LyrScrollActionRecorder.cpp */,
				5FBCCD5314851BE700D7C64A /* LyrScrollActionRecorder.h */,
				5FBCCD5414851BE700D7C64A /* LyrTimeStamp.cpp */,
				5FBCCD5514851BE700D7C64A /* LyrTimeStamp.h */,
				5FBCCD5614851BE700D7C64A /* MLData.cpp */,
				5FBCCD5714851BE700D7C64A /* MLData.h */,
				5FBCCD5814851BE700D7C64A /* MLEncrypt.h */,
				5FBCCD5B14851BE700D7C64A /* MLLib.h */,
				5FBCCD6214851BE700D7C64A /* SncParser.cpp */,
				5FBCCD6314851BE700D7C64A /* SncParser.h */,
				5FBCCD6414851BE700D7C64A /* SrtParser.cpp */,
				5FBCCD6514851BE700D7C64A /* SrtParser.h */,
			);
			name = Source;
			path = MLLibMac;
			sourceTree = "<group>";
		};
/* End PBXGroup section */

/* Begin PBXHeadersBuildPhase section */
		5FBCCD2C14851B5300D7C64A /* Headers */ = {
			isa = PBXHeadersBuildPhase;
			buildActionMask = 2147483647;
			files = (
				5FBCCD6814851BE700D7C64A /* HelperFun.h in Headers */,
				5FBCCD6A14851BE700D7C64A /* LrcParser.h in Headers */,
				5FBCCD6B14851BE700D7C64A /* LrcParserHelper.h in Headers */,
				5FBCCD6D14851BE700D7C64A /* LrcTag.h in Headers */,
				5FBCCD6F14851BE700D7C64A /* Lyrics3v2.h in Headers */,
				5FBCCD7014851BE700D7C64A /* LyricsParser.h in Headers */,
				5FBCCD7214851BE700D7C64A /* LyricsSearch.h in Headers */,
				5FBCCD7414851BE700D7C64A /* LyrScrollActionRecorder.h in Headers */,
				5FBCCD7614851BE700D7C64A /* LyrTimeStamp.h in Headers */,
				5FBCCD7814851BE700D7C64A /* MLData.h in Headers */,
				5FBCCD7914851BE700D7C64A /* MLEncrypt.h in Headers */,
				5FBCCD7C14851BE700D7C64A /* MLLib.h in Headers */,
				5FBCCD8414851BE700D7C64A /* SncParser.h in Headers */,
				5FBCCD8614851BE700D7C64A /* SrtParser.h in Headers */,
				5FDF5F9A1720CE8100F20EB2 /* LyricsKeywordFilter.h in Headers */,
			);
			runOnlyForDeploymentPostprocessing = 0;
		};
/* End PBXHeadersBuildPhase section */

/* Begin PBXNativeTarget section */
		5FBCCD2D14851B5300D7C64A /* MLLibMac */ = {
			isa = PBXNativeTarget;
			buildConfigurationList = 5FBCCD3F14851B5300D7C64A /* Build configuration list for PBXNativeTarget "MLLibMac" */;
			buildPhases = (
				5FBCCD2A14851B5300D7C64A /* Sources */,
				5FBCCD2B14851B5300D7C64A /* Frameworks */,
				5FBCCD2C14851B5300D7C64A /* Headers */,
			);
			buildRules = (
			);
			dependencies = (
			);
			name = MLLibMac;
			productName = MLLibMac;
			productReference = 5FBCCD2E14851B5300D7C64A /* libMLLibMac.a */;
			productType = "com.apple.product-type.library.static";
		};
/* End PBXNativeTarget section */

/* Begin PBXProject section */
		5FBCCD2514851B5300D7C64A /* Project object */ = {
			isa = PBXProject;
			attributes = {
				LastUpgradeCheck = 0500;
			};
			buildConfigurationList = 5FBCCD2814851B5300D7C64A /* Build configuration list for PBXProject "LyricsLib" */;
			compatibilityVersion = "Xcode 3.2";
			developmentRegion = English;
			hasScannedForEncodings = 0;
			knownRegions = (
				English,
				en,
			);
			mainGroup = 5FBCCD2314851B5300D7C64A;
			productRefGroup = 5FBCCD2F14851B5300D7C64A /* Products */;
			projectDirPath = "";
			projectRoot = "";
			targets = (
				5FBCCD2D14851B5300D7C64A /* MLLibMac */,
			);
		};
/* End PBXProject section */

/* Begin PBXSourcesBuildPhase section */
		5FBCCD2A14851B5300D7C64A /* Sources */ = {
			isa = PBXSourcesBuildPhase;
			buildActionMask = 2147483647;
			files = (
				5FBCCD6714851BE700D7C64A /* HelperFun.cpp in Sources */,
				5FBCCD6914851BE700D7C64A /* LrcParser.cpp in Sources */,
				5FBCCD6C14851BE700D7C64A /* LrcTag.cpp in Sources */,
				5FBCCD6E14851BE700D7C64A /* Lyrics3v2.cpp in Sources */,
				5FBCCD7114851BE700D7C64A /* LyricsSearch.cpp in Sources */,
				5FBCCD7314851BE700D7C64A /* LyrScrollActionRecorder.cpp in Sources */,
				5FBCCD7514851BE700D7C64A /* LyrTimeStamp.cpp in Sources */,
				5FBCCD7714851BE700D7C64A /* MLData.cpp in Sources */,
				5FBCCD8314851BE700D7C64A /* SncParser.cpp in Sources */,
				5FBCCD8514851BE700D7C64A /* SrtParser.cpp in Sources */,
				5FDF5F991720CE8100F20EB2 /* LyricsKeywordFilter.cpp in Sources */,
			);
			runOnlyForDeploymentPostprocessing = 0;
		};
/* End PBXSourcesBuildPhase section */

/* Begin XCBuildConfiguration section */
		5FBCCD3D14851B5300D7C64A /* Debug */ = {
			isa = XCBuildConfiguration;
			buildSettings = {
				ALWAYS_SEARCH_USER_PATHS = NO;
				CLANG_WARN_BOOL_CONVERSION = YES;
				CLANG_WARN_CONSTANT_CONVERSION = YES;
				CLANG_WARN_EMPTY_BODY = YES;
				CLANG_WARN_ENUM_CONVERSION = YES;
				CLANG_WARN_INT_CONVERSION = YES;
				CLANG_WARN__DUPLICATE_METHOD_MATCH = YES;
				COPY_PHASE_STRIP = NO;
				GCC_C_LANGUAGE_STANDARD = gnu99;
				GCC_DYNAMIC_NO_PIC = NO;
				GCC_ENABLE_OBJC_EXCEPTIONS = YES;
				GCC_OPTIMIZATION_LEVEL = 0;
				GCC_PREPROCESSOR_DEFINITIONS = (
					"DEBUG=1",
					"$(inherited)",
				);
				GCC_SYMBOLS_PRIVATE_EXTERN = NO;
				GCC_VERSION = com.apple.compilers.llvm.clang.1_0;
				GCC_WARN_64_TO_32_BIT_CONVERSION = YES;
				GCC_WARN_ABOUT_MISSING_PROTOTYPES = YES;
				GCC_WARN_ABOUT_RETURN_TYPE = YES;
				GCC_WARN_UNDECLARED_SELECTOR = YES;
				GCC_WARN_UNINITIALIZED_AUTOS = YES;
				GCC_WARN_UNUSED_FUNCTION = YES;
				GCC_WARN_UNUSED_VARIABLE = YES;
				MACOSX_DEPLOYMENT_TARGET = 10.7;
				ONLY_ACTIVE_ARCH = YES;
				SDKROOT = macosx;
			};
			name = Debug;
		};
		5FBCCD3E14851B5300D7C64A /* Release */ = {
			isa = XCBuildConfiguration;
			buildSettings = {
				ALWAYS_SEARCH_USER_PATHS = NO;
				CLANG_WARN_BOOL_CONVERSION = YES;
				CLANG_WARN_CONSTANT_CONVERSION = YES;
				CLANG_WARN_EMPTY_BODY = YES;
				CLANG_WARN_ENUM_CONVERSION = YES;
				CLANG_WARN_INT_CONVERSION = YES;
				CLANG_WARN__DUPLICATE_METHOD_MATCH = YES;
				COPY_PHASE_STRIP = YES;
				DEBUG_INFORMATION_FORMAT = "dwarf-with-dsym";
				GCC_C_LANGUAGE_STANDARD = gnu99;
				GCC_ENABLE_OBJC_EXCEPTIONS = YES;
				GCC_VERSION = com.apple.compilers.llvm.clang.1_0;
				GCC_WARN_64_TO_32_BIT_CONVERSION = YES;
				GCC_WARN_ABOUT_MISSING_PROTOTYPES = YES;
				GCC_WARN_ABOUT_RETURN_TYPE = YES;
				GCC_WARN_UNDECLARED_SELECTOR = YES;
				GCC_WARN_UNINITIALIZED_AUTOS = YES;
				GCC_WARN_UNUSED_FUNCTION = YES;
				GCC_WARN_UNUSED_VARIABLE = YES;
				MACOSX_DEPLOYMENT_TARGET = 10.7;
				SDKROOT = macosx;
			};
			name = Release;
		};
		5FBCCD4014851B5300D7C64A /* Debug */ = {
			isa = XCBuildConfiguration;
			buildSettings = {
				CLANG_CXX_LANGUAGE_STANDARD = "c++0x";
				CLANG_CXX_LIBRARY = "libc++";
				COMBINE_HIDPI_IMAGES = YES;
				GCC_PRECOMPILE_PREFIX_HEADER = YES;
				GCC_PREFIX_HEADER = "";
				GCC_PREPROCESSOR_DEFINITIONS = (
					_MAC_OS,
					"$(inherited)",
				);
				GCC_WARN_ABOUT_MISSING_PROTOTYPES = NO;
				MACOSX_DEPLOYMENT_TARGET = 10.9;
				PRECOMPS_INCLUDE_HEADERS_FROM_BUILT_PRODUCTS_DIR = NO;
				PRODUCT_NAME = "$(TARGET_NAME)";
			};
			name = Debug;
		};
		5FBCCD4114851B5300D7C64A /* Release */ = {
			isa = XCBuildConfiguration;
			buildSettings = {
				CLANG_CXX_LANGUAGE_STANDARD = "c++0x";
				CLANG_CXX_LIBRARY = "libc++";
				COMBINE_HIDPI_IMAGES = YES;
				GCC_PRECOMPILE_PREFIX_HEADER = YES;
				GCC_PREFIX_HEADER = "";
				GCC_PREPROCESSOR_DEFINITIONS = _MAC_OS;
				GCC_WARN_ABOUT_MISSING_PROTOTYPES = NO;
				MACOSX_DEPLOYMENT_TARGET = 10.9;
				PRECOMPS_INCLUDE_HEADERS_FROM_BUILT_PRODUCTS_DIR = NO;
				PRODUCT_NAME = "$(TARGET_NAME)";
			};
			name = Release;
		};
/* End XCBuildConfiguration section */

/* Begin XCConfigurationList section */
		5FBCCD2814851B5300D7C64A /* Build configuration list for PBXProject "LyricsLib" */ = {
			isa = XCConfigurationList;
			buildConfigurations = (
				5FBCCD3D14851B5300D7C64A /* Debug */,
				5FBCCD3E14851B5300D7C64A /* Release */,
			);
			defaultConfigurationIsVisible = 0;
			defaultConfigurationName = Release;
		};
		5FBCCD3F14851B5300D7C64A /* Build configuration list for PBXNativeTarget "MLLibMac" */ = {
			isa = XCConfigurationList;
			buildConfigurations = (
				5FBCCD4014851B5300D7C64A /* Debug */,
				5FBCCD4114851B5300D7C64A /* Release */,
			);
			defaultConfigurationIsVisible = 0;
			defaultConfigurationName = Release;
		};
/* End XCConfigurationList section */
	};
	rootObject = 5FBCCD2514851B5300D7C64A /* Project object */;
}
