// !$*UTF8*$!
{
	archiveVersion = 1;
	classes = {
	};
	objectVersion = 46;
	objects = {

/* Begin PBXBuildFile section */
		5FBCCB04147E80DF00D7C64A /* Cocoa.framework in Frameworks */ = {isa = PBXBuildFile; fileRef = 5FBCCB03147E80DF00D7C64A /* Cocoa.framework */; };
		5FBCCB29147E815100D7C64A /* BatchMem.cpp in Sources */ = {isa = PBXBuildFile; fileRef = 5FBCCB18147E815100D7C64A /* BatchMem.cpp */; };
		5FBCCB2A147E815100D7C64A /* BatchMem.h in Headers */ = {isa = PBXBuildFile; fileRef = 5FBCCB19147E815100D7C64A /* BatchMem.h */; };
		5FBCCB2C147E815100D7C64A /* SJVM.cpp in Sources */ = {isa = PBXBuildFile; fileRef = 5FBCCB1B147E815100D7C64A /* SJVM.cpp */; };
		5FBCCB2D147E815100D7C64A /* SJVM.h in Headers */ = {isa = PBXBuildFile; fileRef = 5FBCCB1C147E815100D7C64A /* SJVM.h */; };
		5FBCCB2E147E815100D7C64A /* SjvmLib.cpp in Sources */ = {isa = PBXBuildFile; fileRef = 5FBCCB1D147E815100D7C64A /* SjvmLib.cpp */; };
		5FBCCB2F147E815100D7C64A /* SjvmLib.h in Headers */ = {isa = PBXBuildFile; fileRef = 5FBCCB1E147E815100D7C64A /* SjvmLib.h */; };
		5FBCCB30147E815100D7C64A /* ss.yy.cpp in Sources */ = {isa = PBXBuildFile; fileRef = 5FBCCB1F147E815100D7C64A /* ss.yy.cpp */; };
		5FBCCB31147E815100D7C64A /* stdafx.h in Headers */ = {isa = PBXBuildFile; fileRef = 5FBCCB20147E815100D7C64A /* stdafx.h */; };
		5FBCCB32147E815100D7C64A /* SyntaxTree.cpp in Sources */ = {isa = PBXBuildFile; fileRef = 5FBCCB21147E815100D7C64A /* SyntaxTree.cpp */; };
		5FBCCB33147E815100D7C64A /* SyntaxTree.h in Headers */ = {isa = PBXBuildFile; fileRef = 5FBCCB22147E815100D7C64A /* SyntaxTree.h */; };
		5FBCCB34147E815100D7C64A /* unistd.h in Headers */ = {isa = PBXBuildFile; fileRef = 5FBCCB23147E815100D7C64A /* unistd.h */; };
		5FBCCB36147E815100D7C64A /* VarDeclStack.cpp in Sources */ = {isa = PBXBuildFile; fileRef = 5FBCCB25147E815100D7C64A /* VarDeclStack.cpp */; };
		5FBCCB37147E815100D7C64A /* VarDeclStack.h in Headers */ = {isa = PBXBuildFile; fileRef = 5FBCCB26147E815100D7C64A /* VarDeclStack.h */; };
		5FBCCB38147E815100D7C64A /* VMStatment.cpp in Sources */ = {isa = PBXBuildFile; fileRef = 5FBCCB27147E815100D7C64A /* VMStatment.cpp */; };
		5FBCCB39147E815100D7C64A /* VMStatment.h in Headers */ = {isa = PBXBuildFile; fileRef = 5FBCCB28147E815100D7C64A /* VMStatment.h */; };
		5FBCCB3C147E893300D7C64A /* SimpleJava.tab.cpp in Sources */ = {isa = PBXBuildFile; fileRef = 5FBCCB3A147E893300D7C64A /* SimpleJava.tab.cpp */; };
		5FBCCB3D147E893300D7C64A /* SimpleJava.tab.h in Headers */ = {isa = PBXBuildFile; fileRef = 5FBCCB3B147E893300D7C64A /* SimpleJava.tab.h */; };
/* End PBXBuildFile section */

/* Begin PBXFileReference section */
		5FBCCB00147E80DF00D7C64A /* libSimpleJVM.a */ = {isa = PBXFileReference; explicitFileType = archive.ar; includeInIndex = 0; path = libSimpleJVM.a; sourceTree = BUILT_PRODUCTS_DIR; };
		5FBCCB03147E80DF00D7C64A /* Cocoa.framework */ = {isa = PBXFileReference; lastKnownFileType = wrapper.framework; name = Cocoa.framework; path = System/Library/Frameworks/Cocoa.framework; sourceTree = SDKROOT; };
		5FBCCB06147E80DF00D7C64A /* AppKit.framework */ = {isa = PBXFileReference; lastKnownFileType = wrapper.framework; name = AppKit.framework; path = System/Library/Frameworks/AppKit.framework; sourceTree = SDKROOT; };
		5FBCCB07147E80DF00D7C64A /* CoreData.framework */ = {isa = PBXFileReference; lastKnownFileType = wrapper.framework; name = CoreData.framework; path = System/Library/Frameworks/CoreData.framework; sourceTree = SDKROOT; };
		5FBCCB08147E80DF00D7C64A /* Foundation.framework */ = {isa = PBXFileReference; lastKnownFileType = wrapper.framework; name = Foundation.framework; path = System/Library/Frameworks/Foundation.framework; sourceTree = SDKROOT; };
		5FBCCB18147E815100D7C64A /* BatchMem.cpp */ = {isa = PBXFileReference; fileEncoding = 4; lastKnownFileType = sourcecode.cpp.cpp; path = BatchMem.cpp; sourceTree = SOURCE_ROOT; };
		5FBCCB19147E815100D7C64A /* BatchMem.h */ = {isa = PBXFileReference; fileEncoding = 4; lastKnownFileType = sourcecode.c.h; path = BatchMem.h; sourceTree = SOURCE_ROOT; };
		5FBCCB1B147E815100D7C64A /* SJVM.cpp */ = {isa = PBXFileReference; fileEncoding = 4; lastKnownFileType = sourcecode.cpp.cpp; path = SJVM.cpp; sourceTree = SOURCE_ROOT; };
		5FBCCB1C147E815100D7C64A /* SJVM.h */ = {isa = PBXFileReference; fileEncoding = 4; lastKnownFileType = sourcecode.c.h; path = SJVM.h; sourceTree = SOURCE_ROOT; };
		5FBCCB1D147E815100D7C64A /* SjvmLib.cpp */ = {isa = PBXFileReference; fileEncoding = 4; lastKnownFileType = sourcecode.cpp.cpp; path = SjvmLib.cpp; sourceTree = SOURCE_ROOT; };
		5FBCCB1E147E815100D7C64A /* SjvmLib.h */ = {isa = PBXFileReference; fileEncoding = 4; lastKnownFileType = sourcecode.c.h; path = SjvmLib.h; sourceTree = SOURCE_ROOT; };
		5FBCCB1F147E815100D7C64A /* ss.yy.cpp */ = {isa = PBXFileReference; fileEncoding = 4; lastKnownFileType = sourcecode.cpp.cpp; path = ss.yy.cpp; sourceTree = SOURCE_ROOT; };
		5FBCCB20147E815100D7C64A /* stdafx.h */ = {isa = PBXFileReference; fileEncoding = 4; lastKnownFileType = sourcecode.c.h; path = stdafx.h; sourceTree = SOURCE_ROOT; };
		5FBCCB21147E815100D7C64A /* SyntaxTree.cpp */ = {isa = PBXFileReference; fileEncoding = 4; lastKnownFileType = sourcecode.cpp.cpp; path = SyntaxTree.cpp; sourceTree = SOURCE_ROOT; };
		5FBCCB22147E815100D7C64A /* SyntaxTree.h */ = {isa = PBXFileReference; fileEncoding = 4; lastKnownFileType = sourcecode.c.h; path = SyntaxTree.h; sourceTree = SOURCE_ROOT; };
		5FBCCB23147E815100D7C64A /* unistd.h */ = {isa = PBXFileReference; fileEncoding = 4; lastKnownFileType = sourcecode.c.h; path = unistd.h; sourceTree = SOURCE_ROOT; };
		5FBCCB25147E815100D7C64A /* VarDeclStack.cpp */ = {isa = PBXFileReference; fileEncoding = 4; lastKnownFileType = sourcecode.cpp.cpp; path = VarDeclStack.cpp; sourceTree = SOURCE_ROOT; };
		5FBCCB26147E815100D7C64A /* VarDeclStack.h */ = {isa = PBXFileReference; fileEncoding = 4; lastKnownFileType = sourcecode.c.h; path = VarDeclStack.h; sourceTree = SOURCE_ROOT; };
		5FBCCB27147E815100D7C64A /* VMStatment.cpp */ = {isa = PBXFileReference; fileEncoding = 4; lastKnownFileType = sourcecode.cpp.cpp; path = VMStatment.cpp; sourceTree = SOURCE_ROOT; };
		5FBCCB28147E815100D7C64A /* VMStatment.h */ = {isa = PBXFileReference; fileEncoding = 4; lastKnownFileType = sourcecode.c.h; path = VMStatment.h; sourceTree = SOURCE_ROOT; };
		5FBCCB3A147E893300D7C64A /* SimpleJava.tab.cpp */ = {isa = PBXFileReference; fileEncoding = 4; lastKnownFileType = sourcecode.cpp.cpp; path = SimpleJava.tab.cpp; sourceTree = SOURCE_ROOT; };
		5FBCCB3B147E893300D7C64A /* SimpleJava.tab.h */ = {isa = PBXFileReference; fileEncoding = 4; lastKnownFileType = sourcecode.c.h; path = SimpleJava.tab.h; sourceTree = SOURCE_ROOT; };
/* End PBXFileReference section */

/* Begin PBXFrameworksBuildPhase section */
		5FBCCAFD147E80DF00D7C64A /* Frameworks */ = {
			isa = PBXFrameworksBuildPhase;
			buildActionMask = 2147483647;
			files = (
				5FBCCB04147E80DF00D7C64A /* Cocoa.framework in Frameworks */,
			);
			runOnlyForDeploymentPostprocessing = 0;
		};
/* End PBXFrameworksBuildPhase section */

/* Begin PBXGroup section */
		5FBCCAF5147E80DF00D7C64A = {
			isa = PBXGroup;
			children = (
				5FBCCB09147E80DF00D7C64A /* Source */,
				5FBCCB02147E80DF00D7C64A /* Frameworks */,
				5FBCCB01147E80DF00D7C64A /* Products */,
			);
			sourceTree = "<group>";
		};
		5FBCCB01147E80DF00D7C64A /* Products */ = {
			isa = PBXGroup;
			children = (
				5FBCCB00147E80DF00D7C64A /* libSimpleJVM.a */,
			);
			name = Products;
			sourceTree = "<group>";
		};
		5FBCCB02147E80DF00D7C64A /* Frameworks */ = {
			isa = PBXGroup;
			children = (
				5FBCCB03147E80DF00D7C64A /* Cocoa.framework */,
				5FBCCB05147E80DF00D7C64A /* Other Frameworks */,
			);
			name = Frameworks;
			sourceTree = "<group>";
		};
		5FBCCB05147E80DF00D7C64A /* Other Frameworks */ = {
			isa = PBXGroup;
			children = (
				5FBCCB06147E80DF00D7C64A /* AppKit.framework */,
				5FBCCB07147E80DF00D7C64A /* CoreData.framework */,
				5FBCCB08147E80DF00D7C64A /* Foundation.framework */,
			);
			name = "Other Frameworks";
			sourceTree = "<group>";
		};
		5FBCCB09147E80DF00D7C64A /* Source */ = {
			isa = PBXGroup;
			children = (
				5FBCCB3A147E893300D7C64A /* SimpleJava.tab.cpp */,
				5FBCCB3B147E893300D7C64A /* SimpleJava.tab.h */,
				5FBCCB18147E815100D7C64A /* BatchMem.cpp */,
				5FBCCB19147E815100D7C64A /* BatchMem.h */,
				5FBCCB1B147E815100D7C64A /* SJVM.cpp */,
				5FBCCB1C147E815100D7C64A /* SJVM.h */,
				5FBCCB1D147E815100D7C64A /* SjvmLib.cpp */,
				5FBCCB1E147E815100D7C64A /* SjvmLib.h */,
				5FBCCB1F147E815100D7C64A /* ss.yy.cpp */,
				5FBCCB20147E815100D7C64A /* stdafx.h */,
				5FBCCB21147E815100D7C64A /* SyntaxTree.cpp */,
				5FBCCB22147E815100D7C64A /* SyntaxTree.h */,
				5FBCCB23147E815100D7C64A /* unistd.h */,
				5FBCCB25147E815100D7C64A /* VarDeclStack.cpp */,
				5FBCCB26147E815100D7C64A /* VarDeclStack.h */,
				5FBCCB27147E815100D7C64A /* VMStatment.cpp */,
				5FBCCB28147E815100D7C64A /* VMStatment.h */,
			);
			name = Source;
			path = SimpleJVM;
			sourceTree = "<group>";
		};
/* End PBXGroup section */

/* Begin PBXHeadersBuildPhase section */
		5FBCCAFE147E80DF00D7C64A /* Headers */ = {
			isa = PBXHeadersBuildPhase;
			buildActionMask = 2147483647;
			files = (
				5FBCCB2A147E815100D7C64A /* BatchMem.h in Headers */,
				5FBCCB2D147E815100D7C64A /* SJVM.h in Headers */,
				5FBCCB2F147E815100D7C64A /* SjvmLib.h in Headers */,
				5FBCCB31147E815100D7C64A /* stdafx.h in Headers */,
				5FBCCB33147E815100D7C64A /* SyntaxTree.h in Headers */,
				5FBCCB34147E815100D7C64A /* unistd.h in Headers */,
				5FBCCB37147E815100D7C64A /* VarDeclStack.h in Headers */,
				5FBCCB39147E815100D7C64A /* VMStatment.h in Headers */,
				5FBCCB3D147E893300D7C64A /* SimpleJava.tab.h in Headers */,
			);
			runOnlyForDeploymentPostprocessing = 0;
		};
/* End PBXHeadersBuildPhase section */

/* Begin PBXNativeTarget section */
		5FBCCAFF147E80DF00D7C64A /* SimpleJVM */ = {
			isa = PBXNativeTarget;
			buildConfigurationList = 5FBCCB11147E80DF00D7C64A /* Build configuration list for PBXNativeTarget "SimpleJVM" */;
			buildPhases = (
				5FBCCAFC147E80DF00D7C64A /* Sources */,
				5FBCCAFD147E80DF00D7C64A /* Frameworks */,
				5FBCCAFE147E80DF00D7C64A /* Headers */,
			);
			buildRules = (
			);
			dependencies = (
			);
			name = SimpleJVM;
			productName = SimpleJVM;
			productReference = 5FBCCB00147E80DF00D7C64A /* libSimpleJVM.a */;
			productType = "com.apple.product-type.library.static";
		};
/* End PBXNativeTarget section */

/* Begin PBXProject section */
		5FBCCAF7147E80DF00D7C64A /* Project object */ = {
			isa = PBXProject;
			attributes = {
				LastUpgradeCheck = 0500;
			};
			buildConfigurationList = 5FBCCAFA147E80DF00D7C64A /* Build configuration list for PBXProject "SimpleJVM" */;
			compatibilityVersion = "Xcode 3.2";
			developmentRegion = English;
			hasScannedForEncodings = 0;
			knownRegions = (
				en,
			);
			mainGroup = 5FBCCAF5147E80DF00D7C64A;
			productRefGroup = 5FBCCB01147E80DF00D7C64A /* Products */;
			projectDirPath = "";
			projectRoot = "";
			targets = (
				5FBCCAFF147E80DF00D7C64A /* SimpleJVM */,
			);
		};
/* End PBXProject section */

/* Begin PBXSourcesBuildPhase section */
		5FBCCAFC147E80DF00D7C64A /* Sources */ = {
			isa = PBXSourcesBuildPhase;
			buildActionMask = 2147483647;
			files = (
				5FBCCB29147E815100D7C64A /* BatchMem.cpp in Sources */,
				5FBCCB2C147E815100D7C64A /* SJVM.cpp in Sources */,
				5FBCCB2E147E815100D7C64A /* SjvmLib.cpp in Sources */,
				5FBCCB30147E815100D7C64A /* ss.yy.cpp in Sources */,
				5FBCCB32147E815100D7C64A /* SyntaxTree.cpp in Sources */,
				5FBCCB36147E815100D7C64A /* VarDeclStack.cpp in Sources */,
				5FBCCB38147E815100D7C64A /* VMStatment.cpp in Sources */,
				5FBCCB3C147E893300D7C64A /* SimpleJava.tab.cpp in Sources */,
			);
			runOnlyForDeploymentPostprocessing = 0;
		};
/* End PBXSourcesBuildPhase section */

/* Begin XCBuildConfiguration section */
		5FBCCB0F147E80DF00D7C64A /* Debug */ = {
			isa = XCBuildConfiguration;
			buildSettings = {
				ALWAYS_SEARCH_USER_PATHS = NO;
				CLANG_WARN_BOOL_CONVERSION = YES;
				CLANG_WARN_CONSTANT_CONVERSION = YES;
				CLANG_WARN_EMPTY_BODY = YES;
				CLANG_WARN_ENUM_CONVERSION = YES;
				CLANG_WARN_INT_CONVERSION = YES;
				CLANG_WARN__DUPLICATE_METHOD_MATCH = YES;
				COPY_PHASE_STRIP = NO;
				GCC_C_LANGUAGE_STANDARD = gnu99;
				GCC_DYNAMIC_NO_PIC = NO;
				GCC_ENABLE_OBJC_EXCEPTIONS = YES;
				GCC_OPTIMIZATION_LEVEL = 0;
				GCC_PREPROCESSOR_DEFINITIONS = (
					"DEBUG=1",
					"$(inherited)",
				);
				GCC_SYMBOLS_PRIVATE_EXTERN = NO;
				GCC_VERSION = com.apple.compilers.llvm.clang.1_0;
				GCC_WARN_64_TO_32_BIT_CONVERSION = YES;
				GCC_WARN_ABOUT_MISSING_PROTOTYPES = YES;
				GCC_WARN_ABOUT_RETURN_TYPE = YES;
				GCC_WARN_UNDECLARED_SELECTOR = YES;
				GCC_WARN_UNINITIALIZED_AUTOS = YES;
				GCC_WARN_UNUSED_FUNCTION = YES;
				GCC_WARN_UNUSED_VARIABLE = YES;
				MACOSX_DEPLOYMENT_TARGET = 10.7;
				ONLY_ACTIVE_ARCH = YES;
				SDKROOT = macosx;
			};
			name = Debug;
		};
		5FBCCB10147E80DF00D7C64A /* Release */ = {
			isa = XCBuildConfiguration;
			buildSettings = {
				ALWAYS_SEARCH_USER_PATHS = NO;
				CLANG_WARN_BOOL_CONVERSION = YES;
				CLANG_WARN_CONSTANT_CONVERSION = YES;
				CLANG_WARN_EMPTY_BODY = YES;
				CLANG_WARN_ENUM_CONVERSION = YES;
				CLANG_WARN_INT_CONVERSION = YES;
				CLANG_WARN__DUPLICATE_METHOD_MATCH = YES;
				COPY_PHASE_STRIP = YES;
				DEBUG_INFORMATION_FORMAT = "dwarf-with-dsym";
				GCC_C_LANGUAGE_STANDARD = gnu99;
				GCC_ENABLE_OBJC_EXCEPTIONS = YES;
				GCC_VERSION = com.apple.compilers.llvm.clang.1_0;
				GCC_WARN_64_TO_32_BIT_CONVERSION = YES;
				GCC_WARN_ABOUT_MISSING_PROTOTYPES = YES;
				GCC_WARN_ABOUT_RETURN_TYPE = YES;
				GCC_WARN_UNDECLARED_SELECTOR = YES;
				GCC_WARN_UNINITIALIZED_AUTOS = YES;
				GCC_WARN_UNUSED_FUNCTION = YES;
				GCC_WARN_UNUSED_VARIABLE = YES;
				MACOSX_DEPLOYMENT_TARGET = 10.7;
				SDKROOT = macosx;
			};
			name = Release;
		};
		5FBCCB12147E80DF00D7C64A /* Debug */ = {
			isa = XCBuildConfiguration;
			buildSettings = {
				CLANG_CXX_LANGUAGE_STANDARD = "c++0x";
				CLANG_CXX_LIBRARY = "libc++";
				COMBINE_HIDPI_IMAGES = YES;
				GCC_PRECOMPILE_PREFIX_HEADER = NO;
				GCC_PREFIX_HEADER = "";
				GCC_PREPROCESSOR_DEFINITIONS = (
					_MAC_OSX,
					"DEBUG=1",
					"$(inherited)",
				);
				GCC_WARN_ABOUT_MISSING_PROTOTYPES = NO;
				PRODUCT_NAME = "$(TARGET_NAME)";
			};
			name = Debug;
		};
		5FBCCB13147E80DF00D7C64A /* Release */ = {
			isa = XCBuildConfiguration;
			buildSettings = {
				CLANG_CXX_LANGUAGE_STANDARD = "c++0x";
				CLANG_CXX_LIBRARY = "libc++";
				COMBINE_HIDPI_IMAGES = YES;
				GCC_PRECOMPILE_PREFIX_HEADER = NO;
				GCC_PREFIX_HEADER = "";
				GCC_PREPROCESSOR_DEFINITIONS = _MAC_OSX;
				GCC_WARN_ABOUT_MISSING_PROTOTYPES = NO;
				PRODUCT_NAME = "$(TARGET_NAME)";
			};
			name = Release;
		};
/* End XCBuildConfiguration section */

/* Begin XCConfigurationList section */
		5FBCCAFA147E80DF00D7C64A /* Build configuration list for PBXProject "SimpleJVM" */ = {
			isa = XCConfigurationList;
			buildConfigurations = (
				5FBCCB0F147E80DF00D7C64A /* Debug */,
				5FBCCB10147E80DF00D7C64A /* Release */,
			);
			defaultConfigurationIsVisible = 0;
			defaultConfigurationName = Release;
		};
		5FBCCB11147E80DF00D7C64A /* Build configuration list for PBXNativeTarget "SimpleJVM" */ = {
			isa = XCConfigurationList;
			buildConfigurations = (
				5FBCCB12147E80DF00D7C64A /* Debug */,
				5FBCCB13147E80DF00D7C64A /* Release */,
			);
			defaultConfigurationIsVisible = 0;
			defaultConfigurationName = Release;
		};
/* End XCConfigurationList section */
	};
	rootObject = 5FBCCAF7147E80DF00D7C64A /* Project object */;
}
