// !$*UTF8*$!
{
	archiveVersion = 1;
	classes = {
	};
	objectVersion = 45;
	objects = {

/* Begin PBXBuildFile section */
		5FB56CA711C11B7F000E68A1 /* adler32.c in Sources */ = {isa = PBXBuildFile; fileRef = 5FB56C8E11C11B7F000E68A1 /* adler32.c */; };
		5FB56CA811C11B7F000E68A1 /* compress.c in Sources */ = {isa = PBXBuildFile; fileRef = 5FB56C8F11C11B7F000E68A1 /* compress.c */; };
		5FB56CA911C11B7F000E68A1 /* crc32.c in Sources */ = {isa = PBXBuildFile; fileRef = 5FB56C9011C11B7F000E68A1 /* crc32.c */; };
		5FB56CAA11C11B7F000E68A1 /* crc32.h in Headers */ = {isa = PBXBuildFile; fileRef = 5FB56C9111C11B7F000E68A1 /* crc32.h */; };
		5FB56CAB11C11B7F000E68A1 /* deflate.c in Sources */ = {isa = PBXBuildFile; fileRef = 5FB56C9211C11B7F000E68A1 /* deflate.c */; };
		5FB56CAC11C11B7F000E68A1 /* deflate.h in Headers */ = {isa = PBXBuildFile; fileRef = 5FB56C9311C11B7F000E68A1 /* deflate.h */; };
		5FB56CAD11C11B7F000E68A1 /* gzio.c in Sources */ = {isa = PBXBuildFile; fileRef = 5FB56C9411C11B7F000E68A1 /* gzio.c */; };
		5FB56CAE11C11B7F000E68A1 /* infback.c in Sources */ = {isa = PBXBuildFile; fileRef = 5FB56C9511C11B7F000E68A1 /* infback.c */; };
		5FB56CAF11C11B7F000E68A1 /* inffast.c in Sources */ = {isa = PBXBuildFile; fileRef = 5FB56C9611C11B7F000E68A1 /* inffast.c */; };
		5FB56CB011C11B7F000E68A1 /* inffast.h in Headers */ = {isa = PBXBuildFile; fileRef = 5FB56C9711C11B7F000E68A1 /* inffast.h */; };
		5FB56CB111C11B7F000E68A1 /* inffixed.h in Headers */ = {isa = PBXBuildFile; fileRef = 5FB56C9811C11B7F000E68A1 /* inffixed.h */; };
		5FB56CB211C11B7F000E68A1 /* inflate.c in Sources */ = {isa = PBXBuildFile; fileRef = 5FB56C9911C11B7F000E68A1 /* inflate.c */; };
		5FB56CB311C11B7F000E68A1 /* inflate.h in Headers */ = {isa = PBXBuildFile; fileRef = 5FB56C9A11C11B7F000E68A1 /* inflate.h */; };
		5FB56CB411C11B7F000E68A1 /* inftrees.c in Sources */ = {isa = PBXBuildFile; fileRef = 5FB56C9B11C11B7F000E68A1 /* inftrees.c */; };
		5FB56CB511C11B7F000E68A1 /* inftrees.h in Headers */ = {isa = PBXBuildFile; fileRef = 5FB56C9C11C11B7F000E68A1 /* inftrees.h */; };
		5FB56CB611C11B7F000E68A1 /* minigzip.c in Sources */ = {isa = PBXBuildFile; fileRef = 5FB56C9D11C11B7F000E68A1 /* minigzip.c */; };
		5FB56CB711C11B7F000E68A1 /* trees.c in Sources */ = {isa = PBXBuildFile; fileRef = 5FB56C9E11C11B7F000E68A1 /* trees.c */; };
		5FB56CB811C11B7F000E68A1 /* trees.h in Headers */ = {isa = PBXBuildFile; fileRef = 5FB56C9F11C11B7F000E68A1 /* trees.h */; };
		5FB56CB911C11B7F000E68A1 /* uncompr.c in Sources */ = {isa = PBXBuildFile; fileRef = 5FB56CA011C11B7F000E68A1 /* uncompr.c */; };
		5FB56CBA11C11B7F000E68A1 /* zconf.h in Headers */ = {isa = PBXBuildFile; fileRef = 5FB56CA111C11B7F000E68A1 /* zconf.h */; };
		5FB56CBB11C11B7F000E68A1 /* zconf.in.h in Headers */ = {isa = PBXBuildFile; fileRef = 5FB56CA211C11B7F000E68A1 /* zconf.in.h */; };
		5FB56CBC11C11B7F000E68A1 /* zlib.h in Headers */ = {isa = PBXBuildFile; fileRef = 5FB56CA411C11B7F000E68A1 /* zlib.h */; };
		5FB56CBD11C11B7F000E68A1 /* zutil.c in Sources */ = {isa = PBXBuildFile; fileRef = 5FB56CA511C11B7F000E68A1 /* zutil.c */; };
		5FB56CBE11C11B7F000E68A1 /* zutil.h in Headers */ = {isa = PBXBuildFile; fileRef = 5FB56CA611C11B7F000E68A1 /* zutil.h */; };
		5FBBF08E11BCC9D10008D709 /* ILIO.cpp in Sources */ = {isa = PBXBuildFile; fileRef = 5FBBF07E11BCC9D10008D709 /* ILIO.cpp */; };
		5FBBF08F11BCC9D10008D709 /* ILIO.h in Headers */ = {isa = PBXBuildFile; fileRef = 5FBBF07F11BCC9D10008D709 /* ILIO.h */; };
		5FBBF09011BCC9D10008D709 /* ImageIterator.h in Headers */ = {isa = PBXBuildFile; fileRef = 5FBBF08011BCC9D10008D709 /* ImageIterator.h */; };
		5FBBF09111BCC9D10008D709 /* ImgBmpFile.cpp in Sources */ = {isa = PBXBuildFile; fileRef = 5FBBF08111BCC9D10008D709 /* ImgBmpFile.cpp */; };
		5FBBF09211BCC9D10008D709 /* ImgGifFile.cpp in Sources */ = {isa = PBXBuildFile; fileRef = 5FBBF08211BCC9D10008D709 /* ImgGifFile.cpp */; };
		5FBBF09311BCC9D10008D709 /* ImgGifFile.h in Headers */ = {isa = PBXBuildFile; fileRef = 5FBBF08311BCC9D10008D709 /* ImgGifFile.h */; };
		5FBBF09411BCC9D10008D709 /* ImgJpegFile.cpp in Sources */ = {isa = PBXBuildFile; fileRef = 5FBBF08411BCC9D10008D709 /* ImgJpegFile.cpp */; };
		5FBBF09511BCC9D10008D709 /* ImgJpegFile.h in Headers */ = {isa = PBXBuildFile; fileRef = 5FBBF08511BCC9D10008D709 /* ImgJpegFile.h */; };
		5FBBF09611BCC9D10008D709 /* ImgPngFile.cpp in Sources */ = {isa = PBXBuildFile; fileRef = 5FBBF08611BCC9D10008D709 /* ImgPngFile.cpp */; };
		5FBBF09711BCC9D10008D709 /* ImgPngFile.h in Headers */ = {isa = PBXBuildFile; fileRef = 5FBBF08711BCC9D10008D709 /* ImgPngFile.h */; };
		5FBBF09911BCC9D10008D709 /* RawImageData.cpp in Sources */ = {isa = PBXBuildFile; fileRef = 5FBBF08A11BCC9D10008D709 /* RawImageData.cpp */; };
		5FBBF09A11BCC9D10008D709 /* RawImageData.h in Headers */ = {isa = PBXBuildFile; fileRef = 5FBBF08B11BCC9D10008D709 /* RawImageData.h */; };
		5FBBF09B11BCC9D10008D709 /* StdAfx.h in Headers */ = {isa = PBXBuildFile; fileRef = 5FBBF08D11BCC9D10008D709 /* StdAfx.h */; };
		5FBBF0C311BCCAF20008D709 /* png.c in Sources */ = {isa = PBXBuildFile; fileRef = 5FBBF0AB11BCCAF20008D709 /* png.c */; };
		5FBBF0C411BCCAF20008D709 /* png.h in Headers */ = {isa = PBXBuildFile; fileRef = 5FBBF0AC11BCCAF20008D709 /* png.h */; };
		5FBBF0C511BCCAF20008D709 /* pngconf.h in Headers */ = {isa = PBXBuildFile; fileRef = 5FBBF0AF11BCCAF20008D709 /* pngconf.h */; };
		5FBBF0C611BCCAF20008D709 /* pngerror.c in Sources */ = {isa = PBXBuildFile; fileRef = 5FBBF0B011BCCAF20008D709 /* pngerror.c */; };
		5FBBF0C711BCCAF20008D709 /* pnggccrd.c in Sources */ = {isa = PBXBuildFile; fileRef = 5FBBF0B111BCCAF20008D709 /* pnggccrd.c */; };
		5FBBF0C811BCCAF20008D709 /* pngget.c in Sources */ = {isa = PBXBuildFile; fileRef = 5FBBF0B211BCCAF20008D709 /* pngget.c */; };
		5FBBF0C911BCCAF20008D709 /* pngmem.c in Sources */ = {isa = PBXBuildFile; fileRef = 5FBBF0B311BCCAF20008D709 /* pngmem.c */; };
		5FBBF0CA11BCCAF20008D709 /* pngpread.c in Sources */ = {isa = PBXBuildFile; fileRef = 5FBBF0B511BCCAF20008D709 /* pngpread.c */; };
		5FBBF0CB11BCCAF20008D709 /* pngread.c in Sources */ = {isa = PBXBuildFile; fileRef = 5FBBF0B611BCCAF20008D709 /* pngread.c */; };
		5FBBF0CC11BCCAF20008D709 /* pngrio.c in Sources */ = {isa = PBXBuildFile; fileRef = 5FBBF0B711BCCAF20008D709 /* pngrio.c */; };
		5FBBF0CD11BCCAF20008D709 /* pngrtran.c in Sources */ = {isa = PBXBuildFile; fileRef = 5FBBF0B811BCCAF20008D709 /* pngrtran.c */; };
		5FBBF0CE11BCCAF20008D709 /* pngrutil.c in Sources */ = {isa = PBXBuildFile; fileRef = 5FBBF0B911BCCAF20008D709 /* pngrutil.c */; };
		5FBBF0CF11BCCAF20008D709 /* pngset.c in Sources */ = {isa = PBXBuildFile; fileRef = 5FBBF0BA11BCCAF20008D709 /* pngset.c */; };
		5FBBF0D011BCCAF20008D709 /* pngtest.c in Sources */ = {isa = PBXBuildFile; fileRef = 5FBBF0BB11BCCAF20008D709 /* pngtest.c */; };
		5FBBF0D111BCCAF20008D709 /* pngtrans.c in Sources */ = {isa = PBXBuildFile; fileRef = 5FBBF0BD11BCCAF20008D709 /* pngtrans.c */; };
		5FBBF0D211BCCAF20008D709 /* pngvcrd.c in Sources */ = {isa = PBXBuildFile; fileRef = 5FBBF0BE11BCCAF20008D709 /* pngvcrd.c */; };
		5FBBF0D311BCCAF20008D709 /* pngwio.c in Sources */ = {isa = PBXBuildFile; fileRef = 5FBBF0BF11BCCAF20008D709 /* pngwio.c */; };
		5FBBF0D411BCCAF20008D709 /* pngwrite.c in Sources */ = {isa = PBXBuildFile; fileRef = 5FBBF0C011BCCAF20008D709 /* pngwrite.c */; };
		5FBBF0D511BCCAF20008D709 /* pngwtran.c in Sources */ = {isa = PBXBuildFile; fileRef = 5FBBF0C111BCCAF20008D709 /* pngwtran.c */; };
		5FBBF0D611BCCAF20008D709 /* pngwutil.c in Sources */ = {isa = PBXBuildFile; fileRef = 5FBBF0C211BCCAF20008D709 /* pngwutil.c */; };
		5FBBF11211BCCB2E0008D709 /* jcapimin.c in Sources */ = {isa = PBXBuildFile; fileRef = 5FBBF0D911BCCB2E0008D709 /* jcapimin.c */; };
		5FBBF11311BCCB2E0008D709 /* jcapistd.c in Sources */ = {isa = PBXBuildFile; fileRef = 5FBBF0DA11BCCB2E0008D709 /* jcapistd.c */; };
		5FBBF11411BCCB2E0008D709 /* jccoefct.c in Sources */ = {isa = PBXBuildFile; fileRef = 5FBBF0DB11BCCB2E0008D709 /* jccoefct.c */; };
		5FBBF11511BCCB2E0008D709 /* jccolor.c in Sources */ = {isa = PBXBuildFile; fileRef = 5FBBF0DC11BCCB2E0008D709 /* jccolor.c */; };
		5FBBF11611BCCB2E0008D709 /* jcdctmgr.c in Sources */ = {isa = PBXBuildFile; fileRef = 5FBBF0DD11BCCB2E0008D709 /* jcdctmgr.c */; };
		5FBBF11711BCCB2E0008D709 /* jchuff.c in Sources */ = {isa = PBXBuildFile; fileRef = 5FBBF0DE11BCCB2E0008D709 /* jchuff.c */; };
		5FBBF11811BCCB2E0008D709 /* jchuff.h in Headers */ = {isa = PBXBuildFile; fileRef = 5FBBF0DF11BCCB2E0008D709 /* jchuff.h */; };
		5FBBF11911BCCB2E0008D709 /* jcinit.c in Sources */ = {isa = PBXBuildFile; fileRef = 5FBBF0E011BCCB2E0008D709 /* jcinit.c */; };
		5FBBF11A11BCCB2E0008D709 /* jcmainct.c in Sources */ = {isa = PBXBuildFile; fileRef = 5FBBF0E111BCCB2E0008D709 /* jcmainct.c */; };
		5FBBF11B11BCCB2E0008D709 /* jcmarker.c in Sources */ = {isa = PBXBuildFile; fileRef = 5FBBF0E211BCCB2E0008D709 /* jcmarker.c */; };
		5FBBF11C11BCCB2E0008D709 /* jcmaster.c in Sources */ = {isa = PBXBuildFile; fileRef = 5FBBF0E311BCCB2E0008D709 /* jcmaster.c */; };
		5FBBF11D11BCCB2E0008D709 /* jcomapi.c in Sources */ = {isa = PBXBuildFile; fileRef = 5FBBF0E411BCCB2E0008D709 /* jcomapi.c */; };
		5FBBF11E11BCCB2E0008D709 /* jconfig.h in Headers */ = {isa = PBXBuildFile; fileRef = 5FBBF0E511BCCB2E0008D709 /* jconfig.h */; };
		5FBBF11F11BCCB2E0008D709 /* jcparam.c in Sources */ = {isa = PBXBuildFile; fileRef = 5FBBF0E611BCCB2E0008D709 /* jcparam.c */; };
		5FBBF12011BCCB2E0008D709 /* jcphuff.c in Sources */ = {isa = PBXBuildFile; fileRef = 5FBBF0E711BCCB2E0008D709 /* jcphuff.c */; };
		5FBBF12111BCCB2E0008D709 /* jcprepct.c in Sources */ = {isa = PBXBuildFile; fileRef = 5FBBF0E811BCCB2E0008D709 /* jcprepct.c */; };
		5FBBF12211BCCB2E0008D709 /* jcsample.c in Sources */ = {isa = PBXBuildFile; fileRef = 5FBBF0E911BCCB2E0008D709 /* jcsample.c */; };
		5FBBF12311BCCB2E0008D709 /* jctrans.c in Sources */ = {isa = PBXBuildFile; fileRef = 5FBBF0EA11BCCB2E0008D709 /* jctrans.c */; };
		5FBBF12411BCCB2E0008D709 /* jdapimin.c in Sources */ = {isa = PBXBuildFile; fileRef = 5FBBF0EB11BCCB2E0008D709 /* jdapimin.c */; };
		5FBBF12511BCCB2E0008D709 /* jdapistd.c in Sources */ = {isa = PBXBuildFile; fileRef = 5FBBF0EC11BCCB2E0008D709 /* jdapistd.c */; };
		5FBBF12611BCCB2E0008D709 /* jdatadst.c in Sources */ = {isa = PBXBuildFile; fileRef = 5FBBF0ED11BCCB2E0008D709 /* jdatadst.c */; };
		5FBBF12711BCCB2E0008D709 /* jdatasrc.c in Sources */ = {isa = PBXBuildFile; fileRef = 5FBBF0EE11BCCB2E0008D709 /* jdatasrc.c */; };
		5FBBF12811BCCB2E0008D709 /* jdcoefct.c in Sources */ = {isa = PBXBuildFile; fileRef = 5FBBF0EF11BCCB2E0008D709 /* jdcoefct.c */; };
		5FBBF12911BCCB2E0008D709 /* jdcolor.c in Sources */ = {isa = PBXBuildFile; fileRef = 5FBBF0F011BCCB2E0008D709 /* jdcolor.c */; };
		5FBBF12A11BCCB2E0008D709 /* jdct.h in Headers */ = {isa = PBXBuildFile; fileRef = 5FBBF0F111BCCB2E0008D709 /* jdct.h */; };
		5FBBF12B11BCCB2E0008D709 /* jddctmgr.c in Sources */ = {isa = PBXBuildFile; fileRef = 5FBBF0F211BCCB2E0008D709 /* jddctmgr.c */; };
		5FBBF12C11BCCB2E0008D709 /* jdhuff.c in Sources */ = {isa = PBXBuildFile; fileRef = 5FBBF0F311BCCB2E0008D709 /* jdhuff.c */; };
		5FBBF12D11BCCB2E0008D709 /* jdhuff.h in Headers */ = {isa = PBXBuildFile; fileRef = 5FBBF0F411BCCB2E0008D709 /* jdhuff.h */; };
		5FBBF12E11BCCB2E0008D709 /* jdinput.c in Sources */ = {isa = PBXBuildFile; fileRef = 5FBBF0F511BCCB2E0008D709 /* jdinput.c */; };
		5FBBF12F11BCCB2E0008D709 /* jdmainct.c in Sources */ = {isa = PBXBuildFile; fileRef = 5FBBF0F611BCCB2E0008D709 /* jdmainct.c */; };
		5FBBF13011BCCB2E0008D709 /* jdmarker.c in Sources */ = {isa = PBXBuildFile; fileRef = 5FBBF0F711BCCB2E0008D709 /* jdmarker.c */; };
		5FBBF13111BCCB2E0008D709 /* jdmaster.c in Sources */ = {isa = PBXBuildFile; fileRef = 5FBBF0F811BCCB2E0008D709 /* jdmaster.c */; };
		5FBBF13211BCCB2E0008D709 /* jdmerge.c in Sources */ = {isa = PBXBuildFile; fileRef = 5FBBF0F911BCCB2E0008D709 /* jdmerge.c */; };
		5FBBF13311BCCB2E0008D709 /* jdphuff.c in Sources */ = {isa = PBXBuildFile; fileRef = 5FBBF0FA11BCCB2E0008D709 /* jdphuff.c */; };
		5FBBF13411BCCB2E0008D709 /* jdpostct.c in Sources */ = {isa = PBXBuildFile; fileRef = 5FBBF0FB11BCCB2E0008D709 /* jdpostct.c */; };
		5FBBF13511BCCB2E0008D709 /* jdsample.c in Sources */ = {isa = PBXBuildFile; fileRef = 5FBBF0FC11BCCB2E0008D709 /* jdsample.c */; };
		5FBBF13611BCCB2E0008D709 /* jdtrans.c in Sources */ = {isa = PBXBuildFile; fileRef = 5FBBF0FD11BCCB2E0008D709 /* jdtrans.c */; };
		5FBBF13711BCCB2E0008D709 /* jerror.c in Sources */ = {isa = PBXBuildFile; fileRef = 5FBBF0FE11BCCB2E0008D709 /* jerror.c */; };
		5FBBF13811BCCB2E0008D709 /* jerror.h in Headers */ = {isa = PBXBuildFile; fileRef = 5FBBF0FF11BCCB2E0008D709 /* jerror.h */; };
		5FBBF13911BCCB2E0008D709 /* jfdctflt.c in Sources */ = {isa = PBXBuildFile; fileRef = 5FBBF10011BCCB2E0008D709 /* jfdctflt.c */; };
		5FBBF13A11BCCB2E0008D709 /* jfdctfst.c in Sources */ = {isa = PBXBuildFile; fileRef = 5FBBF10111BCCB2E0008D709 /* jfdctfst.c */; };
		5FBBF13B11BCCB2E0008D709 /* jfdctint.c in Sources */ = {isa = PBXBuildFile; fileRef = 5FBBF10211BCCB2E0008D709 /* jfdctint.c */; };
		5FBBF13C11BCCB2E0008D709 /* jidctflt.c in Sources */ = {isa = PBXBuildFile; fileRef = 5FBBF10311BCCB2E0008D709 /* jidctflt.c */; };
		5FBBF13D11BCCB2E0008D709 /* jidctfst.c in Sources */ = {isa = PBXBuildFile; fileRef = 5FBBF10411BCCB2E0008D709 /* jidctfst.c */; };
		5FBBF13E11BCCB2E0008D709 /* jidctint.c in Sources */ = {isa = PBXBuildFile; fileRef = 5FBBF10511BCCB2E0008D709 /* jidctint.c */; };
		5FBBF13F11BCCB2E0008D709 /* jidctred.c in Sources */ = {isa = PBXBuildFile; fileRef = 5FBBF10611BCCB2E0008D709 /* jidctred.c */; };
		5FBBF14011BCCB2E0008D709 /* jinclude.h in Headers */ = {isa = PBXBuildFile; fileRef = 5FBBF10711BCCB2E0008D709 /* jinclude.h */; };
		5FBBF14111BCCB2E0008D709 /* jmemmgr.c in Sources */ = {isa = PBXBuildFile; fileRef = 5FBBF10811BCCB2E0008D709 /* jmemmgr.c */; };
		5FBBF14211BCCB2E0008D709 /* jmemnobs.c in Sources */ = {isa = PBXBuildFile; fileRef = 5FBBF10911BCCB2E0008D709 /* jmemnobs.c */; };
		5FBBF14311BCCB2E0008D709 /* jmemsys.h in Headers */ = {isa = PBXBuildFile; fileRef = 5FBBF10A11BCCB2E0008D709 /* jmemsys.h */; };
		5FBBF14411BCCB2E0008D709 /* jmorecfg.h in Headers */ = {isa = PBXBuildFile; fileRef = 5FBBF10B11BCCB2E0008D709 /* jmorecfg.h */; };
		5FBBF14511BCCB2E0008D709 /* jpegint.h in Headers */ = {isa = PBXBuildFile; fileRef = 5FBBF10C11BCCB2E0008D709 /* jpegint.h */; };
		5FBBF14611BCCB2E0008D709 /* jpeglib.h in Headers */ = {isa = PBXBuildFile; fileRef = 5FBBF10D11BCCB2E0008D709 /* jpeglib.h */; };
		5FBBF14711BCCB2E0008D709 /* jquant1.c in Sources */ = {isa = PBXBuildFile; fileRef = 5FBBF10E11BCCB2E0008D709 /* jquant1.c */; };
		5FBBF14811BCCB2E0008D709 /* jquant2.c in Sources */ = {isa = PBXBuildFile; fileRef = 5FBBF10F11BCCB2E0008D709 /* jquant2.c */; };
		5FBBF14911BCCB2E0008D709 /* jutils.c in Sources */ = {isa = PBXBuildFile; fileRef = 5FBBF11011BCCB2E0008D709 /* jutils.c */; };
		5FBBF14A11BCCB2E0008D709 /* jversion.h in Headers */ = {isa = PBXBuildFile; fileRef = 5FBBF11111BCCB2E0008D709 /* jversion.h */; };
/* End PBXBuildFile section */

/* Begin PBXFileReference section */
		5FB56C8E11C11B7F000E68A1 /* adler32.c */ = {isa = PBXFileReference; fileEncoding = 2147484672; lastKnownFileType = sourcecode.c.c; name = adler32.c; path = ../SDK/zlib/adler32.c; sourceTree = SOURCE_ROOT; };
		5FB56C8F11C11B7F000E68A1 /* compress.c */ = {isa = PBXFileReference; fileEncoding = 2147484672; lastKnownFileType = sourcecode.c.c; name = compress.c; path = ../SDK/zlib/compress.c; sourceTree = SOURCE_ROOT; };
		5FB56C9011C11B7F000E68A1 /* crc32.c */ = {isa = PBXFileReference; fileEncoding = 2147484672; lastKnownFileType = sourcecode.c.c; name = crc32.c; path = ../SDK/zlib/crc32.c; sourceTree = SOURCE_ROOT; };
		5FB56C9111C11B7F000E68A1 /* crc32.h */ = {isa = PBXFileReference; fileEncoding = 2147484672; lastKnownFileType = sourcecode.c.h; name = crc32.h; path = ../SDK/zlib/crc32.h; sourceTree = SOURCE_ROOT; };
		5FB56C9211C11B7F000E68A1 /* deflate.c */ = {isa = PBXFileReference; fileEncoding = 2147484672; lastKnownFileType = sourcecode.c.c; name = deflate.c; path = ../SDK/zlib/deflate.c; sourceTree = SOURCE_ROOT; };
		5FB56C9311C11B7F000E68A1 /* deflate.h */ = {isa = PBXFileReference; fileEncoding = 2147484672; lastKnownFileType = sourcecode.c.h; name = deflate.h; path = ../SDK/zlib/deflate.h; sourceTree = SOURCE_ROOT; };
		5FB56C9411C11B7F000E68A1 /* gzio.c */ = {isa = PBXFileReference; fileEncoding = 2147484672; lastKnownFileType = sourcecode.c.c; name = gzio.c; path = ../SDK/zlib/gzio.c; sourceTree = SOURCE_ROOT; };
		5FB56C9511C11B7F000E68A1 /* infback.c */ = {isa = PBXFileReference; fileEncoding = 2147484672; lastKnownFileType = sourcecode.c.c; name = infback.c; path = ../SDK/zlib/infback.c; sourceTree = SOURCE_ROOT; };
		5FB56C9611C11B7F000E68A1 /* inffast.c */ = {isa = PBXFileReference; fileEncoding = 2147484672; lastKnownFileType = sourcecode.c.c; name = inffast.c; path = ../SDK/zlib/inffast.c; sourceTree = SOURCE_ROOT; };
		5FB56C9711C11B7F000E68A1 /* inffast.h */ = {isa = PBXFileReference; fileEncoding = 2147484672; lastKnownFileType = sourcecode.c.h; name = inffast.h; path = ../SDK/zlib/inffast.h; sourceTree = SOURCE_ROOT; };
		5FB56C9811C11B7F000E68A1 /* inffixed.h */ = {isa = PBXFileReference; fileEncoding = 2147484672; lastKnownFileType = sourcecode.c.h; name = inffixed.h; path = ../SDK/zlib/inffixed.h; sourceTree = SOURCE_ROOT; };
		5FB56C9911C11B7F000E68A1 /* inflate.c */ = {isa = PBXFileReference; fileEncoding = 2147484672; lastKnownFileType = sourcecode.c.c; name = inflate.c; path = ../SDK/zlib/inflate.c; sourceTree = SOURCE_ROOT; };
		5FB56C9A11C11B7F000E68A1 /* inflate.h */ = {isa = PBXFileReference; fileEncoding = 2147484672; lastKnownFileType = sourcecode.c.h; name = inflate.h; path = ../SDK/zlib/inflate.h; sourceTree = SOURCE_ROOT; };
		5FB56C9B11C11B7F000E68A1 /* inftrees.c */ = {isa = PBXFileReference; fileEncoding = 2147484672; lastKnownFileType = sourcecode.c.c; name = inftrees.c; path = ../SDK/zlib/inftrees.c; sourceTree = SOURCE_ROOT; };
		5FB56C9C11C11B7F000E68A1 /* inftrees.h */ = {isa = PBXFileReference; fileEncoding = 2147484672; lastKnownFileType = sourcecode.c.h; name = inftrees.h; path = ../SDK/zlib/inftrees.h; sourceTree = SOURCE_ROOT; };
		5FB56C9D11C11B7F000E68A1 /* minigzip.c */ = {isa = PBXFileReference; fileEncoding = 2147484672; lastKnownFileType = sourcecode.c.c; name = minigzip.c; path = ../SDK/zlib/minigzip.c; sourceTree = SOURCE_ROOT; };
		5FB56C9E11C11B7F000E68A1 /* trees.c */ = {isa = PBXFileReference; fileEncoding = 2147484672; lastKnownFileType = sourcecode.c.c; name = trees.c; path = ../SDK/zlib/trees.c; sourceTree = SOURCE_ROOT; };
		5FB56C9F11C11B7F000E68A1 /* trees.h */ = {isa = PBXFileReference; fileEncoding = 2147484672; lastKnownFileType = sourcecode.c.h; name = trees.h; path = ../SDK/zlib/trees.h; sourceTree = SOURCE_ROOT; };
		5FB56CA011C11B7F000E68A1 /* uncompr.c */ = {isa = PBXFileReference; fileEncoding = 2147484672; lastKnownFileType = sourcecode.c.c; name = uncompr.c; path = ../SDK/zlib/uncompr.c; sourceTree = SOURCE_ROOT; };
		5FB56CA111C11B7F000E68A1 /* zconf.h */ = {isa = PBXFileReference; fileEncoding = 2147484672; lastKnownFileType = sourcecode.c.h; name = zconf.h; path = ../SDK/zlib/zconf.h; sourceTree = SOURCE_ROOT; };
		5FB56CA211C11B7F000E68A1 /* zconf.in.h */ = {isa = PBXFileReference; fileEncoding = 2147484672; lastKnownFileType = sourcecode.c.h; name = zconf.in.h; path = ../SDK/zlib/zconf.in.h; sourceTree = SOURCE_ROOT; };
		5FB56CA311C11B7F000E68A1 /* zlib.3 */ = {isa = PBXFileReference; fileEncoding = 2147484672; lastKnownFileType = text; name = zlib.3; path = ../SDK/zlib/zlib.3; sourceTree = SOURCE_ROOT; };
		5FB56CA411C11B7F000E68A1 /* zlib.h */ = {isa = PBXFileReference; fileEncoding = 2147484672; lastKnownFileType = sourcecode.c.h; name = zlib.h; path = ../SDK/zlib/zlib.h; sourceTree = SOURCE_ROOT; };
		5FB56CA511C11B7F000E68A1 /* zutil.c */ = {isa = PBXFileReference; fileEncoding = 2147484672; lastKnownFileType = sourcecode.c.c; name = zutil.c; path = ../SDK/zlib/zutil.c; sourceTree = SOURCE_ROOT; };
		5FB56CA611C11B7F000E68A1 /* zutil.h */ = {isa = PBXFileReference; fileEncoding = 2147484672; lastKnownFileType = sourcecode.c.h; name = zutil.h; path = ../SDK/zlib/zutil.h; sourceTree = SOURCE_ROOT; };
		5FBBF07E11BCC9D10008D709 /* ILIO.cpp */ = {isa = PBXFileReference; fileEncoding = 2147484705; lastKnownFileType = sourcecode.cpp.cpp; path = ILIO.cpp; sourceTree = "<group>"; };
		5FBBF07F11BCC9D10008D709 /* ILIO.h */ = {isa = PBXFileReference; fileEncoding = 2147484705; lastKnownFileType = sourcecode.c.h; path = ILIO.h; sourceTree = "<group>"; };
		5FBBF08011BCC9D10008D709 /* ImageIterator.h */ = {isa = PBXFileReference; fileEncoding = 2147484705; lastKnownFileType = sourcecode.c.h; path = ImageIterator.h; sourceTree = "<group>"; };
		5FBBF08111BCC9D10008D709 /* ImgBmpFile.cpp */ = {isa = PBXFileReference; fileEncoding = 2147484705; lastKnownFileType = sourcecode.cpp.cpp; path = ImgBmpFile.cpp; sourceTree = "<group>"; };
		5FBBF08211BCC9D10008D709 /* ImgGifFile.cpp */ = {isa = PBXFileReference; fileEncoding = 2147484705; lastKnownFileType = sourcecode.cpp.cpp; path = ImgGifFile.cpp; sourceTree = "<group>"; };
		5FBBF08311BCC9D10008D709 /* ImgGifFile.h */ = {isa = PBXFileReference; fileEncoding = 2147484705; lastKnownFileType = sourcecode.c.h; path = ImgGifFile.h; sourceTree = "<group>"; };
		5FBBF08411BCC9D10008D709 /* ImgJpegFile.cpp */ = {isa = PBXFileReference; fileEncoding = 2147484705; lastKnownFileType = sourcecode.cpp.cpp; path = ImgJpegFile.cpp; sourceTree = "<group>"; };
		5FBBF08511BCC9D10008D709 /* ImgJpegFile.h */ = {isa = PBXFileReference; fileEncoding = 2147484705; lastKnownFileType = sourcecode.c.h; path = ImgJpegFile.h; sourceTree = "<group>"; };
		5FBBF08611BCC9D10008D709 /* ImgPngFile.cpp */ = {isa = PBXFileReference; fileEncoding = 2147484705; lastKnownFileType = sourcecode.cpp.cpp; path = ImgPngFile.cpp; sourceTree = "<group>"; };
		5FBBF08711BCC9D10008D709 /* ImgPngFile.h */ = {isa = PBXFileReference; fileEncoding = 2147484705; lastKnownFileType = sourcecode.c.h; path = ImgPngFile.h; sourceTree = "<group>"; };
		5FBBF08A11BCC9D10008D709 /* RawImageData.cpp */ = {isa = PBXFileReference; fileEncoding = 2147484705; lastKnownFileType = sourcecode.cpp.cpp; path = RawImageData.cpp; sourceTree = "<group>"; };
		5FBBF08B11BCC9D10008D709 /* RawImageData.h */ = {isa = PBXFileReference; fileEncoding = 2147484705; lastKnownFileType = sourcecode.c.h; path = RawImageData.h; sourceTree = "<group>"; };
		5FBBF08C11BCC9D10008D709 /* Readme.txt */ = {isa = PBXFileReference; fileEncoding = 2147484705; lastKnownFileType = text; path = Readme.txt; sourceTree = "<group>"; };
		5FBBF08D11BCC9D10008D709 /* StdAfx.h */ = {isa = PBXFileReference; fileEncoding = 2147484705; lastKnownFileType = sourcecode.c.h; path = StdAfx.h; sourceTree = "<group>"; };
		5FBBF0AB11BCCAF20008D709 /* png.c */ = {isa = PBXFileReference; fileEncoding = 2147484705; lastKnownFileType = sourcecode.c.c; name = png.c; path = png/png.c; sourceTree = "<group>"; };
		5FBBF0AC11BCCAF20008D709 /* png.h */ = {isa = PBXFileReference; fileEncoding = 2147484705; lastKnownFileType = sourcecode.c.h; name = png.h; path = png/png.h; sourceTree = "<group>"; };
		5FBBF0AD11BCCAF20008D709 /* pngbar.jpg */ = {isa = PBXFileReference; lastKnownFileType = image.jpeg; name = pngbar.jpg; path = png/pngbar.jpg; sourceTree = "<group>"; };
		5FBBF0AE11BCCAF20008D709 /* pngbar.png */ = {isa = PBXFileReference; lastKnownFileType = image.png; name = pngbar.png; path = png/pngbar.png; sourceTree = "<group>"; };
		5FBBF0AF11BCCAF20008D709 /* pngconf.h */ = {isa = PBXFileReference; fileEncoding = 2147484705; lastKnownFileType = sourcecode.c.h; name = pngconf.h; path = png/pngconf.h; sourceTree = "<group>"; };
		5FBBF0B011BCCAF20008D709 /* pngerror.c */ = {isa = PBXFileReference; fileEncoding = 2147484705; lastKnownFileType = sourcecode.c.c; name = pngerror.c; path = png/pngerror.c; sourceTree = "<group>"; };
		5FBBF0B111BCCAF20008D709 /* pnggccrd.c */ = {isa = PBXFileReference; fileEncoding = 2147484705; lastKnownFileType = sourcecode.c.c; name = pnggccrd.c; path = png/pnggccrd.c; sourceTree = "<group>"; };
		5FBBF0B211BCCAF20008D709 /* pngget.c */ = {isa = PBXFileReference; fileEncoding = 2147484705; lastKnownFileType = sourcecode.c.c; name = pngget.c; path = png/pngget.c; sourceTree = "<group>"; };
		5FBBF0B311BCCAF20008D709 /* pngmem.c */ = {isa = PBXFileReference; fileEncoding = 2147484705; lastKnownFileType = sourcecode.c.c; name = pngmem.c; path = png/pngmem.c; sourceTree = "<group>"; };
		5FBBF0B411BCCAF20008D709 /* pngnow.png */ = {isa = PBXFileReference; lastKnownFileType = image.png; name = pngnow.png; path = png/pngnow.png; sourceTree = "<group>"; };
		5FBBF0B511BCCAF20008D709 /* pngpread.c */ = {isa = PBXFileReference; fileEncoding = 2147484705; lastKnownFileType = sourcecode.c.c; name = pngpread.c; path = png/pngpread.c; sourceTree = "<group>"; };
		5FBBF0B611BCCAF20008D709 /* pngread.c */ = {isa = PBXFileReference; fileEncoding = 2147484705; lastKnownFileType = sourcecode.c.c; name = pngread.c; path = png/pngread.c; sourceTree = "<group>"; };
		5FBBF0B711BCCAF20008D709 /* pngrio.c */ = {isa = PBXFileReference; fileEncoding = 2147484705; lastKnownFileType = sourcecode.c.c; name = pngrio.c; path = png/pngrio.c; sourceTree = "<group>"; };
		5FBBF0B811BCCAF20008D709 /* pngrtran.c */ = {isa = PBXFileReference; fileEncoding = 2147484705; lastKnownFileType = sourcecode.c.c; name = pngrtran.c; path = png/pngrtran.c; sourceTree = "<group>"; };
		5FBBF0B911BCCAF20008D709 /* pngrutil.c */ = {isa = PBXFileReference; fileEncoding = 2147484705; lastKnownFileType = sourcecode.c.c; name = pngrutil.c; path = png/pngrutil.c; sourceTree = "<group>"; };
		5FBBF0BA11BCCAF20008D709 /* pngset.c */ = {isa = PBXFileReference; fileEncoding = 2147484705; lastKnownFileType = sourcecode.c.c; name = pngset.c; path = png/pngset.c; sourceTree = "<group>"; };
		5FBBF0BB11BCCAF20008D709 /* pngtest.c */ = {isa = PBXFileReference; fileEncoding = 2147484705; lastKnownFileType = sourcecode.c.c; name = pngtest.c; path = png/pngtest.c; sourceTree = "<group>"; };
		5FBBF0BC11BCCAF20008D709 /* pngtest.png */ = {isa = PBXFileReference; lastKnownFileType = image.png; name = pngtest.png; path = png/pngtest.png; sourceTree = "<group>"; };
		5FBBF0BD11BCCAF20008D709 /* pngtrans.c */ = {isa = PBXFileReference; fileEncoding = 2147484705; lastKnownFileType = sourcecode.c.c; name = pngtrans.c; path = png/pngtrans.c; sourceTree = "<group>"; };
		5FBBF0BE11BCCAF20008D709 /* pngvcrd.c */ = {isa = PBXFileReference; fileEncoding = 2147484705; lastKnownFileType = sourcecode.c.c; name = pngvcrd.c; path = png/pngvcrd.c; sourceTree = "<group>"; };
		5FBBF0BF11BCCAF20008D709 /* pngwio.c */ = {isa = PBXFileReference; fileEncoding = 2147484705; lastKnownFileType = sourcecode.c.c; name = pngwio.c; path = png/pngwio.c; sourceTree = "<group>"; };
		5FBBF0C011BCCAF20008D709 /* pngwrite.c */ = {isa = PBXFileReference; fileEncoding = 2147484705; lastKnownFileType = sourcecode.c.c; name = pngwrite.c; path = png/pngwrite.c; sourceTree = "<group>"; };
		5FBBF0C111BCCAF20008D709 /* pngwtran.c */ = {isa = PBXFileReference; fileEncoding = 2147484705; lastKnownFileType = sourcecode.c.c; name = pngwtran.c; path = png/pngwtran.c; sourceTree = "<group>"; };
		5FBBF0C211BCCAF20008D709 /* pngwutil.c */ = {isa = PBXFileReference; fileEncoding = 2147484705; lastKnownFileType = sourcecode.c.c; name = pngwutil.c; path = png/pngwutil.c; sourceTree = "<group>"; };
		5FBBF0D911BCCB2E0008D709 /* jcapimin.c */ = {isa = PBXFileReference; fileEncoding = 2147484705; lastKnownFileType = sourcecode.c.c; name = jcapimin.c; path = jpeg/jcapimin.c; sourceTree = "<group>"; };
		5FBBF0DA11BCCB2E0008D709 /* jcapistd.c */ = {isa = PBXFileReference; fileEncoding = 2147484705; lastKnownFileType = sourcecode.c.c; name = jcapistd.c; path = jpeg/jcapistd.c; sourceTree = "<group>"; };
		5FBBF0DB11BCCB2E0008D709 /* jccoefct.c */ = {isa = PBXFileReference; fileEncoding = 2147484705; lastKnownFileType = sourcecode.c.c; name = jccoefct.c; path = jpeg/jccoefct.c; sourceTree = "<group>"; };
		5FBBF0DC11BCCB2E0008D709 /* jccolor.c */ = {isa = PBXFileReference; fileEncoding = 2147484705; lastKnownFileType = sourcecode.c.c; name = jccolor.c; path = jpeg/jccolor.c; sourceTree = "<group>"; };
		5FBBF0DD11BCCB2E0008D709 /* jcdctmgr.c */ = {isa = PBXFileReference; fileEncoding = 2147484705; lastKnownFileType = sourcecode.c.c; name = jcdctmgr.c; path = jpeg/jcdctmgr.c; sourceTree = "<group>"; };
		5FBBF0DE11BCCB2E0008D709 /* jchuff.c */ = {isa = PBXFileReference; fileEncoding = 2147484705; lastKnownFileType = sourcecode.c.c; name = jchuff.c; path = jpeg/jchuff.c; sourceTree = "<group>"; };
		5FBBF0DF11BCCB2E0008D709 /* jchuff.h */ = {isa = PBXFileReference; fileEncoding = 2147484705; lastKnownFileType = sourcecode.c.h; name = jchuff.h; path = jpeg/jchuff.h; sourceTree = "<group>"; };
		5FBBF0E011BCCB2E0008D709 /* jcinit.c */ = {isa = PBXFileReference; fileEncoding = 2147484705; lastKnownFileType = sourcecode.c.c; name = jcinit.c; path = jpeg/jcinit.c; sourceTree = "<group>"; };
		5FBBF0E111BCCB2E0008D709 /* jcmainct.c */ = {isa = PBXFileReference; fileEncoding = 2147484705; lastKnownFileType = sourcecode.c.c; name = jcmainct.c; path = jpeg/jcmainct.c; sourceTree = "<group>"; };
		5FBBF0E211BCCB2E0008D709 /* jcmarker.c */ = {isa = PBXFileReference; fileEncoding = 2147484705; lastKnownFileType = sourcecode.c.c; name = jcmarker.c; path = jpeg/jcmarker.c; sourceTree = "<group>"; };
		5FBBF0E311BCCB2E0008D709 /* jcmaster.c */ = {isa = PBXFileReference; fileEncoding = 2147484705; lastKnownFileType = sourcecode.c.c; name = jcmaster.c; path = jpeg/jcmaster.c; sourceTree = "<group>"; };
		5FBBF0E411BCCB2E0008D709 /* jcomapi.c */ = {isa = PBXFileReference; fileEncoding = 2147484705; lastKnownFileType = sourcecode.c.c; name = jcomapi.c; path = jpeg/jcomapi.c; sourceTree = "<group>"; };
		5FBBF0E511BCCB2E0008D709 /* jconfig.h */ = {isa = PBXFileReference; fileEncoding = 2147484705; lastKnownFileType = sourcecode.c.h; name = jconfig.h; path = jpeg/jconfig.h; sourceTree = "<group>"; };
		5FBBF0E611BCCB2E0008D709 /* jcparam.c */ = {isa = PBXFileReference; fileEncoding = 2147484705; lastKnownFileType = sourcecode.c.c; name = jcparam.c; path = jpeg/jcparam.c; sourceTree = "<group>"; };
		5FBBF0E711BCCB2E0008D709 /* jcphuff.c */ = {isa = PBXFileReference; fileEncoding = 2147484705; lastKnownFileType = sourcecode.c.c; name = jcphuff.c; path = jpeg/jcphuff.c; sourceTree = "<group>"; };
		5FBBF0E811BCCB2E0008D709 /* jcprepct.c */ = {isa = PBXFileReference; fileEncoding = 2147484705; lastKnownFileType = sourcecode.c.c; name = jcprepct.c; path = jpeg/jcprepct.c; sourceTree = "<group>"; };
		5FBBF0E911BCCB2E0008D709 /* jcsample.c */ = {isa = PBXFileReference; fileEncoding = 2147484705; lastKnownFileType = sourcecode.c.c; name = jcsample.c; path = jpeg/jcsample.c; sourceTree = "<group>"; };
		5FBBF0EA11BCCB2E0008D709 /* jctrans.c */ = {isa = PBXFileReference; fileEncoding = 2147484705; lastKnownFileType = sourcecode.c.c; name = jctrans.c; path = jpeg/jctrans.c; sourceTree = "<group>"; };
		5FBBF0EB11BCCB2E0008D709 /* jdapimin.c */ = {isa = PBXFileReference; fileEncoding = 2147484705; lastKnownFileType = sourcecode.c.c; name = jdapimin.c; path = jpeg/jdapimin.c; sourceTree = "<group>"; };
		5FBBF0EC11BCCB2E0008D709 /* jdapistd.c */ = {isa = PBXFileReference; fileEncoding = 2147484705; lastKnownFileType = sourcecode.c.c; name = jdapistd.c; path = jpeg/jdapistd.c; sourceTree = "<group>"; };
		5FBBF0ED11BCCB2E0008D709 /* jdatadst.c */ = {isa = PBXFileReference; fileEncoding = 2147484705; lastKnownFileType = sourcecode.c.c; name = jdatadst.c; path = jpeg/jdatadst.c; sourceTree = "<group>"; };
		5FBBF0EE11BCCB2E0008D709 /* jdatasrc.c */ = {isa = PBXFileReference; fileEncoding = 2147484705; lastKnownFileType = sourcecode.c.c; name = jdatasrc.c; path = jpeg/jdatasrc.c; sourceTree = "<group>"; };
		5FBBF0EF11BCCB2E0008D709 /* jdcoefct.c */ = {isa = PBXFileReference; fileEncoding = 2147484705; lastKnownFileType = sourcecode.c.c; name = jdcoefct.c; path = jpeg/jdcoefct.c; sourceTree = "<group>"; };
		5FBBF0F011BCCB2E0008D709 /* jdcolor.c */ = {isa = PBXFileReference; fileEncoding = 2147484705; lastKnownFileType = sourcecode.c.c; name = jdcolor.c; path = jpeg/jdcolor.c; sourceTree = "<group>"; };
		5FBBF0F111BCCB2E0008D709 /* jdct.h */ = {isa = PBXFileReference; fileEncoding = 2147484705; lastKnownFileType = sourcecode.c.h; name = jdct.h; path = jpeg/jdct.h; sourceTree = "<group>"; };
		5FBBF0F211BCCB2E0008D709 /* jddctmgr.c */ = {isa = PBXFileReference; fileEncoding = 2147484705; lastKnownFileType = sourcecode.c.c; name = jddctmgr.c; path = jpeg/jddctmgr.c; sourceTree = "<group>"; };
		5FBBF0F311BCCB2E0008D709 /* jdhuff.c */ = {isa = PBXFileReference; fileEncoding = 2147484705; lastKnownFileType = sourcecode.c.c; name = jdhuff.c; path = jpeg/jdhuff.c; sourceTree = "<group>"; };
		5FBBF0F411BCCB2E0008D709 /* jdhuff.h */ = {isa = PBXFileReference; fileEncoding = 2147484705; lastKnownFileType = sourcecode.c.h; name = jdhuff.h; path = jpeg/jdhuff.h; sourceTree = "<group>"; };
		5FBBF0F511BCCB2E0008D709 /* jdinput.c */ = {isa = PBXFileReference; fileEncoding = 2147484705; lastKnownFileType = sourcecode.c.c; name = jdinput.c; path = jpeg/jdinput.c; sourceTree = "<group>"; };
		5FBBF0F611BCCB2E0008D709 /* jdmainct.c */ = {isa = PBXFileReference; fileEncoding = 2147484705; lastKnownFileType = sourcecode.c.c; name = jdmainct.c; path = jpeg/jdmainct.c; sourceTree = "<group>"; };
		5FBBF0F711BCCB2E0008D709 /* jdmarker.c */ = {isa = PBXFileReference; fileEncoding = 2147484705; lastKnownFileType = sourcecode.c.c; name = jdmarker.c; path = jpeg/jdmarker.c; sourceTree = "<group>"; };
		5FBBF0F811BCCB2E0008D709 /* jdmaster.c */ = {isa = PBXFileReference; fileEncoding = 2147484705; lastKnownFileType = sourcecode.c.c; name = jdmaster.c; path = jpeg/jdmaster.c; sourceTree = "<group>"; };
		5FBBF0F911BCCB2E0008D709 /* jdmerge.c */ = {isa = PBXFileReference; fileEncoding = 2147484705; lastKnownFileType = sourcecode.c.c; name = jdmerge.c; path = jpeg/jdmerge.c; sourceTree = "<group>"; };
		5FBBF0FA11BCCB2E0008D709 /* jdphuff.c */ = {isa = PBXFileReference; fileEncoding = 2147484705; lastKnownFileType = sourcecode.c.c; name = jdphuff.c; path = jpeg/jdphuff.c; sourceTree = "<group>"; };
		5FBBF0FB11BCCB2E0008D709 /* jdpostct.c */ = {isa = PBXFileReference; fileEncoding = 2147484705; lastKnownFileType = sourcecode.c.c; name = jdpostct.c; path = jpeg/jdpostct.c; sourceTree = "<group>"; };
		5FBBF0FC11BCCB2E0008D709 /* jdsample.c */ = {isa = PBXFileReference; fileEncoding = 2147484705; lastKnownFileType = sourcecode.c.c; name = jdsample.c; path = jpeg/jdsample.c; sourceTree = "<group>"; };
		5FBBF0FD11BCCB2E0008D709 /* jdtrans.c */ = {isa = PBXFileReference; fileEncoding = 2147484705; lastKnownFileType = sourcecode.c.c; name = jdtrans.c; path = jpeg/jdtrans.c; sourceTree = "<group>"; };
		5FBBF0FE11BCCB2E0008D709 /* jerror.c */ = {isa = PBXFileReference; fileEncoding = 2147484705; lastKnownFileType = sourcecode.c.c; name = jerror.c; path = jpeg/jerror.c; sourceTree = "<group>"; };
		5FBBF0FF11BCCB2E0008D709 /* jerror.h */ = {isa = PBXFileReference; fileEncoding = 2147484705; lastKnownFileType = sourcecode.c.h; name = jerror.h; path = jpeg/jerror.h; sourceTree = "<group>"; };
		5FBBF10011BCCB2E0008D709 /* jfdctflt.c */ = {isa = PBXFileReference; fileEncoding = 2147484705; lastKnownFileType = sourcecode.c.c; name = jfdctflt.c; path = jpeg/jfdctflt.c; sourceTree = "<group>"; };
		5FBBF10111BCCB2E0008D709 /* jfdctfst.c */ = {isa = PBXFileReference; fileEncoding = 2147484705; lastKnownFileType = sourcecode.c.c; name = jfdctfst.c; path = jpeg/jfdctfst.c; sourceTree = "<group>"; };
		5FBBF10211BCCB2E0008D709 /* jfdctint.c */ = {isa = PBXFileReference; fileEncoding = 2147484705; lastKnownFileType = sourcecode.c.c; name = jfdctint.c; path = jpeg/jfdctint.c; sourceTree = "<group>"; };
		5FBBF10311BCCB2E0008D709 /* jidctflt.c */ = {isa = PBXFileReference; fileEncoding = 2147484705; lastKnownFileType = sourcecode.c.c; name = jidctflt.c; path = jpeg/jidctflt.c; sourceTree = "<group>"; };
		5FBBF10411BCCB2E0008D709 /* jidctfst.c */ = {isa = PBXFileReference; fileEncoding = 2147484705; lastKnownFileType = sourcecode.c.c; name = jidctfst.c; path = jpeg/jidctfst.c; sourceTree = "<group>"; };
		5FBBF10511BCCB2E0008D709 /* jidctint.c */ = {isa = PBXFileReference; fileEncoding = 2147484705; lastKnownFileType = sourcecode.c.c; name = jidctint.c; path = jpeg/jidctint.c; sourceTree = "<group>"; };
		5FBBF10611BCCB2E0008D709 /* jidctred.c */ = {isa = PBXFileReference; fileEncoding = 2147484705; lastKnownFileType = sourcecode.c.c; name = jidctred.c; path = jpeg/jidctred.c; sourceTree = "<group>"; };
		5FBBF10711BCCB2E0008D709 /* jinclude.h */ = {isa = PBXFileReference; fileEncoding = 2147484705; lastKnownFileType = sourcecode.c.h; name = jinclude.h; path = jpeg/jinclude.h; sourceTree = "<group>"; };
		5FBBF10811BCCB2E0008D709 /* jmemmgr.c */ = {isa = PBXFileReference; fileEncoding = 2147484705; lastKnownFileType = sourcecode.c.c; name = jmemmgr.c; path = jpeg/jmemmgr.c; sourceTree = "<group>"; };
		5FBBF10911BCCB2E0008D709 /* jmemnobs.c */ = {isa = PBXFileReference; fileEncoding = 2147484705; lastKnownFileType = sourcecode.c.c; name = jmemnobs.c; path = jpeg/jmemnobs.c; sourceTree = "<group>"; };
		5FBBF10A11BCCB2E0008D709 /* jmemsys.h */ = {isa = PBXFileReference; fileEncoding = 2147484705; lastKnownFileType = sourcecode.c.h; name = jmemsys.h; path = jpeg/jmemsys.h; sourceTree = "<group>"; };
		5FBBF10B11BCCB2E0008D709 /* jmorecfg.h */ = {isa = PBXFileReference; fileEncoding = 2147484705; lastKnownFileType = sourcecode.c.h; name = jmorecfg.h; path = jpeg/jmorecfg.h; sourceTree = "<group>"; };
		5FBBF10C11BCCB2E0008D709 /* jpegint.h */ = {isa = PBXFileReference; fileEncoding = 2147484705; lastKnownFileType = sourcecode.c.h; name = jpegint.h; path = jpeg/jpegint.h; sourceTree = "<group>"; };
		5FBBF10D11BCCB2E0008D709 /* jpeglib.h */ = {isa = PBXFileReference; fileEncoding = 2147484705; lastKnownFileType = sourcecode.c.h; name = jpeglib.h; path = jpeg/jpeglib.h; sourceTree = "<group>"; };
		5FBBF10E11BCCB2E0008D709 /* jquant1.c */ = {isa = PBXFileReference; fileEncoding = 2147484705; lastKnownFileType = sourcecode.c.c; name = jquant1.c; path = jpeg/jquant1.c; sourceTree = "<group>"; };
		5FBBF10F11BCCB2E0008D709 /* jquant2.c */ = {isa = PBXFileReference; fileEncoding = 2147484705; lastKnownFileType = sourcecode.c.c; name = jquant2.c; path = jpeg/jquant2.c; sourceTree = "<group>"; };
		5FBBF11011BCCB2E0008D709 /* jutils.c */ = {isa = PBXFileReference; fileEncoding = 2147484705; lastKnownFileType = sourcecode.c.c; name = jutils.c; path = jpeg/jutils.c; sourceTree = "<group>"; };
		5FBBF11111BCCB2E0008D709 /* jversion.h */ = {isa = PBXFileReference; fileEncoding = 2147484705; lastKnownFileType = sourcecode.c.h; name = jversion.h; path = jpeg/jversion.h; sourceTree = "<group>"; };
		D2AAC046055464E500DB518D /* libImageLib.a */ = {isa = PBXFileReference; explicitFileType = archive.ar; includeInIndex = 0; path = libImageLib.a; sourceTree = BUILT_PRODUCTS_DIR; };
/* End PBXFileReference section */

/* Begin PBXFrameworksBuildPhase section */
		D289987405E68DCB004EDB86 /* Frameworks */ = {
			isa = PBXFrameworksBuildPhase;
			buildActionMask = 2147483647;
			files = (
			);
			runOnlyForDeploymentPostprocessing = 0;
		};
/* End PBXFrameworksBuildPhase section */

/* Begin PBXGroup section */
		08FB7794FE84155DC02AAC07 /* ImageLib */ = {
			isa = PBXGroup;
			children = (
				5FB56C8B11C11B2A000E68A1 /* zlib */,
				5FBBF0D811BCCAFF0008D709 /* jpeg */,
				5FBBF0AA11BCCAB20008D709 /* png */,
				08FB7795FE84155DC02AAC07 /* Source */,
				C6A0FF2B0290797F04C91782 /* Documentation */,
				1AB674ADFE9D54B511CA2CBB /* Products */,
			);
			name = ImageLib;
			sourceTree = "<group>";
		};
		08FB7795FE84155DC02AAC07 /* Source */ = {
			isa = PBXGroup;
			children = (
				5FBBF07E11BCC9D10008D709 /* ILIO.cpp */,
				5FBBF07F11BCC9D10008D709 /* ILIO.h */,
				5FBBF08011BCC9D10008D709 /* ImageIterator.h */,
				5FBBF08111BCC9D10008D709 /* ImgBmpFile.cpp */,
				5FBBF08211BCC9D10008D709 /* ImgGifFile.cpp */,
				5FBBF08311BCC9D10008D709 /* ImgGifFile.h */,
				5FBBF08411BCC9D10008D709 /* ImgJpegFile.cpp */,
				5FBBF08511BCC9D10008D709 /* ImgJpegFile.h */,
				5FBBF08611BCC9D10008D709 /* ImgPngFile.cpp */,
				5FBBF08711BCC9D10008D709 /* ImgPngFile.h */,
				5FBBF08A11BCC9D10008D709 /* RawImageData.cpp */,
				5FBBF08B11BCC9D10008D709 /* RawImageData.h */,
				5FBBF08C11BCC9D10008D709 /* Readme.txt */,
				5FBBF08D11BCC9D10008D709 /* StdAfx.h */,
			);
			name = Source;
			sourceTree = "<group>";
		};
		1AB674ADFE9D54B511CA2CBB /* Products */ = {
			isa = PBXGroup;
			children = (
				D2AAC046055464E500DB518D /* libImageLib.a */,
			);
			name = Products;
			sourceTree = "<group>";
		};
		5FB56C8B11C11B2A000E68A1 /* zlib */ = {
			isa = PBXGroup;
			children = (
				5FB56C8E11C11B7F000E68A1 /* adler32.c */,
				5FB56C8F11C11B7F000E68A1 /* compress.c */,
				5FB56C9011C11B7F000E68A1 /* crc32.c */,
				5FB56C9111C11B7F000E68A1 /* crc32.h */,
				5FB56C9211C11B7F000E68A1 /* deflate.c */,
				5FB56C9311C11B7F000E68A1 /* deflate.h */,
				5FB56C9411C11B7F000E68A1 /* gzio.c */,
				5FB56C9511C11B7F000E68A1 /* infback.c */,
				5FB56C9611C11B7F000E68A1 /* inffast.c */,
				5FB56C9711C11B7F000E68A1 /* inffast.h */,
				5FB56C9811C11B7F000E68A1 /* inffixed.h */,
				5FB56C9911C11B7F000E68A1 /* inflate.c */,
				5FB56C9A11C11B7F000E68A1 /* inflate.h */,
				5FB56C9B11C11B7F000E68A1 /* inftrees.c */,
				5FB56C9C11C11B7F000E68A1 /* inftrees.h */,
				5FB56C9D11C11B7F000E68A1 /* minigzip.c */,
				5FB56C9E11C11B7F000E68A1 /* trees.c */,
				5FB56C9F11C11B7F000E68A1 /* trees.h */,
				5FB56CA011C11B7F000E68A1 /* uncompr.c */,
				5FB56CA111C11B7F000E68A1 /* zconf.h */,
				5FB56CA211C11B7F000E68A1 /* zconf.in.h */,
				5FB56CA311C11B7F000E68A1 /* zlib.3 */,
				5FB56CA411C11B7F000E68A1 /* zlib.h */,
				5FB56CA511C11B7F000E68A1 /* zutil.c */,
				5FB56CA611C11B7F000E68A1 /* zutil.h */,
			);
			name = zlib;
			sourceTree = "<group>";
		};
		5FBBF0AA11BCCAB20008D709 /* png */ = {
			isa = PBXGroup;
			children = (
				5FBBF0AB11BCCAF20008D709 /* png.c */,
				5FBBF0AC11BCCAF20008D709 /* png.h */,
				5FBBF0AD11BCCAF20008D709 /* pngbar.jpg */,
				5FBBF0AE11BCCAF20008D709 /* pngbar.png */,
				5FBBF0AF11BCCAF20008D709 /* pngconf.h */,
				5FBBF0B011BCCAF20008D709 /* pngerror.c */,
				5FBBF0B111BCCAF20008D709 /* pnggccrd.c */,
				5FBBF0B211BCCAF20008D709 /* pngget.c */,
				5FBBF0B311BCCAF20008D709 /* pngmem.c */,
				5FBBF0B411BCCAF20008D709 /* pngnow.png */,
				5FBBF0B511BCCAF20008D709 /* pngpread.c */,
				5FBBF0B611BCCAF20008D709 /* pngread.c */,
				5FBBF0B711BCCAF20008D709 /* pngrio.c */,
				5FBBF0B811BCCAF20008D709 /* pngrtran.c */,
				5FBBF0B911BCCAF20008D709 /* pngrutil.c */,
				5FBBF0BA11BCCAF20008D709 /* pngset.c */,
				5FBBF0BB11BCCAF20008D709 /* pngtest.c */,
				5FBBF0BC11BCCAF20008D709 /* pngtest.png */,
				5FBBF0BD11BCCAF20008D709 /* pngtrans.c */,
				5FBBF0BE11BCCAF20008D709 /* pngvcrd.c */,
				5FBBF0BF11BCCAF20008D709 /* pngwio.c */,
				5FBBF0C011BCCAF20008D709 /* pngwrite.c */,
				5FBBF0C111BCCAF20008D709 /* pngwtran.c */,
				5FBBF0C211BCCAF20008D709 /* pngwutil.c */,
			);
			name = png;
			sourceTree = "<group>";
		};
		5FBBF0D811BCCAFF0008D709 /* jpeg */ = {
			isa = PBXGroup;
			children = (
				5FBBF0D911BCCB2E0008D709 /* jcapimin.c */,
				5FBBF0DA11BCCB2E0008D709 /* jcapistd.c */,
				5FBBF0DB11BCCB2E0008D709 /* jccoefct.c */,
				5FBBF0DC11BCCB2E0008D709 /* jccolor.c */,
				5FBBF0DD11BCCB2E0008D709 /* jcdctmgr.c */,
				5FBBF0DE11BCCB2E0008D709 /* jchuff.c */,
				5FBBF0DF11BCCB2E0008D709 /* jchuff.h */,
				5FBBF0E011BCCB2E0008D709 /* jcinit.c */,
				5FBBF0E111BCCB2E0008D709 /* jcmainct.c */,
				5FBBF0E211BCCB2E0008D709 /* jcmarker.c */,
				5FBBF0E311BCCB2E0008D709 /* jcmaster.c */,
				5FBBF0E411BCCB2E0008D709 /* jcomapi.c */,
				5FBBF0E511BCCB2E0008D709 /* jconfig.h */,
				5FBBF0E611BCCB2E0008D709 /* jcparam.c */,
				5FBBF0E711BCCB2E0008D709 /* jcphuff.c */,
				5FBBF0E811BCCB2E0008D709 /* jcprepct.c */,
				5FBBF0E911BCCB2E0008D709 /* jcsample.c */,
				5FBBF0EA11BCCB2E0008D709 /* jctrans.c */,
				5FBBF0EB11BCCB2E0008D709 /* jdapimin.c */,
				5FBBF0EC11BCCB2E0008D709 /* jdapistd.c */,
				5FBBF0ED11BCCB2E0008D709 /* jdatadst.c */,
				5FBBF0EE11BCCB2E0008D709 /* jdatasrc.c */,
				5FBBF0EF11BCCB2E0008D709 /* jdcoefct.c */,
				5FBBF0F011BCCB2E0008D709 /* jdcolor.c */,
				5FBBF0F111BCCB2E0008D709 /* jdct.h */,
				5FBBF0F211BCCB2E0008D709 /* jddctmgr.c */,
				5FBBF0F311BCCB2E0008D709 /* jdhuff.c */,
				5FBBF0F411BCCB2E0008D709 /* jdhuff.h */,
				5FBBF0F511BCCB2E0008D709 /* jdinput.c */,
				5FBBF0F611BCCB2E0008D709 /* jdmainct.c */,
				5FBBF0F711BCCB2E0008D709 /* jdmarker.c */,
				5FBBF0F811BCCB2E0008D709 /* jdmaster.c */,
				5FBBF0F911BCCB2E0008D709 /* jdmerge.c */,
				5FBBF0FA11BCCB2E0008D709 /* jdphuff.c */,
				5FBBF0FB11BCCB2E0008D709 /* jdpostct.c */,
				5FBBF0FC11BCCB2E0008D709 /* jdsample.c */,
				5FBBF0FD11BCCB2E0008D709 /* jdtrans.c */,
				5FBBF0FE11BCCB2E0008D709 /* jerror.c */,
				5FBBF0FF11BCCB2E0008D709 /* jerror.h */,
				5FBBF10011BCCB2E0008D709 /* jfdctflt.c */,
				5FBBF10111BCCB2E0008D709 /* jfdctfst.c */,
				5FBBF10211BCCB2E0008D709 /* jfdctint.c */,
				5FBBF10311BCCB2E0008D709 /* jidctflt.c */,
				5FBBF10411BCCB2E0008D709 /* jidctfst.c */,
				5FBBF10511BCCB2E0008D709 /* jidctint.c */,
				5FBBF10611BCCB2E0008D709 /* jidctred.c */,
				5FBBF10711BCCB2E0008D709 /* jinclude.h */,
				5FBBF10811BCCB2E0008D709 /* jmemmgr.c */,
				5FBBF10911BCCB2E0008D709 /* jmemnobs.c */,
				5FBBF10A11BCCB2E0008D709 /* jmemsys.h */,
				5FBBF10B11BCCB2E0008D709 /* jmorecfg.h */,
				5FBBF10C11BCCB2E0008D709 /* jpegint.h */,
				5FBBF10D11BCCB2E0008D709 /* jpeglib.h */,
				5FBBF10E11BCCB2E0008D709 /* jquant1.c */,
				5FBBF10F11BCCB2E0008D709 /* jquant2.c */,
				5FBBF11011BCCB2E0008D709 /* jutils.c */,
				5FBBF11111BCCB2E0008D709 /* jversion.h */,
			);
			name = jpeg;
			sourceTree = "<group>";
		};
		C6A0FF2B0290797F04C91782 /* Documentation */ = {
			isa = PBXGroup;
			children = (
			);
			name = Documentation;
			sourceTree = "<group>";
		};
/* End PBXGroup section */

/* Begin PBXHeadersBuildPhase section */
		D2AAC043055464E500DB518D /* Headers */ = {
			isa = PBXHeadersBuildPhase;
			buildActionMask = 2147483647;
			files = (
				5FBBF08F11BCC9D10008D709 /* ILIO.h in Headers */,
				5FBBF09011BCC9D10008D709 /* ImageIterator.h in Headers */,
				5FBBF09311BCC9D10008D709 /* ImgGifFile.h in Headers */,
				5FBBF09511BCC9D10008D709 /* ImgJpegFile.h in Headers */,
				5FBBF09711BCC9D10008D709 /* ImgPngFile.h in Headers */,
				5FBBF09A11BCC9D10008D709 /* RawImageData.h in Headers */,
				5FBBF09B11BCC9D10008D709 /* StdAfx.h in Headers */,
				5FBBF0C411BCCAF20008D709 /* png.h in Headers */,
				5FBBF0C511BCCAF20008D709 /* pngconf.h in Headers */,
				5FBBF11811BCCB2E0008D709 /* jchuff.h in Headers */,
				5FBBF11E11BCCB2E0008D709 /* jconfig.h in Headers */,
				5FBBF12A11BCCB2E0008D709 /* jdct.h in Headers */,
				5FBBF12D11BCCB2E0008D709 /* jdhuff.h in Headers */,
				5FBBF13811BCCB2E0008D709 /* jerror.h in Headers */,
				5FBBF14011BCCB2E0008D709 /* jinclude.h in Headers */,
				5FBBF14311BCCB2E0008D709 /* jmemsys.h in Headers */,
				5FBBF14411BCCB2E0008D709 /* jmorecfg.h in Headers */,
				5FBBF14511BCCB2E0008D709 /* jpegint.h in Headers */,
				5FBBF14611BCCB2E0008D709 /* jpeglib.h in Headers */,
				5FBBF14A11BCCB2E0008D709 /* jversion.h in Headers */,
				5FB56CAA11C11B7F000E68A1 /* crc32.h in Headers */,
				5FB56CAC11C11B7F000E68A1 /* deflate.h in Headers */,
				5FB56CB011C11B7F000E68A1 /* inffast.h in Headers */,
				5FB56CB111C11B7F000E68A1 /* inffixed.h in Headers */,
				5FB56CB311C11B7F000E68A1 /* inflate.h in Headers */,
				5FB56CB511C11B7F000E68A1 /* inftrees.h in Headers */,
				5FB56CB811C11B7F000E68A1 /* trees.h in Headers */,
				5FB56CBA11C11B7F000E68A1 /* zconf.h in Headers */,
				5FB56CBB11C11B7F000E68A1 /* zconf.in.h in Headers */,
				5FB56CBC11C11B7F000E68A1 /* zlib.h in Headers */,
				5FB56CBE11C11B7F000E68A1 /* zutil.h in Headers */,
			);
			runOnlyForDeploymentPostprocessing = 0;
		};
/* End PBXHeadersBuildPhase section */

/* Begin PBXNativeTarget section */
		D2AAC045055464E500DB518D /* ImageLib */ = {
			isa = PBXNativeTarget;
			buildConfigurationList = 1DEB91EB08733DB70010E9CD /* Build configuration list for PBXNativeTarget "ImageLib" */;
			buildPhases = (
				D2AAC043055464E500DB518D /* Headers */,
				D2AAC044055464E500DB518D /* Sources */,
				D289987405E68DCB004EDB86 /* Frameworks */,
			);
			buildRules = (
			);
			dependencies = (
			);
			name = ImageLib;
			productName = ImageLib;
			productReference = D2AAC046055464E500DB518D /* libImageLib.a */;
			productType = "com.apple.product-type.library.static";
		};
/* End PBXNativeTarget section */

/* Begin PBXProject section */
		08FB7793FE84155DC02AAC07 /* Project object */ = {
			isa = PBXProject;
			buildConfigurationList = 1DEB91EF08733DB70010E9CD /* Build configuration list for PBXProject "ImageLib" */;
			compatibilityVersion = "Xcode 3.1";
			hasScannedForEncodings = 1;
			mainGroup = 08FB7794FE84155DC02AAC07 /* ImageLib */;
			projectDirPath = "";
			projectRoot = "";
			targets = (
				D2AAC045055464E500DB518D /* ImageLib */,
			);
		};
/* End PBXProject section */

/* Begin PBXSourcesBuildPhase section */
		D2AAC044055464E500DB518D /* Sources */ = {
			isa = PBXSourcesBuildPhase;
			buildActionMask = 2147483647;
			files = (
				5FBBF08E11BCC9D10008D709 /* ILIO.cpp in Sources */,
				5FBBF09111BCC9D10008D709 /* ImgBmpFile.cpp in Sources */,
				5FBBF09211BCC9D10008D709 /* ImgGifFile.cpp in Sources */,
				5FBBF09411BCC9D10008D709 /* ImgJpegFile.cpp in Sources */,
				5FBBF09611BCC9D10008D709 /* ImgPngFile.cpp in Sources */,
				5FBBF09911BCC9D10008D709 /* RawImageData.cpp in Sources */,
				5FBBF0C311BCCAF20008D709 /* png.c in Sources */,
				5FBBF0C611BCCAF20008D709 /* pngerror.c in Sources */,
				5FBBF0C711BCCAF20008D709 /* pnggccrd.c in Sources */,
				5FBBF0C811BCCAF20008D709 /* pngget.c in Sources */,
				5FBBF0C911BCCAF20008D709 /* pngmem.c in Sources */,
				5FBBF0CA11BCCAF20008D709 /* pngpread.c in Sources */,
				5FBBF0CB11BCCAF20008D709 /* pngread.c in Sources */,
				5FBBF0CC11BCCAF20008D709 /* pngrio.c in Sources */,
				5FBBF0CD11BCCAF20008D709 /* pngrtran.c in Sources */,
				5FBBF0CE11BCCAF20008D709 /* pngrutil.c in Sources */,
				5FBBF0CF11BCCAF20008D709 /* pngset.c in Sources */,
				5FBBF0D011BCCAF20008D709 /* pngtest.c in Sources */,
				5FBBF0D111BCCAF20008D709 /* pngtrans.c in Sources */,
				5FBBF0D211BCCAF20008D709 /* pngvcrd.c in Sources */,
				5FBBF0D311BCCAF20008D709 /* pngwio.c in Sources */,
				5FBBF0D411BCCAF20008D709 /* pngwrite.c in Sources */,
				5FBBF0D511BCCAF20008D709 /* pngwtran.c in Sources */,
				5FBBF0D611BCCAF20008D709 /* pngwutil.c in Sources */,
				5FBBF11211BCCB2E0008D709 /* jcapimin.c in Sources */,
				5FBBF11311BCCB2E0008D709 /* jcapistd.c in Sources */,
				5FBBF11411BCCB2E0008D709 /* jccoefct.c in Sources */,
				5FBBF11511BCCB2E0008D709 /* jccolor.c in Sources */,
				5FBBF11611BCCB2E0008D709 /* jcdctmgr.c in Sources */,
				5FBBF11711BCCB2E0008D709 /* jchuff.c in Sources */,
				5FBBF11911BCCB2E0008D709 /* jcinit.c in Sources */,
				5FBBF11A11BCCB2E0008D709 /* jcmainct.c in Sources */,
				5FBBF11B11BCCB2E0008D709 /* jcmarker.c in Sources */,
				5FBBF11C11BCCB2E0008D709 /* jcmaster.c in Sources */,
				5FBBF11D11BCCB2E0008D709 /* jcomapi.c in Sources */,
				5FBBF11F11BCCB2E0008D709 /* jcparam.c in Sources */,
				5FBBF12011BCCB2E0008D709 /* jcphuff.c in Sources */,
				5FBBF12111BCCB2E0008D709 /* jcprepct.c in Sources */,
				5FBBF12211BCCB2E0008D709 /* jcsample.c in Sources */,
				5FBBF12311BCCB2E0008D709 /* jctrans.c in Sources */,
				5FBBF12411BCCB2E0008D709 /* jdapimin.c in Sources */,
				5FBBF12511BCCB2E0008D709 /* jdapistd.c in Sources */,
				5FBBF12611BCCB2E0008D709 /* jdatadst.c in Sources */,
				5FBBF12711BCCB2E0008D709 /* jdatasrc.c in Sources */,
				5FBBF12811BCCB2E0008D709 /* jdcoefct.c in Sources */,
				5FBBF12911BCCB2E0008D709 /* jdcolor.c in Sources */,
				5FBBF12B11BCCB2E0008D709 /* jddctmgr.c in Sources */,
				5FBBF12C11BCCB2E0008D709 /* jdhuff.c in Sources */,
				5FBBF12E11BCCB2E0008D709 /* jdinput.c in Sources */,
				5FBBF12F11BCCB2E0008D709 /* jdmainct.c in Sources */,
				5FBBF13011BCCB2E0008D709 /* jdmarker.c in Sources */,
				5FBBF13111BCCB2E0008D709 /* jdmaster.c in Sources */,
				5FBBF13211BCCB2E0008D709 /* jdmerge.c in Sources */,
				5FBBF13311BCCB2E0008D709 /* jdphuff.c in Sources */,
				5FBBF13411BCCB2E0008D709 /* jdpostct.c in Sources */,
				5FBBF13511BCCB2E0008D709 /* jdsample.c in Sources */,
				5FBBF13611BCCB2E0008D709 /* jdtrans.c in Sources */,
				5FBBF13711BCCB2E0008D709 /* jerror.c in Sources */,
				5FBBF13911BCCB2E0008D709 /* jfdctflt.c in Sources */,
				5FBBF13A11BCCB2E0008D709 /* jfdctfst.c in Sources */,
				5FBBF13B11BCCB2E0008D709 /* jfdctint.c in Sources */,
				5FBBF13C11BCCB2E0008D709 /* jidctflt.c in Sources */,
				5FBBF13D11BCCB2E0008D709 /* jidctfst.c in Sources */,
				5FBBF13E11BCCB2E0008D709 /* jidctint.c in Sources */,
				5FBBF13F11BCCB2E0008D709 /* jidctred.c in Sources */,
				5FBBF14111BCCB2E0008D709 /* jmemmgr.c in Sources */,
				5FBBF14211BCCB2E0008D709 /* jmemnobs.c in Sources */,
				5FBBF14711BCCB2E0008D709 /* jquant1.c in Sources */,
				5FBBF14811BCCB2E0008D709 /* jquant2.c in Sources */,
				5FBBF14911BCCB2E0008D709 /* jutils.c in Sources */,
				5FB56CA711C11B7F000E68A1 /* adler32.c in Sources */,
				5FB56CA811C11B7F000E68A1 /* compress.c in Sources */,
				5FB56CA911C11B7F000E68A1 /* crc32.c in Sources */,
				5FB56CAB11C11B7F000E68A1 /* deflate.c in Sources */,
				5FB56CAD11C11B7F000E68A1 /* gzio.c in Sources */,
				5FB56CAE11C11B7F000E68A1 /* infback.c in Sources */,
				5FB56CAF11C11B7F000E68A1 /* inffast.c in Sources */,
				5FB56CB211C11B7F000E68A1 /* inflate.c in Sources */,
				5FB56CB411C11B7F000E68A1 /* inftrees.c in Sources */,
				5FB56CB611C11B7F000E68A1 /* minigzip.c in Sources */,
				5FB56CB711C11B7F000E68A1 /* trees.c in Sources */,
				5FB56CB911C11B7F000E68A1 /* uncompr.c in Sources */,
				5FB56CBD11C11B7F000E68A1 /* zutil.c in Sources */,
			);
			runOnlyForDeploymentPostprocessing = 0;
		};
/* End PBXSourcesBuildPhase section */

/* Begin XCBuildConfiguration section */
		1DEB91EC08733DB70010E9CD /* Debug */ = {
			isa = XCBuildConfiguration;
			buildSettings = {
				ALWAYS_SEARCH_USER_PATHS = NO;
				COPY_PHASE_STRIP = NO;
				GCC_DYNAMIC_NO_PIC = NO;
				GCC_ENABLE_FIX_AND_CONTINUE = YES;
				GCC_MODEL_TUNING = G5;
				GCC_OPTIMIZATION_LEVEL = 0;
				INSTALL_PATH = /usr/local/lib;
				PRODUCT_NAME = ImageLib;
			};
			name = Debug;
		};
		1DEB91ED08733DB70010E9CD /* Release */ = {
			isa = XCBuildConfiguration;
			buildSettings = {
				ALWAYS_SEARCH_USER_PATHS = NO;
				DEBUG_INFORMATION_FORMAT = "dwarf-with-dsym";
				GCC_MODEL_TUNING = G5;
				INSTALL_PATH = /usr/local/lib;
				PRODUCT_NAME = ImageLib;
			};
			name = Release;
		};
		1DEB91F008733DB70010E9CD /* Debug */ = {
			isa = XCBuildConfiguration;
			buildSettings = {
				ARCHS = "$(ARCHS_STANDARD_32_BIT)";
				GCC_C_LANGUAGE_STANDARD = c99;
				GCC_INLINES_ARE_PRIVATE_EXTERN = YES;
				GCC_OPTIMIZATION_LEVEL = 0;
				GCC_PREPROCESSOR_DEFINITIONS = _IPHONE;
				GCC_WARN_ABOUT_RETURN_TYPE = YES;
				GCC_WARN_UNUSED_VARIABLE = YES;
				ONLY_ACTIVE_ARCH = YES;
				PREBINDING = NO;
				SDKROOT = iphoneos4.0;
			};
			name = Debug;
		};
		1DEB91F108733DB70010E9CD /* Release */ = {
			isa = XCBuildConfiguration;
			buildSettings = {
				ARCHS = "$(ARCHS_STANDARD_32_BIT)";
				GCC_C_LANGUAGE_STANDARD = c99;
				GCC_INLINES_ARE_PRIVATE_EXTERN = YES;
				GCC_PREPROCESSOR_DEFINITIONS = _IPHONE;
				GCC_WARN_ABOUT_RETURN_TYPE = YES;
				GCC_WARN_UNUSED_VARIABLE = YES;
				PREBINDING = NO;
				SDKROOT = iphoneos4.0;
			};
			name = Release;
		};
/* End XCBuildConfiguration section */

/* Begin XCConfigurationList section */
		1DEB91EB08733DB70010E9CD /* Build configuration list for PBXNativeTarget "ImageLib" */ = {
			isa = XCConfigurationList;
			buildConfigurations = (
				1DEB91EC08733DB70010E9CD /* Debug */,
				1DEB91ED08733DB70010E9CD /* Release */,
			);
			defaultConfigurationIsVisible = 0;
			defaultConfigurationName = Release;
		};
		1DEB91EF08733DB70010E9CD /* Build configuration list for PBXProject "ImageLib" */ = {
			isa = XCConfigurationList;
			buildConfigurations = (
				1DEB91F008733DB70010E9CD /* Debug */,
				1DEB91F108733DB70010E9CD /* Release */,
			);
			defaultConfigurationIsVisible = 0;
			defaultConfigurationName = Release;
		};
/* End XCConfigurationList section */
	};
	rootObject = 08FB7793FE84155DC02AAC07 /* Project object */;
}
