
Microsoft Visual Studio Solution File, Format Version 9.00
# Visual Studio 2005
Project("{8BC9CEB8-8B4A-11D0-8D11-00A0C91BC942}") = "MDWMA", "MDWMA.vcproj", "{E7EB0B47-4811-4211-9046-40CD6225C794}"
	ProjectSection(ProjectDependencies) = postProject
		{CEF9924B-FD3B-4FCE-B54B-68EC523B5D29} = {CEF9924B-FD3B-4FCE-B54B-68EC523B5D29}
	EndProjectSection
EndProject
Project("{8BC9CEB8-8B4A-11D0-8D11-00A0C91BC942}") = "base", "..\..\base\base.vcproj", "{CEF9924B-FD3B-4FCE-B54B-68EC523B5D29}"
EndProject
Global
	GlobalSection(SolutionConfigurationPlatforms) = preSolution
		Debug|Win32 = Debug|Win32
		Release|Win32 = Release|Win32
		Unicode Debug|Win32 = Unicode Debug|Win32
		Unicode Release|Win32 = Unicode Release|Win32
	EndGlobalSection
	GlobalSection(ProjectConfigurationPlatforms) = postSolution
		{E7EB0B47-4811-4211-9046-40CD6225C794}.Debug|Win32.ActiveCfg = Debug|Win32
		{E7EB0B47-4811-4211-9046-40CD6225C794}.Debug|Win32.Build.0 = Debug|Win32
		{E7EB0B47-4811-4211-9046-40CD6225C794}.Release|Win32.ActiveCfg = Release|Win32
		{E7EB0B47-4811-4211-9046-40CD6225C794}.Release|Win32.Build.0 = Release|Win32
		{E7EB0B47-4811-4211-9046-40CD6225C794}.Unicode Debug|Win32.ActiveCfg = Debug|Win32
		{E7EB0B47-4811-4211-9046-40CD6225C794}.Unicode Debug|Win32.Build.0 = Debug|Win32
		{E7EB0B47-4811-4211-9046-40CD6225C794}.Unicode Release|Win32.ActiveCfg = Release|Win32
		{E7EB0B47-4811-4211-9046-40CD6225C794}.Unicode Release|Win32.Build.0 = Release|Win32
		{CEF9924B-FD3B-4FCE-B54B-68EC523B5D29}.Debug|Win32.ActiveCfg = Debug|Win32
		{CEF9924B-FD3B-4FCE-B54B-68EC523B5D29}.Debug|Win32.Build.0 = Debug|Win32
		{CEF9924B-FD3B-4FCE-B54B-68EC523B5D29}.Release|Win32.ActiveCfg = Release|Win32
		{CEF9924B-FD3B-4FCE-B54B-68EC523B5D29}.Release|Win32.Build.0 = Release|Win32
		{CEF9924B-FD3B-4FCE-B54B-68EC523B5D29}.Unicode Debug|Win32.ActiveCfg = Unicode Debug|Win32
		{CEF9924B-FD3B-4FCE-B54B-68EC523B5D29}.Unicode Debug|Win32.Build.0 = Unicode Debug|Win32
		{CEF9924B-FD3B-4FCE-B54B-68EC523B5D29}.Unicode Release|Win32.ActiveCfg = Unicode Release|Win32
		{CEF9924B-FD3B-4FCE-B54B-68EC523B5D29}.Unicode Release|Win32.Build.0 = Unicode Release|Win32
	EndGlobalSection
	GlobalSection(SolutionProperties) = preSolution
		HideSolutionNode = FALSE
	EndGlobalSection
EndGlobal
